// !$*UTF8*$!
{
	archiveVersion = 1;
	classes = {
	};
	objectVersion = 46;
	objects = {

/* Begin PBXBuildFile section */
		0715B915189ED3ED00B3EBD9 /* opensslconf.h in Headers */ = {isa = PBXBuildFile; fileRef = 0715B913189ED3ED00B3EBD9 /* opensslconf.h */; };
		07E7E702190B46A40082F182 /* ios_afxabort.cpp in Sources */ = {isa = PBXBuildFile; fileRef = 07E7E6C6190B46A40082F182 /* ios_afxabort.cpp */; };
		07E7E703190B46A40082F182 /* ios_afxImpl.h in Headers */ = {isa = PBXBuildFile; fileRef = 07E7E6C7190B46A40082F182 /* ios_afxImpl.h */; };
		07E7E704190B46A40082F182 /* ios_afxmem.cpp in Sources */ = {isa = PBXBuildFile; fileRef = 07E7E6C8190B46A40082F182 /* ios_afxmem.cpp */; };
		07E7E705190B46A40082F182 /* ios_afxstate.cpp in Sources */ = {isa = PBXBuildFile; fileRef = 07E7E6C9190B46A40082F182 /* ios_afxstate.cpp */; };
		07E7E706190B46A40082F182 /* ios_appcore.cpp in Sources */ = {isa = PBXBuildFile; fileRef = 07E7E6CA190B46A40082F182 /* ios_appcore.cpp */; };
		07E7E707190B46A40082F182 /* ios_application.cpp in Sources */ = {isa = PBXBuildFile; fileRef = 07E7E6CB190B46A40082F182 /* ios_application.cpp */; };
		07E7E708190B46A40082F182 /* ios_application.h in Headers */ = {isa = PBXBuildFile; fileRef = 07E7E6CC190B46A40082F182 /* ios_application.h */; };
		07E7E709190B46A40082F182 /* ios_appmodul.cpp in Sources */ = {isa = PBXBuildFile; fileRef = 07E7E6CD190B46A40082F182 /* ios_appmodul.cpp */; };
		07E7E70A190B46A40082F182 /* ios_appterm.cpp in Sources */ = {isa = PBXBuildFile; fileRef = 07E7E6CE190B46A40082F182 /* ios_appterm.cpp */; };
		07E7E70B190B46A40082F182 /* ios_copydesk.cpp in Sources */ = {isa = PBXBuildFile; fileRef = 07E7E6CF190B46A40082F182 /* ios_copydesk.cpp */; };
		07E7E70C190B46A40082F182 /* ios_copydesk.h in Headers */ = {isa = PBXBuildFile; fileRef = 07E7E6D0190B46A40082F182 /* ios_copydesk.h */; };
		07E7E70D190B46A40082F182 /* ios_crypto.cpp in Sources */ = {isa = PBXBuildFile; fileRef = 07E7E6D1190B46A40082F182 /* ios_crypto.cpp */; };
		07E7E70E190B46A40082F182 /* ios_crypto.h in Headers */ = {isa = PBXBuildFile; fileRef = 07E7E6D2190B46A40082F182 /* ios_crypto.h */; };
		07E7E70F190B46A40082F182 /* ios_dir.cpp in Sources */ = {isa = PBXBuildFile; fileRef = 07E7E6D3190B46A40082F182 /* ios_dir.cpp */; };
		07E7E710190B46A40082F182 /* ios_dir.h in Headers */ = {isa = PBXBuildFile; fileRef = 07E7E6D4190B46A40082F182 /* ios_dir.h */; };
		07E7E711190B46A40082F182 /* ios_dumpinit.cpp in Sources */ = {isa = PBXBuildFile; fileRef = 07E7E6D5190B46A40082F182 /* ios_dumpinit.cpp */; };
		07E7E712190B46A40082F182 /* ios_error.cpp in Sources */ = {isa = PBXBuildFile; fileRef = 07E7E6D6190B46A40082F182 /* ios_error.cpp */; };
		07E7E713190B46A40082F182 /* ios_exception.cpp in Sources */ = {isa = PBXBuildFile; fileRef = 07E7E6D7190B46A40082F182 /* ios_exception.cpp */; };
		07E7E714190B46A40082F182 /* ios_factory_exchange.cpp in Sources */ = {isa = PBXBuildFile; fileRef = 07E7E6D8190B46A40082F182 /* ios_factory_exchange.cpp */; };
		07E7E715190B46A40082F182 /* ios_factory_exchange.h in Headers */ = {isa = PBXBuildFile; fileRef = 07E7E6D9190B46A40082F182 /* ios_factory_exchange.h */; };
		07E7E716190B46A40082F182 /* ios_file_set.cpp in Sources */ = {isa = PBXBuildFile; fileRef = 07E7E6DA190B46A40082F182 /* ios_file_set.cpp */; };
		07E7E717190B46A40082F182 /* ios_file_set.h in Headers */ = {isa = PBXBuildFile; fileRef = 07E7E6DB190B46A40082F182 /* ios_file_set.h */; };
		07E7E718190B46A40082F182 /* ios_file_system.cpp in Sources */ = {isa = PBXBuildFile; fileRef = 07E7E6DC190B46A40082F182 /* ios_file_system.cpp */; };
		07E7E719190B46A40082F182 /* ios_file_system.h in Headers */ = {isa = PBXBuildFile; fileRef = 07E7E6DD190B46A40082F182 /* ios_file_system.h */; };
		07E7E71A190B46A40082F182 /* ios_file.cpp in Sources */ = {isa = PBXBuildFile; fileRef = 07E7E6DE190B46A40082F182 /* ios_file.cpp */; };
		07E7E71B190B46A40082F182 /* ios_file.h in Headers */ = {isa = PBXBuildFile; fileRef = 07E7E6DF190B46A40082F182 /* ios_file.h */; };
		07E7E71C190B46A40082F182 /* ios_gen_1.h in Headers */ = {isa = PBXBuildFile; fileRef = 07E7E6E0190B46A40082F182 /* ios_gen_1.h */; };
		07E7E71D190B46A40082F182 /* ios_genResource.cpp in Sources */ = {isa = PBXBuildFile; fileRef = 07E7E6E1190B46A40082F182 /* ios_genResource.cpp */; };
		07E7E71E190B46A40082F182 /* ios_implementation.h in Headers */ = {isa = PBXBuildFile; fileRef = 07E7E6E2190B46A40082F182 /* ios_implementation.h */; };
		07E7E71F190B46A40082F182 /* ios_internal.h in Headers */ = {isa = PBXBuildFile; fileRef = 07E7E6E3190B46A40082F182 /* ios_internal.h */; };
		07E7E720190B46A40082F182 /* ios_ip_enum.cpp in Sources */ = {isa = PBXBuildFile; fileRef = 07E7E6E4190B46A40082F182 /* ios_ip_enum.cpp */; };
		07E7E721190B46A40082F182 /* ios_ip_enum.h in Headers */ = {isa = PBXBuildFile; fileRef = 07E7E6E5190B46A40082F182 /* ios_ip_enum.h */; };
		07E7E722190B46A40082F182 /* ios_main.cpp in Sources */ = {isa = PBXBuildFile; fileRef = 07E7E6E6190B46A40082F182 /* ios_main.cpp */; };
		07E7E723190B46A40082F182 /* ios_mm.h in Headers */ = {isa = PBXBuildFile; fileRef = 07E7E6E7190B46A40082F182 /* ios_mm.h */; };
		07E7E724190B46A40082F182 /* ios_os.cpp in Sources */ = {isa = PBXBuildFile; fileRef = 07E7E6E8190B46A40082F182 /* ios_os.cpp */; };
		07E7E725190B46A40082F182 /* ios_os.h in Headers */ = {isa = PBXBuildFile; fileRef = 07E7E6E9190B46A40082F182 /* ios_os.h */; };
		07E7E726190B46A40082F182 /* ios_port_forward.cpp in Sources */ = {isa = PBXBuildFile; fileRef = 07E7E6EA190B46A40082F182 /* ios_port_forward.cpp */; };
		07E7E727190B46A40082F182 /* ios_port_forward.h in Headers */ = {isa = PBXBuildFile; fileRef = 07E7E6EB190B46A40082F182 /* ios_port_forward.h */; };
		07E7E728190B46A40082F182 /* ios_printer.cpp in Sources */ = {isa = PBXBuildFile; fileRef = 07E7E6EC190B46A40082F182 /* ios_printer.cpp */; };
		07E7E729190B46A40082F182 /* ios_printer.h in Headers */ = {isa = PBXBuildFile; fileRef = 07E7E6ED190B46A40082F182 /* ios_printer.h */; };
		07E7E72A190B46A40082F182 /* ios_shell.cpp in Sources */ = {isa = PBXBuildFile; fileRef = 07E7E6EE190B46A40082F182 /* ios_shell.cpp */; };
		07E7E72B190B46A40082F182 /* ios_shell.h in Headers */ = {isa = PBXBuildFile; fileRef = 07E7E6EF190B46A40082F182 /* ios_shell.h */; };
		07E7E72C190B46A40082F182 /* ios_state.h in Headers */ = {isa = PBXBuildFile; fileRef = 07E7E6F0190B46A40082F182 /* ios_state.h */; };
		07E7E72D190B46A40082F182 /* ios_stdio_file.cpp in Sources */ = {isa = PBXBuildFile; fileRef = 07E7E6F1190B46A40082F182 /* ios_stdio_file.cpp */; };
		07E7E72E190B46A40082F182 /* ios_stdio_file.h in Headers */ = {isa = PBXBuildFile; fileRef = 07E7E6F2190B46A40082F182 /* ios_stdio_file.h */; };
		07E7E72F190B46A40082F182 /* ios_thread_local_storage.cpp in Sources */ = {isa = PBXBuildFile; fileRef = 07E7E6F3190B46A40082F182 /* ios_thread_local_storage.cpp */; };
		07E7E730190B46A40082F182 /* ios_thread_slots.h in Headers */ = {isa = PBXBuildFile; fileRef = 07E7E6F4190B46A40082F182 /* ios_thread_slots.h */; };
		07E7E731190B46A40082F182 /* ios_thread.cpp in Sources */ = {isa = PBXBuildFile; fileRef = 07E7E6F5190B46A40082F182 /* ios_thread.cpp */; };
		07E7E732190B46A40082F182 /* ios_thread.h in Headers */ = {isa = PBXBuildFile; fileRef = 07E7E6F6190B46A40082F182 /* ios_thread.h */; };
		07E7E733190B46A40082F182 /* ios_trace.cpp in Sources */ = {isa = PBXBuildFile; fileRef = 07E7E6F7190B46A40082F182 /* ios_trace.cpp */; };
		07E7E734190B46A40082F182 /* ios_util.cpp in Sources */ = {isa = PBXBuildFile; fileRef = 07E7E6F8190B46A40082F182 /* ios_util.cpp */; };
		07E7E735190B46A40082F182 /* ios_window_draw.cpp in Sources */ = {isa = PBXBuildFile; fileRef = 07E7E6F9190B46A40082F182 /* ios_window_draw.cpp */; };
		07E7E736190B46A40082F182 /* ios_window_draw.h in Headers */ = {isa = PBXBuildFile; fileRef = 07E7E6FA190B46A40082F182 /* ios_window_draw.h */; };
		07E7E737190B46A40082F182 /* ios_window.cpp in Sources */ = {isa = PBXBuildFile; fileRef = 07E7E6FB190B46A40082F182 /* ios_window.cpp */; };
		07E7E738190B46A40082F182 /* ios_window.h in Headers */ = {isa = PBXBuildFile; fileRef = 07E7E6FC190B46A40082F182 /* ios_window.h */; };
		07E7E739190B46A40082F182 /* ios.cpp in Sources */ = {isa = PBXBuildFile; fileRef = 07E7E6FD190B46A40082F182 /* ios.cpp */; };
		07E7E73A190B46A40082F182 /* ios.h in Headers */ = {isa = PBXBuildFile; fileRef = 07E7E6FE190B46A40082F182 /* ios.h */; };
		07E7E73B190B46A40082F182 /* ios1.cpp in Sources */ = {isa = PBXBuildFile; fileRef = 07E7E6FF190B46A40082F182 /* ios1.cpp */; };
		07E7E73C190B46A40082F182 /* ios1.h in Headers */ = {isa = PBXBuildFile; fileRef = 07E7E700190B46A40082F182 /* ios1.h */; };
		07E7E73D190B46A40082F182 /* ios2.cpp in Sources */ = {isa = PBXBuildFile; fileRef = 07E7E701190B46A40082F182 /* ios2.cpp */; };
		9A1B496416A494A600875A94 /* framework.h in Headers */ = {isa = PBXBuildFile; fileRef = 9A1B496316A494A600875A94 /* framework.h */; };
		9A1B496716A4A10100875A94 /* framework.cpp in Sources */ = {isa = PBXBuildFile; fileRef = 9A1B496616A4A10100875A94 /* framework.cpp */; };
		9A8997BD177D0E7F00C7761E /* Carbon.framework in Frameworks */ = {isa = PBXBuildFile; fileRef = 9A8997BC177D0E7D00C7761E /* Carbon.framework */; };
		9AA1B44117634E520019E812 /* RoundWindow.h in Headers */ = {isa = PBXBuildFile; fileRef = 9AA1B3EA17634E520019E812 /* RoundWindow.h */; };
		9AA1B44217634E520019E812 /* RoundWindow.mm in Sources */ = {isa = PBXBuildFile; fileRef = 9AA1B3EB17634E520019E812 /* RoundWindow.mm */; };
		9AA1B44317634E520019E812 /* RoundWindowFrameView.h in Headers */ = {isa = PBXBuildFile; fileRef = 9AA1B3EC17634E520019E812 /* RoundWindowFrameView.h */; };
		9AA1B44417634E520019E812 /* RoundWindowFrameView.mm in Sources */ = {isa = PBXBuildFile; fileRef = 9AA1B3ED17634E520019E812 /* RoundWindowFrameView.mm */; };
		9AA1B447176355620019E812 /* round_window.mm in Sources */ = {isa = PBXBuildFile; fileRef = 9AA1B445176355610019E812 /* round_window.mm */; };
		9AA1B448176355620019E812 /* round_window.h in Headers */ = {isa = PBXBuildFile; fileRef = 9AA1B446176355610019E812 /* round_window.h */; };
		9AA1B44A176361950019E812 /* Cocoa.framework in Frameworks */ = {isa = PBXBuildFile; fileRef = 9AA1B449176361950019E812 /* Cocoa.framework */; };
		9AA6A2DE19073248000A1F4A /* libcore.dylib in Frameworks */ = {isa = PBXBuildFile; fileRef = 9AA6A2C7190722F7000A1F4A /* libcore.dylib */; };
		9AA6A2E01907327B000A1F4A /* libbase_ios.dylib in Frameworks */ = {isa = PBXBuildFile; fileRef = 9AA6A2DF1907327B000A1F4A /* libbase_ios.dylib */; };
		9AC444061770AA7C00DC2349 /* _c.h in Headers */ = {isa = PBXBuildFile; fileRef = 9AC444051770AA7C00DC2349 /* _c.h */; };
		9AC444081770AAB100DC2349 /* _ca.h in Headers */ = {isa = PBXBuildFile; fileRef = 9AC444071770AAB100DC2349 /* _ca.h */; };
		9AE24F9519059AA4001AEFFB /* Foundation.framework in Frameworks */ = {isa = PBXBuildFile; fileRef = 9AE24F9419059AA4001AEFFB /* Foundation.framework */; };
		9AE24FA319059AA4001AEFFB /* XCTest.framework in Frameworks */ = {isa = PBXBuildFile; fileRef = 9AE24FA219059AA4001AEFFB /* XCTest.framework */; };
		9AE24FA419059AA5001AEFFB /* Foundation.framework in Frameworks */ = {isa = PBXBuildFile; fileRef = 9AE24F9419059AA4001AEFFB /* Foundation.framework */; };
		9AE24FA619059AA5001AEFFB /* UIKit.framework in Frameworks */ = {isa = PBXBuildFile; fileRef = 9AE24FA519059AA5001AEFFB /* UIKit.framework */; };
		9AE24FA919059AA5001AEFFB /* libca2os.dylib in Frameworks */ = {isa = PBXBuildFile; fileRef = 9AE24F9219059AA4001AEFFB /* libca2os.dylib */; };
		9AE24FAF19059AA5001AEFFB /* InfoPlist.strings in Resources */ = {isa = PBXBuildFile; fileRef = 9AE24FAD19059AA5001AEFFB /* InfoPlist.strings */; };
		9AE24FB119059AA5001AEFFB /* ca2os_iosTests.m in Sources */ = {isa = PBXBuildFile; fileRef = 9AE24FB019059AA5001AEFFB /* ca2os_iosTests.m */; };
		A1CFD8F9154FB715007447E2 /* _.h in Headers */ = {isa = PBXBuildFile; fileRef = A1CFD87D154FB715007447E2 /* _.h */; };
		A1CFD8FA154FB715007447E2 /* bare_operational_system.h in Headers */ = {isa = PBXBuildFile; fileRef = A1CFD87E154FB715007447E2 /* bare_operational_system.h */; };
		A1CFD8FB154FB715007447E2 /* ca2.h in Headers */ = {isa = PBXBuildFile; fileRef = A1CFD87F154FB715007447E2 /* ca2.h */; };
		A1CFD8FC154FB715007447E2 /* base_tsd.h in Headers */ = {isa = PBXBuildFile; fileRef = A1CFD882154FB715007447E2 /* base_tsd.h */; };
		A1CFD8FD154FB715007447E2 /* win.h in Headers */ = {isa = PBXBuildFile; fileRef = A1CFD883154FB715007447E2 /* win.h */; };
		A1CFD8FE154FB715007447E2 /* win_base.h in Headers */ = {isa = PBXBuildFile; fileRef = A1CFD884154FB715007447E2 /* win_base.h */; };
		A1CFD8FF154FB715007447E2 /* win_crtdefs.h in Headers */ = {isa = PBXBuildFile; fileRef = A1CFD885154FB715007447E2 /* win_crtdefs.h */; };
		A1CFD900154FB715007447E2 /* win_def.h in Headers */ = {isa = PBXBuildFile; fileRef = A1CFD886154FB715007447E2 /* win_def.h */; };
		A1CFD901154FB715007447E2 /* win_errno.h in Headers */ = {isa = PBXBuildFile; fileRef = A1CFD887154FB715007447E2 /* win_errno.h */; };
		A1CFD902154FB715007447E2 /* win_error.h in Headers */ = {isa = PBXBuildFile; fileRef = A1CFD888154FB715007447E2 /* win_error.h */; };
		A1CFD903154FB715007447E2 /* win_file.h in Headers */ = {isa = PBXBuildFile; fileRef = A1CFD889154FB715007447E2 /* win_file.h */; };
		A1CFD904154FB715007447E2 /* win_gdi.h in Headers */ = {isa = PBXBuildFile; fileRef = A1CFD88A154FB715007447E2 /* win_gdi.h */; };
		A1CFD905154FB715007447E2 /* win_nls.h in Headers */ = {isa = PBXBuildFile; fileRef = A1CFD88B154FB715007447E2 /* win_nls.h */; };
		A1CFD906154FB715007447E2 /* win_nt.h in Headers */ = {isa = PBXBuildFile; fileRef = A1CFD88C154FB715007447E2 /* win_nt.h */; };
		A1CFD907154FB715007447E2 /* win_user.h in Headers */ = {isa = PBXBuildFile; fileRef = A1CFD88D154FB715007447E2 /* win_user.h */; };
		A1CFD908154FB715007447E2 /* get_platform.h in Headers */ = {isa = PBXBuildFile; fileRef = A1CFD88E154FB715007447E2 /* get_platform.h */; };
		A1CFD909154FB715007447E2 /* macos_system.h in Headers */ = {isa = PBXBuildFile; fileRef = A1CFD88F154FB715007447E2 /* macos_system.h */; };
		A1CFD90A154FB715007447E2 /* operational_system.h in Headers */ = {isa = PBXBuildFile; fileRef = A1CFD890154FB715007447E2 /* operational_system.h */; };
		A1CFD90B154FB715007447E2 /* version.h in Headers */ = {isa = PBXBuildFile; fileRef = A1CFD891154FB715007447E2 /* version.h */; };
		A1CFD90C154FB715007447E2 /* version_configuration.h in Headers */ = {isa = PBXBuildFile; fileRef = A1CFD892154FB715007447E2 /* version_configuration.h */; };
		A1CFD90D154FB715007447E2 /* version_cpu.h in Headers */ = {isa = PBXBuildFile; fileRef = A1CFD893154FB715007447E2 /* version_cpu.h */; };
		A1CFD90E154FB715007447E2 /* version_dylib.h in Headers */ = {isa = PBXBuildFile; fileRef = A1CFD894154FB715007447E2 /* version_dylib.h */; };
		A1CFD90F154FB715007447E2 /* version_macos.h in Headers */ = {isa = PBXBuildFile; fileRef = A1CFD895154FB715007447E2 /* version_macos.h */; };
/* End PBXBuildFile section */

/* Begin PBXContainerItemProxy section */
		9AA6A2C4190722F7000A1F4A /* PBXContainerItemProxy */ = {
			isa = PBXContainerItemProxy;
			containerPortal = 9AA6A2BE190722F7000A1F4A /* core.xcodeproj */;
			proxyType = 2;
			remoteGlobalIDString = 9A8916841751D72100E531ED;
			remoteInfo = core;
		};
		9AA6A2C6190722F7000A1F4A /* PBXContainerItemProxy */ = {
			isa = PBXContainerItemProxy;
			containerPortal = 9AA6A2BE190722F7000A1F4A /* core.xcodeproj */;
			proxyType = 2;
			remoteGlobalIDString = 9AE24DDC1904CF6E001AEFFB;
			remoteInfo = core_ios;
		};
		9AA6A2C8190722F7000A1F4A /* PBXContainerItemProxy */ = {
			isa = PBXContainerItemProxy;
			containerPortal = 9AA6A2BE190722F7000A1F4A /* core.xcodeproj */;
			proxyType = 2;
			remoteGlobalIDString = 9AE24DEB1904CF6E001AEFFB;
			remoteInfo = core_iosTests;
		};
		9AA6A2CC19072311000A1F4A /* PBXContainerItemProxy */ = {
			isa = PBXContainerItemProxy;
			containerPortal = 9AA6A2BE190722F7000A1F4A /* core.xcodeproj */;
			proxyType = 1;
			remoteGlobalIDString = 9AE24DDB1904CF6E001AEFFB;
			remoteInfo = core_ios;
		};
		9AE24FA719059AA5001AEFFB /* PBXContainerItemProxy */ = {
			isa = PBXContainerItemProxy;
			containerPortal = A1CFD76F154F5EA7007447E2 /* Project object */;
			proxyType = 1;
			remoteGlobalIDString = 9AE24F9119059AA4001AEFFB;
			remoteInfo = ca2os_ios;
		};
/* End PBXContainerItemProxy section */

/* Begin PBXCopyFilesBuildPhase section */
		9AE24F9019059AA4001AEFFB /* CopyFiles */ = {
			isa = PBXCopyFilesBuildPhase;
			buildActionMask = 2147483647;
			dstPath = "include/$(PRODUCT_NAME)";
			dstSubfolderSpec = 16;
			files = (
			);
			runOnlyForDeploymentPostprocessing = 0;
		};
/* End PBXCopyFilesBuildPhase section */

/* Begin PBXFileReference section */
		0715B913189ED3ED00B3EBD9 /* opensslconf.h */ = {isa = PBXFileReference; fileEncoding = 4; lastKnownFileType = sourcecode.c.h; path = opensslconf.h; sourceTree = "<group>"; };
		07401ECC164632BB00F5D0F3 /* oswindow.h */ = {isa = PBXFileReference; lastKnownFileType = sourcecode.c.h; path = oswindow.h; sourceTree = "<group>"; };
		07926B551809949300968303 /* win_common_controls.h */ = {isa = PBXFileReference; lastKnownFileType = sourcecode.c.h; path = win_common_controls.h; sourceTree = "<group>"; };
		07BB57871809BC4000124367 /* mpg123_asm.h */ = {isa = PBXFileReference; lastKnownFileType = sourcecode.c.h; name = mpg123_asm.h; path = ../thirdparty/include/mpg123_asm.h; sourceTree = "<group>"; };
		07E7E6C6190B46A40082F182 /* ios_afxabort.cpp */ = {isa = PBXFileReference; fileEncoding = 4; lastKnownFileType = sourcecode.cpp.cpp; path = ios_afxabort.cpp; sourceTree = "<group>"; };
		07E7E6C7190B46A40082F182 /* ios_afxImpl.h */ = {isa = PBXFileReference; fileEncoding = 4; lastKnownFileType = sourcecode.c.h; path = ios_afxImpl.h; sourceTree = "<group>"; };
		07E7E6C8190B46A40082F182 /* ios_afxmem.cpp */ = {isa = PBXFileReference; fileEncoding = 4; lastKnownFileType = sourcecode.cpp.cpp; path = ios_afxmem.cpp; sourceTree = "<group>"; };
		07E7E6C9190B46A40082F182 /* ios_afxstate.cpp */ = {isa = PBXFileReference; fileEncoding = 4; lastKnownFileType = sourcecode.cpp.cpp; path = ios_afxstate.cpp; sourceTree = "<group>"; };
		07E7E6CA190B46A40082F182 /* ios_appcore.cpp */ = {isa = PBXFileReference; fileEncoding = 4; lastKnownFileType = sourcecode.cpp.cpp; path = ios_appcore.cpp; sourceTree = "<group>"; };
		07E7E6CB190B46A40082F182 /* ios_application.cpp */ = {isa = PBXFileReference; fileEncoding = 4; lastKnownFileType = sourcecode.cpp.cpp; path = ios_application.cpp; sourceTree = "<group>"; };
		07E7E6CC190B46A40082F182 /* ios_application.h */ = {isa = PBXFileReference; fileEncoding = 4; lastKnownFileType = sourcecode.c.h; path = ios_application.h; sourceTree = "<group>"; };
		07E7E6CD190B46A40082F182 /* ios_appmodul.cpp */ = {isa = PBXFileReference; fileEncoding = 4; lastKnownFileType = sourcecode.cpp.cpp; path = ios_appmodul.cpp; sourceTree = "<group>"; };
		07E7E6CE190B46A40082F182 /* ios_appterm.cpp */ = {isa = PBXFileReference; fileEncoding = 4; lastKnownFileType = sourcecode.cpp.cpp; path = ios_appterm.cpp; sourceTree = "<group>"; };
		07E7E6CF190B46A40082F182 /* ios_copydesk.cpp */ = {isa = PBXFileReference; fileEncoding = 4; lastKnownFileType = sourcecode.cpp.cpp; path = ios_copydesk.cpp; sourceTree = "<group>"; };
		07E7E6D0190B46A40082F182 /* ios_copydesk.h */ = {isa = PBXFileReference; fileEncoding = 4; lastKnownFileType = sourcecode.c.h; path = ios_copydesk.h; sourceTree = "<group>"; };
		07E7E6D1190B46A40082F182 /* ios_crypto.cpp */ = {isa = PBXFileReference; fileEncoding = 4; lastKnownFileType = sourcecode.cpp.cpp; path = ios_crypto.cpp; sourceTree = "<group>"; };
		07E7E6D2190B46A40082F182 /* ios_crypto.h */ = {isa = PBXFileReference; fileEncoding = 4; lastKnownFileType = sourcecode.c.h; path = ios_crypto.h; sourceTree = "<group>"; };
		07E7E6D3190B46A40082F182 /* ios_dir.cpp */ = {isa = PBXFileReference; fileEncoding = 4; lastKnownFileType = sourcecode.cpp.cpp; path = ios_dir.cpp; sourceTree = "<group>"; };
		07E7E6D4190B46A40082F182 /* ios_dir.h */ = {isa = PBXFileReference; fileEncoding = 4; lastKnownFileType = sourcecode.c.h; path = ios_dir.h; sourceTree = "<group>"; };
		07E7E6D5190B46A40082F182 /* ios_dumpinit.cpp */ = {isa = PBXFileReference; fileEncoding = 4; lastKnownFileType = sourcecode.cpp.cpp; path = ios_dumpinit.cpp; sourceTree = "<group>"; };
		07E7E6D6190B46A40082F182 /* ios_error.cpp */ = {isa = PBXFileReference; fileEncoding = 4; lastKnownFileType = sourcecode.cpp.cpp; path = ios_error.cpp; sourceTree = "<group>"; };
		07E7E6D7190B46A40082F182 /* ios_exception.cpp */ = {isa = PBXFileReference; fileEncoding = 4; lastKnownFileType = sourcecode.cpp.cpp; path = ios_exception.cpp; sourceTree = "<group>"; };
		07E7E6D8190B46A40082F182 /* ios_factory_exchange.cpp */ = {isa = PBXFileReference; fileEncoding = 4; lastKnownFileType = sourcecode.cpp.cpp; path = ios_factory_exchange.cpp; sourceTree = "<group>"; };
		07E7E6D9190B46A40082F182 /* ios_factory_exchange.h */ = {isa = PBXFileReference; fileEncoding = 4; lastKnownFileType = sourcecode.c.h; path = ios_factory_exchange.h; sourceTree = "<group>"; };
		07E7E6DA190B46A40082F182 /* ios_file_set.cpp */ = {isa = PBXFileReference; fileEncoding = 4; lastKnownFileType = sourcecode.cpp.cpp; path = ios_file_set.cpp; sourceTree = "<group>"; };
		07E7E6DB190B46A40082F182 /* ios_file_set.h */ = {isa = PBXFileReference; fileEncoding = 4; lastKnownFileType = sourcecode.c.h; path = ios_file_set.h; sourceTree = "<group>"; };
		07E7E6DC190B46A40082F182 /* ios_file_system.cpp */ = {isa = PBXFileReference; fileEncoding = 4; lastKnownFileType = sourcecode.cpp.cpp; path = ios_file_system.cpp; sourceTree = "<group>"; };
		07E7E6DD190B46A40082F182 /* ios_file_system.h */ = {isa = PBXFileReference; fileEncoding = 4; lastKnownFileType = sourcecode.c.h; path = ios_file_system.h; sourceTree = "<group>"; };
		07E7E6DE190B46A40082F182 /* ios_file.cpp */ = {isa = PBXFileReference; fileEncoding = 4; lastKnownFileType = sourcecode.cpp.cpp; path = ios_file.cpp; sourceTree = "<group>"; };
		07E7E6DF190B46A40082F182 /* ios_file.h */ = {isa = PBXFileReference; fileEncoding = 4; lastKnownFileType = sourcecode.c.h; path = ios_file.h; sourceTree = "<group>"; };
		07E7E6E0190B46A40082F182 /* ios_gen_1.h */ = {isa = PBXFileReference; fileEncoding = 4; lastKnownFileType = sourcecode.c.h; path = ios_gen_1.h; sourceTree = "<group>"; };
		07E7E6E1190B46A40082F182 /* ios_genResource.cpp */ = {isa = PBXFileReference; fileEncoding = 4; lastKnownFileType = sourcecode.cpp.cpp; path = ios_genResource.cpp; sourceTree = "<group>"; };
		07E7E6E2190B46A40082F182 /* ios_implementation.h */ = {isa = PBXFileReference; fileEncoding = 4; lastKnownFileType = sourcecode.c.h; path = ios_implementation.h; sourceTree = "<group>"; };
		07E7E6E3190B46A40082F182 /* ios_internal.h */ = {isa = PBXFileReference; fileEncoding = 4; lastKnownFileType = sourcecode.c.h; path = ios_internal.h; sourceTree = "<group>"; };
		07E7E6E4190B46A40082F182 /* ios_ip_enum.cpp */ = {isa = PBXFileReference; fileEncoding = 4; lastKnownFileType = sourcecode.cpp.cpp; path = ios_ip_enum.cpp; sourceTree = "<group>"; };
		07E7E6E5190B46A40082F182 /* ios_ip_enum.h */ = {isa = PBXFileReference; fileEncoding = 4; lastKnownFileType = sourcecode.c.h; path = ios_ip_enum.h; sourceTree = "<group>"; };
		07E7E6E6190B46A40082F182 /* ios_main.cpp */ = {isa = PBXFileReference; fileEncoding = 4; lastKnownFileType = sourcecode.cpp.cpp; path = ios_main.cpp; sourceTree = "<group>"; };
		07E7E6E7190B46A40082F182 /* ios_mm.h */ = {isa = PBXFileReference; fileEncoding = 4; lastKnownFileType = sourcecode.c.h; path = ios_mm.h; sourceTree = "<group>"; };
		07E7E6E8190B46A40082F182 /* ios_os.cpp */ = {isa = PBXFileReference; fileEncoding = 4; lastKnownFileType = sourcecode.cpp.cpp; path = ios_os.cpp; sourceTree = "<group>"; };
		07E7E6E9190B46A40082F182 /* ios_os.h */ = {isa = PBXFileReference; fileEncoding = 4; lastKnownFileType = sourcecode.c.h; path = ios_os.h; sourceTree = "<group>"; };
		07E7E6EA190B46A40082F182 /* ios_port_forward.cpp */ = {isa = PBXFileReference; fileEncoding = 4; lastKnownFileType = sourcecode.cpp.cpp; path = ios_port_forward.cpp; sourceTree = "<group>"; };
		07E7E6EB190B46A40082F182 /* ios_port_forward.h */ = {isa = PBXFileReference; fileEncoding = 4; lastKnownFileType = sourcecode.c.h; path = ios_port_forward.h; sourceTree = "<group>"; };
		07E7E6EC190B46A40082F182 /* ios_printer.cpp */ = {isa = PBXFileReference; fileEncoding = 4; lastKnownFileType = sourcecode.cpp.cpp; path = ios_printer.cpp; sourceTree = "<group>"; };
		07E7E6ED190B46A40082F182 /* ios_printer.h */ = {isa = PBXFileReference; fileEncoding = 4; lastKnownFileType = sourcecode.c.h; path = ios_printer.h; sourceTree = "<group>"; };
		07E7E6EE190B46A40082F182 /* ios_shell.cpp */ = {isa = PBXFileReference; fileEncoding = 4; lastKnownFileType = sourcecode.cpp.cpp; path = ios_shell.cpp; sourceTree = "<group>"; };
		07E7E6EF190B46A40082F182 /* ios_shell.h */ = {isa = PBXFileReference; fileEncoding = 4; lastKnownFileType = sourcecode.c.h; path = ios_shell.h; sourceTree = "<group>"; };
		07E7E6F0190B46A40082F182 /* ios_state.h */ = {isa = PBXFileReference; fileEncoding = 4; lastKnownFileType = sourcecode.c.h; path = ios_state.h; sourceTree = "<group>"; };
		07E7E6F1190B46A40082F182 /* ios_stdio_file.cpp */ = {isa = PBXFileReference; fileEncoding = 4; lastKnownFileType = sourcecode.cpp.cpp; path = ios_stdio_file.cpp; sourceTree = "<group>"; };
		07E7E6F2190B46A40082F182 /* ios_stdio_file.h */ = {isa = PBXFileReference; fileEncoding = 4; lastKnownFileType = sourcecode.c.h; path = ios_stdio_file.h; sourceTree = "<group>"; };
		07E7E6F3190B46A40082F182 /* ios_thread_local_storage.cpp */ = {isa = PBXFileReference; fileEncoding = 4; lastKnownFileType = sourcecode.cpp.cpp; path = ios_thread_local_storage.cpp; sourceTree = "<group>"; };
		07E7E6F4190B46A40082F182 /* ios_thread_slots.h */ = {isa = PBXFileReference; fileEncoding = 4; lastKnownFileType = sourcecode.c.h; path = ios_thread_slots.h; sourceTree = "<group>"; };
		07E7E6F5190B46A40082F182 /* ios_thread.cpp */ = {isa = PBXFileReference; fileEncoding = 4; lastKnownFileType = sourcecode.cpp.cpp; path = ios_thread.cpp; sourceTree = "<group>"; };
		07E7E6F6190B46A40082F182 /* ios_thread.h */ = {isa = PBXFileReference; fileEncoding = 4; lastKnownFileType = sourcecode.c.h; path = ios_thread.h; sourceTree = "<group>"; };
		07E7E6F7190B46A40082F182 /* ios_trace.cpp */ = {isa = PBXFileReference; fileEncoding = 4; lastKnownFileType = sourcecode.cpp.cpp; path = ios_trace.cpp; sourceTree = "<group>"; };
		07E7E6F8190B46A40082F182 /* ios_util.cpp */ = {isa = PBXFileReference; fileEncoding = 4; lastKnownFileType = sourcecode.cpp.cpp; path = ios_util.cpp; sourceTree = "<group>"; };
		07E7E6F9190B46A40082F182 /* ios_window_draw.cpp */ = {isa = PBXFileReference; fileEncoding = 4; lastKnownFileType = sourcecode.cpp.cpp; path = ios_window_draw.cpp; sourceTree = "<group>"; };
		07E7E6FA190B46A40082F182 /* ios_window_draw.h */ = {isa = PBXFileReference; fileEncoding = 4; lastKnownFileType = sourcecode.c.h; path = ios_window_draw.h; sourceTree = "<group>"; };
		07E7E6FB190B46A40082F182 /* ios_window.cpp */ = {isa = PBXFileReference; fileEncoding = 4; lastKnownFileType = sourcecode.cpp.cpp; path = ios_window.cpp; sourceTree = "<group>"; };
		07E7E6FC190B46A40082F182 /* ios_window.h */ = {isa = PBXFileReference; fileEncoding = 4; lastKnownFileType = sourcecode.c.h; path = ios_window.h; sourceTree = "<group>"; };
		07E7E6FD190B46A40082F182 /* ios.cpp */ = {isa = PBXFileReference; fileEncoding = 4; lastKnownFileType = sourcecode.cpp.cpp; path = ios.cpp; sourceTree = "<group>"; };
		07E7E6FE190B46A40082F182 /* ios.h */ = {isa = PBXFileReference; fileEncoding = 4; lastKnownFileType = sourcecode.c.h; path = ios.h; sourceTree = "<group>"; };
		07E7E6FF190B46A40082F182 /* ios1.cpp */ = {isa = PBXFileReference; fileEncoding = 4; lastKnownFileType = sourcecode.cpp.cpp; path = ios1.cpp; sourceTree = "<group>"; };
		07E7E700190B46A40082F182 /* ios1.h */ = {isa = PBXFileReference; fileEncoding = 4; lastKnownFileType = sourcecode.c.h; path = ios1.h; sourceTree = "<group>"; };
		07E7E701190B46A40082F182 /* ios2.cpp */ = {isa = PBXFileReference; fileEncoding = 4; lastKnownFileType = sourcecode.cpp.cpp; path = ios2.cpp; sourceTree = "<group>"; };
		9A1B496316A494A600875A94 /* framework.h */ = {isa = PBXFileReference; fileEncoding = 4; lastKnownFileType = sourcecode.c.h; path = framework.h; sourceTree = "<group>"; };
		9A1B496616A4A10100875A94 /* framework.cpp */ = {isa = PBXFileReference; fileEncoding = 4; lastKnownFileType = sourcecode.cpp.cpp; path = framework.cpp; sourceTree = "<group>"; };
		9A8997BC177D0E7D00C7761E /* Carbon.framework */ = {isa = PBXFileReference; lastKnownFileType = wrapper.framework; name = Carbon.framework; path = System/Library/Frameworks/Carbon.framework; sourceTree = SDKROOT; };
		9AA1B3EA17634E520019E812 /* RoundWindow.h */ = {isa = PBXFileReference; fileEncoding = 4; lastKnownFileType = sourcecode.c.h; path = RoundWindow.h; sourceTree = "<group>"; };
		9AA1B3EB17634E520019E812 /* RoundWindow.mm */ = {isa = PBXFileReference; fileEncoding = 4; lastKnownFileType = sourcecode.cpp.objcpp; path = RoundWindow.mm; sourceTree = "<group>"; };
		9AA1B3EC17634E520019E812 /* RoundWindowFrameView.h */ = {isa = PBXFileReference; fileEncoding = 4; lastKnownFileType = sourcecode.c.h; path = RoundWindowFrameView.h; sourceTree = "<group>"; };
		9AA1B3ED17634E520019E812 /* RoundWindowFrameView.mm */ = {isa = PBXFileReference; fileEncoding = 4; lastKnownFileType = sourcecode.cpp.objcpp; path = RoundWindowFrameView.mm; sourceTree = "<group>"; };
		9AA1B445176355610019E812 /* round_window.mm */ = {isa = PBXFileReference; fileEncoding = 4; lastKnownFileType = sourcecode.cpp.objcpp; path = round_window.mm; sourceTree = "<group>"; };
		9AA1B446176355610019E812 /* round_window.h */ = {isa = PBXFileReference; fileEncoding = 4; lastKnownFileType = sourcecode.c.h; path = round_window.h; sourceTree = "<group>"; };
		9AA1B449176361950019E812 /* Cocoa.framework */ = {isa = PBXFileReference; lastKnownFileType = wrapper.framework; name = Cocoa.framework; path = System/Library/Frameworks/Cocoa.framework; sourceTree = SDKROOT; };
		9AA6A2BE190722F7000A1F4A /* core.xcodeproj */ = {isa = PBXFileReference; lastKnownFileType = "wrapper.pb-project"; name = core.xcodeproj; path = /ios/nodeapp/seed/metaseed/../../../app/appseed/core/core.xcodeproj; sourceTree = "<absolute>"; };
		9AA6A2DF1907327B000A1F4A /* libbase_ios.dylib */ = {isa = PBXFileReference; lastKnownFileType = "compiled.mach-o.dylib"; name = libbase_ios.dylib; path = "../../app/appseed/base/build/Debug-iphoneos/libbase_ios.dylib"; sourceTree = "<group>"; };
		9AC444051770AA7C00DC2349 /* _c.h */ = {isa = PBXFileReference; fileEncoding = 4; lastKnownFileType = sourcecode.c.h; path = _c.h; sourceTree = "<group>"; };
		9AC444071770AAB100DC2349 /* _ca.h */ = {isa = PBXFileReference; fileEncoding = 4; lastKnownFileType = sourcecode.c.h; path = _ca.h; sourceTree = "<group>"; };
		9AE24F9219059AA4001AEFFB /* libca2os.dylib */ = {isa = PBXFileReference; explicitFileType = archive.ar; includeInIndex = 0; path = libca2os.dylib; sourceTree = BUILT_PRODUCTS_DIR; };
		9AE24F9419059AA4001AEFFB /* Foundation.framework */ = {isa = PBXFileReference; lastKnownFileType = wrapper.framework; name = Foundation.framework; path = System/Library/Frameworks/Foundation.framework; sourceTree = SDKROOT; };
		9AE24FA119059AA4001AEFFB /* ca2os_iosTests.xctest */ = {isa = PBXFileReference; explicitFileType = wrapper.cfbundle; includeInIndex = 0; path = ca2os_iosTests.xctest; sourceTree = BUILT_PRODUCTS_DIR; };
		9AE24FA219059AA4001AEFFB /* XCTest.framework */ = {isa = PBXFileReference; lastKnownFileType = wrapper.framework; name = XCTest.framework; path = Library/Frameworks/XCTest.framework; sourceTree = DEVELOPER_DIR; };
		9AE24FA519059AA5001AEFFB /* UIKit.framework */ = {isa = PBXFileReference; lastKnownFileType = wrapper.framework; name = UIKit.framework; path = Library/Frameworks/UIKit.framework; sourceTree = DEVELOPER_DIR; };
		9AE24FAC19059AA5001AEFFB /* ca2os_iosTests-Info.plist */ = {isa = PBXFileReference; lastKnownFileType = text.plist.xml; path = "ca2os_iosTests-Info.plist"; sourceTree = "<group>"; };
		9AE24FAE19059AA5001AEFFB /* en */ = {isa = PBXFileReference; lastKnownFileType = text.plist.strings; name = en; path = en.lproj/InfoPlist.strings; sourceTree = "<group>"; };
		9AE24FB019059AA5001AEFFB /* ca2os_iosTests.m */ = {isa = PBXFileReference; lastKnownFileType = sourcecode.c.objc; path = ca2os_iosTests.m; sourceTree = "<group>"; };
		9AE725FE17E83C65003E47F9 /* config.h */ = {isa = PBXFileReference; lastKnownFileType = sourcecode.c.h; path = config.h; sourceTree = "<group>"; };
		A1CFD778154F5EAA007447E2 /* libca2os.dylib */ = {isa = PBXFileReference; explicitFileType = "compiled.mach-o.dylib"; includeInIndex = 0; path = libca2os.dylib; sourceTree = BUILT_PRODUCTS_DIR; };
		A1CFD87D154FB715007447E2 /* _.h */ = {isa = PBXFileReference; fileEncoding = 4; lastKnownFileType = sourcecode.c.h; path = _.h; sourceTree = "<group>"; };
		A1CFD87E154FB715007447E2 /* bare_operational_system.h */ = {isa = PBXFileReference; fileEncoding = 4; lastKnownFileType = sourcecode.c.h; path = bare_operational_system.h; sourceTree = "<group>"; };
		A1CFD87F154FB715007447E2 /* ca2.h */ = {isa = PBXFileReference; fileEncoding = 4; lastKnownFileType = sourcecode.c.h; path = ca2.h; sourceTree = "<group>"; };
		A1CFD882154FB715007447E2 /* base_tsd.h */ = {isa = PBXFileReference; fileEncoding = 4; lastKnownFileType = sourcecode.c.h; path = base_tsd.h; sourceTree = "<group>"; };
		A1CFD883154FB715007447E2 /* win.h */ = {isa = PBXFileReference; fileEncoding = 4; lastKnownFileType = sourcecode.c.h; path = win.h; sourceTree = "<group>"; };
		A1CFD884154FB715007447E2 /* win_base.h */ = {isa = PBXFileReference; fileEncoding = 4; lastKnownFileType = sourcecode.c.h; path = win_base.h; sourceTree = "<group>"; };
		A1CFD885154FB715007447E2 /* win_crtdefs.h */ = {isa = PBXFileReference; fileEncoding = 4; lastKnownFileType = sourcecode.c.h; path = win_crtdefs.h; sourceTree = "<group>"; };
		A1CFD886154FB715007447E2 /* win_def.h */ = {isa = PBXFileReference; fileEncoding = 4; lastKnownFileType = sourcecode.c.h; path = win_def.h; sourceTree = "<group>"; };
		A1CFD887154FB715007447E2 /* win_errno.h */ = {isa = PBXFileReference; fileEncoding = 4; lastKnownFileType = sourcecode.c.h; path = win_errno.h; sourceTree = "<group>"; };
		A1CFD888154FB715007447E2 /* win_error.h */ = {isa = PBXFileReference; fileEncoding = 4; lastKnownFileType = sourcecode.c.h; path = win_error.h; sourceTree = "<group>"; };
		A1CFD889154FB715007447E2 /* win_file.h */ = {isa = PBXFileReference; fileEncoding = 4; lastKnownFileType = sourcecode.c.h; path = win_file.h; sourceTree = "<group>"; };
		A1CFD88A154FB715007447E2 /* win_gdi.h */ = {isa = PBXFileReference; fileEncoding = 4; lastKnownFileType = sourcecode.c.h; path = win_gdi.h; sourceTree = "<group>"; };
		A1CFD88B154FB715007447E2 /* win_nls.h */ = {isa = PBXFileReference; fileEncoding = 4; lastKnownFileType = sourcecode.c.h; path = win_nls.h; sourceTree = "<group>"; };
		A1CFD88C154FB715007447E2 /* win_nt.h */ = {isa = PBXFileReference; fileEncoding = 4; lastKnownFileType = sourcecode.c.h; path = win_nt.h; sourceTree = "<group>"; };
		A1CFD88D154FB715007447E2 /* win_user.h */ = {isa = PBXFileReference; fileEncoding = 4; lastKnownFileType = sourcecode.c.h; path = win_user.h; sourceTree = "<group>"; };
		A1CFD88E154FB715007447E2 /* get_platform.h */ = {isa = PBXFileReference; fileEncoding = 4; lastKnownFileType = sourcecode.c.h; path = get_platform.h; sourceTree = "<group>"; };
		A1CFD88F154FB715007447E2 /* macos_system.h */ = {isa = PBXFileReference; fileEncoding = 4; lastKnownFileType = sourcecode.c.h; path = macos_system.h; sourceTree = "<group>"; };
		A1CFD890154FB715007447E2 /* operational_system.h */ = {isa = PBXFileReference; fileEncoding = 4; lastKnownFileType = sourcecode.c.h; path = operational_system.h; sourceTree = "<group>"; };
		A1CFD891154FB715007447E2 /* version.h */ = {isa = PBXFileReference; fileEncoding = 4; lastKnownFileType = sourcecode.c.h; path = version.h; sourceTree = "<group>"; };
		A1CFD892154FB715007447E2 /* version_configuration.h */ = {isa = PBXFileReference; fileEncoding = 4; lastKnownFileType = sourcecode.c.h; path = version_configuration.h; sourceTree = "<group>"; };
		A1CFD893154FB715007447E2 /* version_cpu.h */ = {isa = PBXFileReference; fileEncoding = 4; lastKnownFileType = sourcecode.c.h; path = version_cpu.h; sourceTree = "<group>"; };
		A1CFD894154FB715007447E2 /* version_dylib.h */ = {isa = PBXFileReference; fileEncoding = 4; lastKnownFileType = sourcecode.c.h; path = version_dylib.h; sourceTree = "<group>"; };
		A1CFD895154FB715007447E2 /* version_macos.h */ = {isa = PBXFileReference; fileEncoding = 4; lastKnownFileType = sourcecode.c.h; path = version_macos.h; sourceTree = "<group>"; };
/* End PBXFileReference section */

/* Begin PBXFrameworksBuildPhase section */
		9AE24F8F19059AA4001AEFFB /* Frameworks */ = {
			isa = PBXFrameworksBuildPhase;
			buildActionMask = 2147483647;
			files = (
				9AE24F9519059AA4001AEFFB /* Foundation.framework in Frameworks */,
				9AA6A2E01907327B000A1F4A /* libbase_ios.dylib in Frameworks */,
				9AA6A2DE19073248000A1F4A /* libcore.dylib in Frameworks */,
			);
			runOnlyForDeploymentPostprocessing = 0;
		};
		9AE24F9E19059AA4001AEFFB /* Frameworks */ = {
			isa = PBXFrameworksBuildPhase;
			buildActionMask = 2147483647;
			files = (
				9AE24FA319059AA4001AEFFB /* XCTest.framework in Frameworks */,
				9AE24FA919059AA5001AEFFB /* libca2os.dylib in Frameworks */,
				9AE24FA619059AA5001AEFFB /* UIKit.framework in Frameworks */,
				9AE24FA419059AA5001AEFFB /* Foundation.framework in Frameworks */,
			);
			runOnlyForDeploymentPostprocessing = 0;
		};
		A1CFD775154F5EAA007447E2 /* Frameworks */ = {
			isa = PBXFrameworksBuildPhase;
			buildActionMask = 2147483647;
			files = (
				9AA1B44A176361950019E812 /* Cocoa.framework in Frameworks */,
				9A8997BD177D0E7F00C7761E /* Carbon.framework in Frameworks */,
			);
			runOnlyForDeploymentPostprocessing = 0;
		};
/* End PBXFrameworksBuildPhase section */

/* Begin PBXGroup section */
		0715B912189ED3ED00B3EBD9 /* openssl */ = {
			isa = PBXGroup;
			children = (
				0715B913189ED3ED00B3EBD9 /* opensslconf.h */,
				0715B914189ED3ED00B3EBD9 /* Untitled Folder */,
			);
			name = openssl;
			path = ../thirdparty/include/openssl;
			sourceTree = "<group>";
		};
		0715B914189ED3ED00B3EBD9 /* Untitled Folder */ = {
			isa = PBXGroup;
			children = (
			);
			path = "Untitled Folder";
			sourceTree = "<group>";
		};
		07BB57851809BBEE00124367 /* thirdparty */ = {
			isa = PBXGroup;
			children = (
				07BB57861809BC1100124367 /* include */,
			);
			name = thirdparty;
			path = ../operational_system;
			sourceTree = "<group>";
		};
		07BB57861809BC1100124367 /* include */ = {
			isa = PBXGroup;
			children = (
				0715B912189ED3ED00B3EBD9 /* openssl */,
				07BB57871809BC4000124367 /* mpg123_asm.h */,
			);
			name = include;
			sourceTree = "<group>";
		};
		9AA6A2BF190722F7000A1F4A /* Products */ = {
			isa = PBXGroup;
			children = (
				9AA6A2C5190722F7000A1F4A /* libcore.dylib */,
				9AA6A2C7190722F7000A1F4A /* libcore.dylib */,
				9AA6A2C9190722F7000A1F4A /* core_iosTests.xctest */,
			);
			name = Products;
			sourceTree = "<group>";
		};
		9AE24F9319059AA4001AEFFB /* Frameworks */ = {
			isa = PBXGroup;
			children = (
				9AA6A2DF1907327B000A1F4A /* libbase_ios.dylib */,
				9AE24F9419059AA4001AEFFB /* Foundation.framework */,
				9AE24FA219059AA4001AEFFB /* XCTest.framework */,
				9AE24FA519059AA5001AEFFB /* UIKit.framework */,
			);
			name = Frameworks;
			sourceTree = "<group>";
		};
		9AE24FAA19059AA5001AEFFB /* ca2os_iosTests */ = {
			isa = PBXGroup;
			children = (
				9AE24FB019059AA5001AEFFB /* ca2os_iosTests.m */,
				9AE24FAB19059AA5001AEFFB /* Supporting Files */,
			);
			path = ca2os_iosTests;
			sourceTree = "<group>";
		};
		9AE24FAB19059AA5001AEFFB /* Supporting Files */ = {
			isa = PBXGroup;
			children = (
				9AE24FAC19059AA5001AEFFB /* ca2os_iosTests-Info.plist */,
				9AE24FAD19059AA5001AEFFB /* InfoPlist.strings */,
			);
			name = "Supporting Files";
			sourceTree = "<group>";
		};
		A1CFD76D154F5EA7007447E2 = {
			isa = PBXGroup;
			children = (
				9AA6A2BE190722F7000A1F4A /* core.xcodeproj */,
				9A8997BC177D0E7D00C7761E /* Carbon.framework */,
				9AA1B449176361950019E812 /* Cocoa.framework */,
				A1CFD87C154FB715007447E2 /* operational_system */,
				A1CFD896154FB715007447E2 /* os */,
				07BB57851809BBEE00124367 /* thirdparty */,
				9AE24FAA19059AA5001AEFFB /* ca2os_iosTests */,
				9AE24F9319059AA4001AEFFB /* Frameworks */,
				A1CFD779154F5EAA007447E2 /* Products */,
			);
			sourceTree = "<group>";
		};
		A1CFD779154F5EAA007447E2 /* Products */ = {
			isa = PBXGroup;
			children = (
				A1CFD778154F5EAA007447E2 /* libca2os.dylib */,
				9AE24F9219059AA4001AEFFB /* libca2os.dylib */,
				9AE24FA119059AA4001AEFFB /* ca2os_iosTests.xctest */,
			);
			name = Products;
			sourceTree = "<group>";
		};
		A1CFD87C154FB715007447E2 /* operational_system */ = {
			isa = PBXGroup;
			children = (
				A1CFD87D154FB715007447E2 /* _.h */,
				9AC444051770AA7C00DC2349 /* _c.h */,
				9AC444071770AAB100DC2349 /* _ca.h */,
				A1CFD87E154FB715007447E2 /* bare_operational_system.h */,
				A1CFD87F154FB715007447E2 /* ca2.h */,
				9AE725FE17E83C65003E47F9 /* config.h */,
				A1CFD880154FB715007447E2 /* cross */,
				A1CFD88E154FB715007447E2 /* get_platform.h */,
				A1CFD88F154FB715007447E2 /* macos_system.h */,
				A1CFD890154FB715007447E2 /* operational_system.h */,
				A1CFD891154FB715007447E2 /* version.h */,
				A1CFD892154FB715007447E2 /* version_configuration.h */,
				A1CFD893154FB715007447E2 /* version_cpu.h */,
				A1CFD894154FB715007447E2 /* version_dylib.h */,
				A1CFD895154FB715007447E2 /* version_macos.h */,
				07401ECC164632BB00F5D0F3 /* oswindow.h */,
			);
			name = operational_system;
			path = ../operational_system;
			sourceTree = "<group>";
		};
		A1CFD880154FB715007447E2 /* cross */ = {
			isa = PBXGroup;
			children = (
				A1CFD881154FB715007447E2 /* win */,
			);
			path = cross;
			sourceTree = "<group>";
		};
		A1CFD881154FB715007447E2 /* win */ = {
			isa = PBXGroup;
			children = (
				A1CFD882154FB715007447E2 /* base_tsd.h */,
				A1CFD883154FB715007447E2 /* win.h */,
				A1CFD884154FB715007447E2 /* win_base.h */,
				A1CFD885154FB715007447E2 /* win_crtdefs.h */,
				A1CFD886154FB715007447E2 /* win_def.h */,
				A1CFD887154FB715007447E2 /* win_errno.h */,
				A1CFD888154FB715007447E2 /* win_error.h */,
				A1CFD889154FB715007447E2 /* win_file.h */,
				A1CFD88A154FB715007447E2 /* win_gdi.h */,
				A1CFD88B154FB715007447E2 /* win_nls.h */,
				A1CFD88C154FB715007447E2 /* win_nt.h */,
				A1CFD88D154FB715007447E2 /* win_user.h */,
				07926B551809949300968303 /* win_common_controls.h */,
			);
			path = win;
			sourceTree = "<group>";
		};
		A1CFD896154FB715007447E2 /* os */ = {
			isa = PBXGroup;
			children = (
				07E7E6C6190B46A40082F182 /* ios_afxabort.cpp */,
				07E7E6C7190B46A40082F182 /* ios_afxImpl.h */,
				07E7E6C8190B46A40082F182 /* ios_afxmem.cpp */,
				07E7E6C9190B46A40082F182 /* ios_afxstate.cpp */,
				07E7E6CA190B46A40082F182 /* ios_appcore.cpp */,
				07E7E6CB190B46A40082F182 /* ios_application.cpp */,
				07E7E6CC190B46A40082F182 /* ios_application.h */,
				07E7E6CD190B46A40082F182 /* ios_appmodul.cpp */,
				07E7E6CE190B46A40082F182 /* ios_appterm.cpp */,
				07E7E6CF190B46A40082F182 /* ios_copydesk.cpp */,
				07E7E6D0190B46A40082F182 /* ios_copydesk.h */,
				07E7E6D1190B46A40082F182 /* ios_crypto.cpp */,
				07E7E6D2190B46A40082F182 /* ios_crypto.h */,
				07E7E6D3190B46A40082F182 /* ios_dir.cpp */,
				07E7E6D4190B46A40082F182 /* ios_dir.h */,
				07E7E6D5190B46A40082F182 /* ios_dumpinit.cpp */,
				07E7E6D6190B46A40082F182 /* ios_error.cpp */,
				07E7E6D7190B46A40082F182 /* ios_exception.cpp */,
				07E7E6D8190B46A40082F182 /* ios_factory_exchange.cpp */,
				07E7E6D9190B46A40082F182 /* ios_factory_exchange.h */,
				07E7E6DA190B46A40082F182 /* ios_file_set.cpp */,
				07E7E6DB190B46A40082F182 /* ios_file_set.h */,
				07E7E6DC190B46A40082F182 /* ios_file_system.cpp */,
				07E7E6DD190B46A40082F182 /* ios_file_system.h */,
				07E7E6DE190B46A40082F182 /* ios_file.cpp */,
				07E7E6DF190B46A40082F182 /* ios_file.h */,
				07E7E6E0190B46A40082F182 /* ios_gen_1.h */,
				07E7E6E1190B46A40082F182 /* ios_genResource.cpp */,
				07E7E6E2190B46A40082F182 /* ios_implementation.h */,
				07E7E6E3190B46A40082F182 /* ios_internal.h */,
				07E7E6E4190B46A40082F182 /* ios_ip_enum.cpp */,
				07E7E6E5190B46A40082F182 /* ios_ip_enum.h */,
				07E7E6E6190B46A40082F182 /* ios_main.cpp */,
				07E7E6E7190B46A40082F182 /* ios_mm.h */,
				07E7E6E8190B46A40082F182 /* ios_os.cpp */,
				07E7E6E9190B46A40082F182 /* ios_os.h */,
				07E7E6EA190B46A40082F182 /* ios_port_forward.cpp */,
				07E7E6EB190B46A40082F182 /* ios_port_forward.h */,
				07E7E6EC190B46A40082F182 /* ios_printer.cpp */,
				07E7E6ED190B46A40082F182 /* ios_printer.h */,
				07E7E6EE190B46A40082F182 /* ios_shell.cpp */,
				07E7E6EF190B46A40082F182 /* ios_shell.h */,
				07E7E6F0190B46A40082F182 /* ios_state.h */,
				07E7E6F1190B46A40082F182 /* ios_stdio_file.cpp */,
				07E7E6F2190B46A40082F182 /* ios_stdio_file.h */,
				07E7E6F3190B46A40082F182 /* ios_thread_local_storage.cpp */,
				07E7E6F4190B46A40082F182 /* ios_thread_slots.h */,
				07E7E6F5190B46A40082F182 /* ios_thread.cpp */,
				07E7E6F6190B46A40082F182 /* ios_thread.h */,
				07E7E6F7190B46A40082F182 /* ios_trace.cpp */,
				07E7E6F8190B46A40082F182 /* ios_util.cpp */,
				07E7E6F9190B46A40082F182 /* ios_window_draw.cpp */,
				07E7E6FA190B46A40082F182 /* ios_window_draw.h */,
				07E7E6FB190B46A40082F182 /* ios_window.cpp */,
				07E7E6FC190B46A40082F182 /* ios_window.h */,
				07E7E6FD190B46A40082F182 /* ios.cpp */,
				07E7E6FE190B46A40082F182 /* ios.h */,
				07E7E6FF190B46A40082F182 /* ios1.cpp */,
				07E7E700190B46A40082F182 /* ios1.h */,
				07E7E701190B46A40082F182 /* ios2.cpp */,
				9A1B496316A494A600875A94 /* framework.h */,
				9A1B496616A4A10100875A94 /* framework.cpp */,
				9AA1B446176355610019E812 /* round_window.h */,
				9AA1B445176355610019E812 /* round_window.mm */,
				9AA1B3EA17634E520019E812 /* RoundWindow.h */,
				9AA1B3EB17634E520019E812 /* RoundWindow.mm */,
				9AA1B3EC17634E520019E812 /* RoundWindowFrameView.h */,
				9AA1B3ED17634E520019E812 /* RoundWindowFrameView.mm */,
			);
			name = os;
			sourceTree = "<group>";
		};
/* End PBXGroup section */

/* Begin PBXHeadersBuildPhase section */
		A1CFD776154F5EAA007447E2 /* Headers */ = {
			isa = PBXHeadersBuildPhase;
			buildActionMask = 2147483647;
			files = (
				A1CFD8F9154FB715007447E2 /* _.h in Headers */,
				A1CFD8FA154FB715007447E2 /* bare_operational_system.h in Headers */,
				A1CFD8FB154FB715007447E2 /* ca2.h in Headers */,
				07E7E719190B46A40082F182 /* ios_file_system.h in Headers */,
				07E7E70E190B46A40082F182 /* ios_crypto.h in Headers */,
				07E7E71C190B46A40082F182 /* ios_gen_1.h in Headers */,
				A1CFD8FC154FB715007447E2 /* base_tsd.h in Headers */,
				A1CFD8FD154FB715007447E2 /* win.h in Headers */,
				07E7E708190B46A40082F182 /* ios_application.h in Headers */,
				07E7E721190B46A40082F182 /* ios_ip_enum.h in Headers */,
				A1CFD8FE154FB715007447E2 /* win_base.h in Headers */,
				07E7E715190B46A40082F182 /* ios_factory_exchange.h in Headers */,
				A1CFD8FF154FB715007447E2 /* win_crtdefs.h in Headers */,
				A1CFD900154FB715007447E2 /* win_def.h in Headers */,
				07E7E71B190B46A40082F182 /* ios_file.h in Headers */,
				A1CFD901154FB715007447E2 /* win_errno.h in Headers */,
				07E7E73C190B46A40082F182 /* ios1.h in Headers */,
				07E7E703190B46A40082F182 /* ios_afxImpl.h in Headers */,
				A1CFD902154FB715007447E2 /* win_error.h in Headers */,
				A1CFD903154FB715007447E2 /* win_file.h in Headers */,
				07E7E72B190B46A40082F182 /* ios_shell.h in Headers */,
				A1CFD904154FB715007447E2 /* win_gdi.h in Headers */,
				07E7E717190B46A40082F182 /* ios_file_set.h in Headers */,
				07E7E73A190B46A40082F182 /* ios.h in Headers */,
				07E7E710190B46A40082F182 /* ios_dir.h in Headers */,
				A1CFD905154FB715007447E2 /* win_nls.h in Headers */,
				A1CFD906154FB715007447E2 /* win_nt.h in Headers */,
				A1CFD907154FB715007447E2 /* win_user.h in Headers */,
				07E7E727190B46A40082F182 /* ios_port_forward.h in Headers */,
				A1CFD908154FB715007447E2 /* get_platform.h in Headers */,
				07E7E732190B46A40082F182 /* ios_thread.h in Headers */,
				07E7E72C190B46A40082F182 /* ios_state.h in Headers */,
				07E7E723190B46A40082F182 /* ios_mm.h in Headers */,
				07E7E72E190B46A40082F182 /* ios_stdio_file.h in Headers */,
				07E7E738190B46A40082F182 /* ios_window.h in Headers */,
				A1CFD909154FB715007447E2 /* macos_system.h in Headers */,
				A1CFD90A154FB715007447E2 /* operational_system.h in Headers */,
				A1CFD90B154FB715007447E2 /* version.h in Headers */,
				A1CFD90C154FB715007447E2 /* version_configuration.h in Headers */,
				A1CFD90D154FB715007447E2 /* version_cpu.h in Headers */,
				A1CFD90E154FB715007447E2 /* version_dylib.h in Headers */,
				07E7E729190B46A40082F182 /* ios_printer.h in Headers */,
				A1CFD90F154FB715007447E2 /* version_macos.h in Headers */,
				0715B915189ED3ED00B3EBD9 /* opensslconf.h in Headers */,
				07E7E730190B46A40082F182 /* ios_thread_slots.h in Headers */,
				9A1B496416A494A600875A94 /* framework.h in Headers */,
				07E7E71E190B46A40082F182 /* ios_implementation.h in Headers */,
				9AA1B44117634E520019E812 /* RoundWindow.h in Headers */,
				07E7E70C190B46A40082F182 /* ios_copydesk.h in Headers */,
				9AA1B44317634E520019E812 /* RoundWindowFrameView.h in Headers */,
				9AA1B448176355620019E812 /* round_window.h in Headers */,
				07E7E725190B46A40082F182 /* ios_os.h in Headers */,
				07E7E71F190B46A40082F182 /* ios_internal.h in Headers */,
				07E7E736190B46A40082F182 /* ios_window_draw.h in Headers */,
				9AC444061770AA7C00DC2349 /* _c.h in Headers */,
				9AC444081770AAB100DC2349 /* _ca.h in Headers */,
			);
			runOnlyForDeploymentPostprocessing = 0;
		};
/* End PBXHeadersBuildPhase section */

/* Begin PBXNativeTarget section */
		9AE24F9119059AA4001AEFFB /* ca2os_ios */ = {
			isa = PBXNativeTarget;
			buildConfigurationList = 9AE24FB619059AA5001AEFFB /* Build configuration list for PBXNativeTarget "ca2os_ios" */;
			buildPhases = (
				9AE24F8E19059AA4001AEFFB /* Sources */,
				9AE24F8F19059AA4001AEFFB /* Frameworks */,
				9AE24F9019059AA4001AEFFB /* CopyFiles */,
			);
			buildRules = (
			);
			dependencies = (
				9AA6A2CD19072311000A1F4A /* PBXTargetDependency */,
			);
			name = ca2os_ios;
			productName = ca2os_ios;
			productReference = 9AE24F9219059AA4001AEFFB /* libca2os.dylib */;
			productType = "com.apple.product-type.library.static";
		};
		9AE24FA019059AA4001AEFFB /* ca2os_iosTests */ = {
			isa = PBXNativeTarget;
			buildConfigurationList = 9AE24FB719059AA5001AEFFB /* Build configuration list for PBXNativeTarget "ca2os_iosTests" */;
			buildPhases = (
				9AE24F9D19059AA4001AEFFB /* Sources */,
				9AE24F9E19059AA4001AEFFB /* Frameworks */,
				9AE24F9F19059AA4001AEFFB /* Resources */,
			);
			buildRules = (
			);
			dependencies = (
				9AE24FA819059AA5001AEFFB /* PBXTargetDependency */,
			);
			name = ca2os_iosTests;
			productName = ca2os_iosTests;
			productReference = 9AE24FA119059AA4001AEFFB /* ca2os_iosTests.xctest */;
			productType = "com.apple.product-type.bundle.unit-test";
		};
		A1CFD777154F5EAA007447E2 /* ca2os */ = {
			isa = PBXNativeTarget;
			buildConfigurationList = A1CFD77C154F5EAA007447E2 /* Build configuration list for PBXNativeTarget "ca2os" */;
			buildPhases = (
				A1CFD774154F5EAA007447E2 /* Sources */,
				A1CFD775154F5EAA007447E2 /* Frameworks */,
				A1CFD776154F5EAA007447E2 /* Headers */,
			);
			buildRules = (
			);
			dependencies = (
			);
			name = ca2os;
			productName = os;
			productReference = A1CFD778154F5EAA007447E2 /* libca2os.dylib */;
			productType = "com.apple.product-type.library.dynamic";
		};
/* End PBXNativeTarget section */

/* Begin PBXProject section */
		A1CFD76F154F5EA7007447E2 /* Project object */ = {
			isa = PBXProject;
			attributes = {
				LastUpgradeCheck = 0500;
				ORGANIZATIONNAME = "ca2 Desenvolvimento de Sofware Ltda.";
				TargetAttributes = {
					9AE24FA019059AA4001AEFFB = {
						TestTargetID = A1CFD777154F5EAA007447E2;
					};
				};
			};
			buildConfigurationList = A1CFD772154F5EA7007447E2 /* Build configuration list for PBXProject "os" */;
			compatibilityVersion = "Xcode 3.2";
			developmentRegion = English;
			hasScannedForEncodings = 0;
			knownRegions = (
				en,
			);
			mainGroup = A1CFD76D154F5EA7007447E2;
			productRefGroup = A1CFD779154F5EAA007447E2 /* Products */;
			projectDirPath = "";
			projectReferences = (
				{
					ProductGroup = 9AA6A2BF190722F7000A1F4A /* Products */;
					ProjectRef = 9AA6A2BE190722F7000A1F4A /* core.xcodeproj */;
				},
			);
			projectRoot = "";
			targets = (
				A1CFD777154F5EAA007447E2 /* ca2os */,
				9AE24F9119059AA4001AEFFB /* ca2os_ios */,
				9AE24FA019059AA4001AEFFB /* ca2os_iosTests */,
			);
		};
/* End PBXProject section */

/* Begin PBXReferenceProxy section */
		9AA6A2C5190722F7000A1F4A /* libcore.dylib */ = {
			isa = PBXReferenceProxy;
			fileType = "compiled.mach-o.dylib";
			path = libcore.dylib;
			remoteRef = 9AA6A2C4190722F7000A1F4A /* PBXContainerItemProxy */;
			sourceTree = BUILT_PRODUCTS_DIR;
		};
		9AA6A2C7190722F7000A1F4A /* libcore.dylib */ = {
			isa = PBXReferenceProxy;
			fileType = archive.ar;
			path = libcore.dylib;
			remoteRef = 9AA6A2C6190722F7000A1F4A /* PBXContainerItemProxy */;
			sourceTree = BUILT_PRODUCTS_DIR;
		};
		9AA6A2C9190722F7000A1F4A /* core_iosTests.xctest */ = {
			isa = PBXReferenceProxy;
			fileType = wrapper.cfbundle;
			path = core_iosTests.xctest;
			remoteRef = 9AA6A2C8190722F7000A1F4A /* PBXContainerItemProxy */;
			sourceTree = BUILT_PRODUCTS_DIR;
		};
/* End PBXReferenceProxy section */

/* Begin PBXResourcesBuildPhase section */
		9AE24F9F19059AA4001AEFFB /* Resources */ = {
			isa = PBXResourcesBuildPhase;
			buildActionMask = 2147483647;
			files = (
				9AE24FAF19059AA5001AEFFB /* InfoPlist.strings in Resources */,
			);
			runOnlyForDeploymentPostprocessing = 0;
		};
/* End PBXResourcesBuildPhase section */

/* Begin PBXSourcesBuildPhase section */
		9AE24F8E19059AA4001AEFFB /* Sources */ = {
			isa = PBXSourcesBuildPhase;
			buildActionMask = 2147483647;
			files = (
			);
			runOnlyForDeploymentPostprocessing = 0;
		};
		9AE24F9D19059AA4001AEFFB /* Sources */ = {
			isa = PBXSourcesBuildPhase;
			buildActionMask = 2147483647;
			files = (
				9AE24FB119059AA5001AEFFB /* ca2os_iosTests.m in Sources */,
			);
			runOnlyForDeploymentPostprocessing = 0;
		};
		A1CFD774154F5EAA007447E2 /* Sources */ = {
			isa = PBXSourcesBuildPhase;
			buildActionMask = 2147483647;
			files = (
				07E7E731190B46A40082F182 /* ios_thread.cpp in Sources */,
				9A1B496716A4A10100875A94 /* framework.cpp in Sources */,
				07E7E70D190B46A40082F182 /* ios_crypto.cpp in Sources */,
				07E7E712190B46A40082F182 /* ios_error.cpp in Sources */,
				07E7E72F190B46A40082F182 /* ios_thread_local_storage.cpp in Sources */,
				07E7E709190B46A40082F182 /* ios_appmodul.cpp in Sources */,
				07E7E716190B46A40082F182 /* ios_file_set.cpp in Sources */,
				07E7E728190B46A40082F182 /* ios_printer.cpp in Sources */,
				07E7E737190B46A40082F182 /* ios_window.cpp in Sources */,
				07E7E71A190B46A40082F182 /* ios_file.cpp in Sources */,
				07E7E702190B46A40082F182 /* ios_afxabort.cpp in Sources */,
				07E7E734190B46A40082F182 /* ios_util.cpp in Sources */,
				9AA1B44217634E520019E812 /* RoundWindow.mm in Sources */,
				07E7E72D190B46A40082F182 /* ios_stdio_file.cpp in Sources */,
				07E7E726190B46A40082F182 /* ios_port_forward.cpp in Sources */,
				07E7E70F190B46A40082F182 /* ios_dir.cpp in Sources */,
				07E7E711190B46A40082F182 /* ios_dumpinit.cpp in Sources */,
				07E7E70A190B46A40082F182 /* ios_appterm.cpp in Sources */,
				07E7E70B190B46A40082F182 /* ios_copydesk.cpp in Sources */,
				07E7E722190B46A40082F182 /* ios_main.cpp in Sources */,
				07E7E705190B46A40082F182 /* ios_afxstate.cpp in Sources */,
				07E7E73B190B46A40082F182 /* ios1.cpp in Sources */,
				07E7E714190B46A40082F182 /* ios_factory_exchange.cpp in Sources */,
				07E7E735190B46A40082F182 /* ios_window_draw.cpp in Sources */,
				07E7E706190B46A40082F182 /* ios_appcore.cpp in Sources */,
				07E7E718190B46A40082F182 /* ios_file_system.cpp in Sources */,
				07E7E720190B46A40082F182 /* ios_ip_enum.cpp in Sources */,
				07E7E733190B46A40082F182 /* ios_trace.cpp in Sources */,
				07E7E739190B46A40082F182 /* ios.cpp in Sources */,
				07E7E72A190B46A40082F182 /* ios_shell.cpp in Sources */,
				07E7E71D190B46A40082F182 /* ios_genResource.cpp in Sources */,
				07E7E704190B46A40082F182 /* ios_afxmem.cpp in Sources */,
				07E7E73D190B46A40082F182 /* ios2.cpp in Sources */,
				9AA1B44417634E520019E812 /* RoundWindowFrameView.mm in Sources */,
				9AA1B447176355620019E812 /* round_window.mm in Sources */,
				07E7E724190B46A40082F182 /* ios_os.cpp in Sources */,
				07E7E713190B46A40082F182 /* ios_exception.cpp in Sources */,
				07E7E707190B46A40082F182 /* ios_application.cpp in Sources */,
			);
			runOnlyForDeploymentPostprocessing = 0;
		};
/* End PBXSourcesBuildPhase section */

/* Begin PBXTargetDependency section */
		9AA6A2CD19072311000A1F4A /* PBXTargetDependency */ = {
			isa = PBXTargetDependency;
			name = core_ios;
			targetProxy = 9AA6A2CC19072311000A1F4A /* PBXContainerItemProxy */;
		};
		9AE24FA819059AA5001AEFFB /* PBXTargetDependency */ = {
			isa = PBXTargetDependency;
			target = 9AE24F9119059AA4001AEFFB /* ca2os_ios */;
			targetProxy = 9AE24FA719059AA5001AEFFB /* PBXContainerItemProxy */;
		};
/* End PBXTargetDependency section */

/* Begin PBXVariantGroup section */
		9AE24FAD19059AA5001AEFFB /* InfoPlist.strings */ = {
			isa = PBXVariantGroup;
			children = (
				9AE24FAE19059AA5001AEFFB /* en */,
			);
			name = InfoPlist.strings;
			sourceTree = "<group>";
		};
/* End PBXVariantGroup section */

/* Begin XCBuildConfiguration section */
		9AE24FB219059AA5001AEFFB /* Debug */ = {
			isa = XCBuildConfiguration;
			buildSettings = {
				DSTROOT = /tmp/ca2os_ios.dst;
				IPHONEOS_DEPLOYMENT_TARGET = 7.1;
				SDKROOT = iphoneos;
				SKIP_INSTALL = YES;
			};
			name = Debug;
		};
		9AE24FB319059AA5001AEFFB /* Release */ = {
			isa = XCBuildConfiguration;
			buildSettings = {
				DSTROOT = /tmp/ca2os_ios.dst;
				IPHONEOS_DEPLOYMENT_TARGET = 7.1;
				SDKROOT = iphoneos;
				SKIP_INSTALL = YES;
			};
			name = Release;
		};
		9AE24FB419059AA5001AEFFB /* Debug */ = {
			isa = XCBuildConfiguration;
			buildSettings = {
				BUNDLE_LOADER = "$(BUILT_PRODUCTS_DIR)/libca2os.dylib";
				CLANG_CXX_LANGUAGE_STANDARD = "gnu++0x";
				CLANG_ENABLE_MODULES = YES;
				CLANG_WARN_DIRECT_OBJC_ISA_USAGE = YES_ERROR;
				CLANG_WARN_OBJC_ROOT_CLASS = YES_ERROR;
				FRAMEWORK_SEARCH_PATHS = (
					"$(SDKROOT)/Developer/Library/Frameworks",
					"$(inherited)",
					"$(DEVELOPER_FRAMEWORKS_DIR)",
				);
				GCC_C_LANGUAGE_STANDARD = gnu99;
				GCC_PRECOMPILE_PREFIX_HEADER = YES;
				GCC_PREFIX_HEADER = "ca2os_ios/ca2os_ios-Prefix.pch";
				GCC_PREPROCESSOR_DEFINITIONS = (
					"DEBUG=1",
					"$(inherited)",
				);
				GCC_WARN_ABOUT_RETURN_TYPE = YES_ERROR;
				GCC_WARN_UNINITIALIZED_AUTOS = YES_AGGRESSIVE;
				INFOPLIST_FILE = "ca2os_iosTests/ca2os_iosTests-Info.plist";
				IPHONEOS_DEPLOYMENT_TARGET = 7.1;
				PRODUCT_NAME = "$(TARGET_NAME)";
				SDKROOT = iphoneos;
				TEST_HOST = "$(BUNDLE_LOADER)";
				WRAPPER_EXTENSION = xctest;
			};
			name = Debug;
		};
		9AE24FB519059AA5001AEFFB /* Release */ = {
			isa = XCBuildConfiguration;
			buildSettings = {
				BUNDLE_LOADER = "$(BUILT_PRODUCTS_DIR)/libca2os.dylib";
				CLANG_CXX_LANGUAGE_STANDARD = "gnu++0x";
				CLANG_ENABLE_MODULES = YES;
				CLANG_WARN_DIRECT_OBJC_ISA_USAGE = YES_ERROR;
				CLANG_WARN_OBJC_ROOT_CLASS = YES_ERROR;
				ENABLE_NS_ASSERTIONS = NO;
				FRAMEWORK_SEARCH_PATHS = (
					"$(SDKROOT)/Developer/Library/Frameworks",
					"$(inherited)",
					"$(DEVELOPER_FRAMEWORKS_DIR)",
				);
				GCC_C_LANGUAGE_STANDARD = gnu99;
				GCC_PRECOMPILE_PREFIX_HEADER = YES;
				GCC_PREFIX_HEADER = "ca2os_ios/ca2os_ios-Prefix.pch";
				GCC_WARN_ABOUT_RETURN_TYPE = YES_ERROR;
				GCC_WARN_UNINITIALIZED_AUTOS = YES_AGGRESSIVE;
				INFOPLIST_FILE = "ca2os_iosTests/ca2os_iosTests-Info.plist";
				IPHONEOS_DEPLOYMENT_TARGET = 7.1;
				PRODUCT_NAME = "$(TARGET_NAME)";
				SDKROOT = iphoneos;
				TEST_HOST = "$(BUNDLE_LOADER)";
				VALIDATE_PRODUCT = YES;
				WRAPPER_EXTENSION = xctest;
			};
			name = Release;
		};
		A1CFD77A154F5EAA007447E2 /* Debug */ = {
			isa = XCBuildConfiguration;
			buildSettings = {
				ALWAYS_SEARCH_USER_PATHS = NO;
				CLANG_ANALYZER_DEADCODE_DEADSTORES = NO;
				CLANG_CXX_LANGUAGE_STANDARD = "c++0x";
				CLANG_CXX_LIBRARY = "libc++";
				CLANG_ENABLE_OBJC_ARC = NO;
				CLANG_STATIC_ANALYZER_MODE_ON_ANALYZE_ACTION = shallow;
				CLANG_WARN_BOOL_CONVERSION = YES;
				CLANG_WARN_CONSTANT_CONVERSION = YES;
				CLANG_WARN_DIRECT_OBJC_ISA_USAGE = YES_ERROR;
				CLANG_WARN_EMPTY_BODY = YES;
				CLANG_WARN_ENUM_CONVERSION = YES;
				CLANG_WARN_INT_CONVERSION = YES;
				CLANG_WARN_OBJC_ROOT_CLASS = YES_ERROR;
				CLANG_WARN__DUPLICATE_METHOD_MATCH = YES;
				COPY_PHASE_STRIP = NO;
				EXECUTABLE_EXTENSION = dylib;
				EXECUTABLE_PREFIX = lib;
				GCC_C_LANGUAGE_STANDARD = c99;
				GCC_DYNAMIC_NO_PIC = NO;
				GCC_ENABLE_OBJC_EXCEPTIONS = YES;
				GCC_INCREASE_PRECOMPILED_HEADER_SHARING = YES;
				GCC_OPTIMIZATION_LEVEL = 0;
				GCC_PRECOMPILE_PREFIX_HEADER = YES;
				GCC_PREFIX_HEADER = framework.h;
				GCC_PREPROCESSOR_DEFINITIONS = (
					_DEBUG,
					"$(inherited)",
				);
				GCC_SYMBOLS_PRIVATE_EXTERN = NO;
				GCC_VERSION = com.apple.compilers.llvm.clang.1_0;
				GCC_WARN_64_TO_32_BIT_CONVERSION = YES;
				GCC_WARN_ABOUT_RETURN_TYPE = YES_ERROR;
				GCC_WARN_UNDECLARED_SELECTOR = YES;
				GCC_WARN_UNINITIALIZED_AUTOS = YES_AGGRESSIVE;
				GCC_WARN_UNUSED_FUNCTION = YES;
				GCC_WARN_UNUSED_VARIABLE = YES;
				HEADER_SEARCH_PATHS = (
					"$(WorkspaceDir)/../../../app/thirdparty/include",
					"$(WorkspaceDir)/../../../nodeapp/thirdparty/include",
				);
				LIBRARY_SEARCH_PATHS = (
					"$(inherited)",
					"\"$(TARGET_BUILD_DIR)\"",
				);
				MACOSX_DEPLOYMENT_TARGET = 10.8;
				ONLY_ACTIVE_ARCH = YES;
				PRODUCT_NAME = ca2os;
				SDKROOT = macosx;
				USER_HEADER_SEARCH_PATHS = "$(WorkspaceDir)/../../../include $(WorkspaceDir)/../../../app/include . .. $(WorkspaceDir)/../../.. $(WorkspaceDir)/../../../app $(WorkspaceDir)/../../../app/appseed $(WorkspaceDir)/../../../app/appseed/core $(WorkspaceDir)/../../../app/appseed/base $(WorkspaceDir)/../.. $(WorkspaceDir)/../../thirdparty/include $(WorkspaceDir)/../../../app/thirdparty/include $(WorkspaceDir)/../../appseed $(WorkspaceDir)/../../../app/thirdparty/appseed";
				WorkspaceDir = "$(SRCROOT)/../seed/metaseed";
			};
			name = Debug;
		};
		A1CFD77B154F5EAA007447E2 /* Release */ = {
			isa = XCBuildConfiguration;
			buildSettings = {
				ALWAYS_SEARCH_USER_PATHS = NO;
				CLANG_ANALYZER_DEADCODE_DEADSTORES = NO;
				CLANG_CXX_LANGUAGE_STANDARD = "c++0x";
				CLANG_CXX_LIBRARY = "libc++";
				CLANG_ENABLE_OBJC_ARC = NO;
				CLANG_STATIC_ANALYZER_MODE_ON_ANALYZE_ACTION = shallow;
				CLANG_WARN_BOOL_CONVERSION = YES;
				CLANG_WARN_CONSTANT_CONVERSION = YES;
				CLANG_WARN_DIRECT_OBJC_ISA_USAGE = YES_ERROR;
				CLANG_WARN_EMPTY_BODY = YES;
				CLANG_WARN_ENUM_CONVERSION = YES;
				CLANG_WARN_INT_CONVERSION = YES;
				CLANG_WARN_OBJC_ROOT_CLASS = YES_ERROR;
				CLANG_WARN__DUPLICATE_METHOD_MATCH = YES;
				COPY_PHASE_STRIP = YES;
				DEBUG_INFORMATION_FORMAT = "dwarf-with-dsym";
				EXECUTABLE_EXTENSION = dylib;
				EXECUTABLE_PREFIX = lib;
				GCC_C_LANGUAGE_STANDARD = c99;
				GCC_ENABLE_OBJC_EXCEPTIONS = YES;
				GCC_INCREASE_PRECOMPILED_HEADER_SHARING = YES;
				GCC_PRECOMPILE_PREFIX_HEADER = YES;
				GCC_PREFIX_HEADER = framework.h;
				GCC_VERSION = com.apple.compilers.llvm.clang.1_0;
				GCC_WARN_64_TO_32_BIT_CONVERSION = YES;
				GCC_WARN_ABOUT_RETURN_TYPE = YES_ERROR;
				GCC_WARN_UNDECLARED_SELECTOR = YES;
				GCC_WARN_UNINITIALIZED_AUTOS = YES_AGGRESSIVE;
				GCC_WARN_UNUSED_FUNCTION = YES;
				GCC_WARN_UNUSED_VARIABLE = YES;
				HEADER_SEARCH_PATHS = (
					"$(WorkspaceDir)/../../../app/thirdparty/include",
					"$(WorkspaceDir)/../../../nodeapp/thirdparty/include",
				);
				LIBRARY_SEARCH_PATHS = (
					"$(inherited)",
					"\"$(TARGET_BUILD_DIR)\"",
				);
				MACOSX_DEPLOYMENT_TARGET = 10.8;
				PRODUCT_NAME = ca2os;
				SDKROOT = macosx;
				USER_HEADER_SEARCH_PATHS = "$(WorkspaceDir)/../../../include $(WorkspaceDir)/../../../app/include . .. $(WorkspaceDir)/../../.. $(WorkspaceDir)/../../../app $(WorkspaceDir)/../../../app/appseed $(WorkspaceDir)/../../../app/appseed/core $(WorkspaceDir)/../../../app/appseed/base $(WorkspaceDir)/../.. $(WorkspaceDir)/../../thirdparty/include $(WorkspaceDir)/../../../app/thirdparty/include $(WorkspaceDir)/../../appseed $(WorkspaceDir)/../../../app/thirdparty/appseed";
				VALIDATE_PRODUCT = YES;
				WorkspaceDir = "$(SRCROOT)/../seed/metaseed";
			};
			name = Release;
		};
		A1CFD77D154F5EAA007447E2 /* Debug */ = {
			isa = XCBuildConfiguration;
			buildSettings = {
				COMBINE_HIDPI_IMAGES = YES;
			};
			name = Debug;
		};
		A1CFD77E154F5EAA007447E2 /* Release */ = {
			isa = XCBuildConfiguration;
			buildSettings = {
				COMBINE_HIDPI_IMAGES = YES;
			};
			name = Release;
		};
/* End XCBuildConfiguration section */

/* Begin XCConfigurationList section */
		9AE24FB619059AA5001AEFFB /* Build configuration list for PBXNativeTarget "ca2os_ios" */ = {
			isa = XCConfigurationList;
			buildConfigurations = (
				9AE24FB219059AA5001AEFFB /* Debug */,
				9AE24FB319059AA5001AEFFB /* Release */,
			);
			defaultConfigurationIsVisible = 0;
			defaultConfigurationName = Release;
		};
		9AE24FB719059AA5001AEFFB /* Build configuration list for PBXNativeTarget "ca2os_iosTests" */ = {
			isa = XCConfigurationList;
			buildConfigurations = (
				9AE24FB419059AA5001AEFFB /* Debug */,
				9AE24FB519059AA5001AEFFB /* Release */,
			);
			defaultConfigurationIsVisible = 0;
			defaultConfigurationName = Release;
		};
		A1CFD772154F5EA7007447E2 /* Build configuration list for PBXProject "os" */ = {
			isa = XCConfigurationList;
			buildConfigurations = (
				A1CFD77A154F5EAA007447E2 /* Debug */,
				A1CFD77B154F5EAA007447E2 /* Release */,
			);
			defaultConfigurationIsVisible = 0;
			defaultConfigurationName = Release;
		};
		A1CFD77C154F5EAA007447E2 /* Build configuration list for PBXNativeTarget "ca2os" */ = {
			isa = XCConfigurationList;
			buildConfigurations = (
				A1CFD77D154F5EAA007447E2 /* Debug */,
				A1CFD77E154F5EAA007447E2 /* Release */,
			);
			defaultConfigurationIsVisible = 0;
			defaultConfigurationName = Release;
		};
/* End XCConfigurationList section */
	};
	rootObject = A1CFD76F154F5EA7007447E2 /* Project object */;
}
