// !$*UTF8*$!
{
	archiveVersion = 1;
	classes = {
	};
	objectVersion = 46;
	objects = {

/* Begin PBXBuildFile section */
		078C3592192175CA00354453 /* XCTest.framework in Frameworks */ = {isa = PBXBuildFile; fileRef = 9AE24EDA1904E95E001AEFFB /* XCTest.framework */; };
		078C3593192175CA00354453 /* Foundation.framework in Frameworks */ = {isa = PBXBuildFile; fileRef = 9AE24EC11904E95E001AEFFB /* Foundation.framework */; };
		078C3594192175CA00354453 /* UIKit.framework in Frameworks */ = {isa = PBXBuildFile; fileRef = 9AE24EC51904E95E001AEFFB /* UIKit.framework */; };
		078C3597192175CA00354453 /* libapp.dylib in Frameworks */ = {isa = PBXBuildFile; fileRef = 078C3584192175C900354453 /* libapp.dylib */; };
		078C359D192175CA00354453 /* InfoPlist.strings in Resources */ = {isa = PBXBuildFile; fileRef = 078C359B192175CA00354453 /* InfoPlist.strings */; };
		078C359F192175CA00354453 /* appTests.m in Sources */ = {isa = PBXBuildFile; fileRef = 078C359E192175CA00354453 /* appTests.m */; };
		078C35CE1921772000354453 /* UIKit.framework in Frameworks */ = {isa = PBXBuildFile; fileRef = 078C35CD1921772000354453 /* UIKit.framework */; };
		078C36CF192195E700354453 /* AppDelegate.mm in Sources */ = {isa = PBXBuildFile; fileRef = 078C36CB192195E700354453 /* AppDelegate.mm */; };
		078C36D0192195E700354453 /* AppDelegate.mm in Sources */ = {isa = PBXBuildFile; fileRef = 078C36CB192195E700354453 /* AppDelegate.mm */; };
		078C36D1192195E700354453 /* main.cpp in Sources */ = {isa = PBXBuildFile; fileRef = 078C36CC192195E700354453 /* main.cpp */; };
		078C36D2192195E700354453 /* main.cpp in Sources */ = {isa = PBXBuildFile; fileRef = 078C36CC192195E700354453 /* main.cpp */; };
		078C36D3192195E700354453 /* system.cpp in Sources */ = {isa = PBXBuildFile; fileRef = 078C36CD192195E700354453 /* system.cpp */; };
		078C36D4192195E700354453 /* system.cpp in Sources */ = {isa = PBXBuildFile; fileRef = 078C36CD192195E700354453 /* system.cpp */; };
		078C36D5192195E700354453 /* window.cpp in Sources */ = {isa = PBXBuildFile; fileRef = 078C36CE192195E700354453 /* window.cpp */; };
		078C36D6192195E700354453 /* window.cpp in Sources */ = {isa = PBXBuildFile; fileRef = 078C36CE192195E700354453 /* window.cpp */; };
		078C36D8192199B100354453 /* main_mm.mm in Sources */ = {isa = PBXBuildFile; fileRef = 078C36D7192199B100354453 /* main_mm.mm */; };
		078C36D9192199B100354453 /* main_mm.mm in Sources */ = {isa = PBXBuildFile; fileRef = 078C36D7192199B100354453 /* main_mm.mm */; };
		07D6A7A11B4CB697004FEBC2 /* libbase.dylib in Frameworks */ = {isa = PBXBuildFile; fileRef = 07011FAF190CA31000C08335 /* libbase.dylib */; };
		07D6A7A21B4CB6A7004FEBC2 /* libcore.dylib in Frameworks */ = {isa = PBXBuildFile; fileRef = 07A6C9BC190C90C500859288 /* libcore.dylib */; };
/* End PBXBuildFile section */

/* Begin PBXContainerItemProxy section */
		07011FAC190CA31000C08335 /* PBXContainerItemProxy */ = {
			isa = PBXContainerItemProxy;
			containerPortal = 9AA6A4571907B5F0000A1F4A /* base.xcodeproj */;
			proxyType = 2;
			remoteGlobalIDString = 9A98A6151771D67E000AE16E;
			remoteInfo = base;
		};
		07011FAE190CA31000C08335 /* PBXContainerItemProxy */ = {
			isa = PBXContainerItemProxy;
			containerPortal = 9AA6A4571907B5F0000A1F4A /* base.xcodeproj */;
			proxyType = 2;
			remoteGlobalIDString = 9AE24D341904CEFE001AEFFB;
			remoteInfo = base_ios;
		};
		07011FB0190CA31000C08335 /* PBXContainerItemProxy */ = {
			isa = PBXContainerItemProxy;
			containerPortal = 9AA6A4571907B5F0000A1F4A /* base.xcodeproj */;
			proxyType = 2;
			remoteGlobalIDString = 9AE24D431904CEFE001AEFFB;
			remoteInfo = base_iosTests;
		};
		07108AF61B4C96B500A28F80 /* PBXContainerItemProxy */ = {
			isa = PBXContainerItemProxy;
			containerPortal = 07108AF01B4C96B500A28F80 /* aura.xcodeproj */;
			proxyType = 2;
			remoteGlobalIDString = 9A98A6151771D67E000AE16E;
			remoteInfo = aura;
		};
		07108AF81B4C96B500A28F80 /* PBXContainerItemProxy */ = {
			isa = PBXContainerItemProxy;
			containerPortal = 07108AF01B4C96B500A28F80 /* aura.xcodeproj */;
			proxyType = 2;
			remoteGlobalIDString = 9AE24D341904CEFE001AEFFB;
			remoteInfo = aura_ios;
		};
		07108AFA1B4C96B500A28F80 /* PBXContainerItemProxy */ = {
			isa = PBXContainerItemProxy;
			containerPortal = 07108AF01B4C96B500A28F80 /* aura.xcodeproj */;
			proxyType = 2;
			remoteGlobalIDString = 9AE24D431904CEFE001AEFFB;
			remoteInfo = aura_iosTests;
		};
		07108B0E1B4C96DF00A28F80 /* PBXContainerItemProxy */ = {
			isa = PBXContainerItemProxy;
			containerPortal = 07108B081B4C96DF00A28F80 /* axis.xcodeproj */;
			proxyType = 2;
			remoteGlobalIDString = 9A98A6151771D67E000AE16E;
			remoteInfo = axis;
		};
		07108B101B4C96DF00A28F80 /* PBXContainerItemProxy */ = {
			isa = PBXContainerItemProxy;
			containerPortal = 07108B081B4C96DF00A28F80 /* axis.xcodeproj */;
			proxyType = 2;
			remoteGlobalIDString = 9AE24D341904CEFE001AEFFB;
			remoteInfo = axis_ios;
		};
		07108B121B4C96DF00A28F80 /* PBXContainerItemProxy */ = {
			isa = PBXContainerItemProxy;
			containerPortal = 07108B081B4C96DF00A28F80 /* axis.xcodeproj */;
			proxyType = 2;
			remoteGlobalIDString = 9AE24D431904CEFE001AEFFB;
			remoteInfo = axis_iosTests;
		};
		07108B181B4C96F300A28F80 /* PBXContainerItemProxy */ = {
			isa = PBXContainerItemProxy;
			containerPortal = 07108B141B4C96F300A28F80 /* axisbzip2.xcodeproj */;
			proxyType = 2;
			remoteGlobalIDString = 9AEEADFD19C4FBC700866C9E;
			remoteInfo = axisbzip2;
		};
		07108B1F1B4C970100A28F80 /* PBXContainerItemProxy */ = {
			isa = PBXContainerItemProxy;
			containerPortal = 07108B1A1B4C970100A28F80 /* auracharguess.xcodeproj */;
			proxyType = 2;
			remoteGlobalIDString = 9AA539B119B763C400B9F861;
			remoteInfo = auracharguess;
		};
		07108B211B4C970100A28F80 /* PBXContainerItemProxy */ = {
			isa = PBXContainerItemProxy;
			containerPortal = 07108B1A1B4C970100A28F80 /* auracharguess.xcodeproj */;
			proxyType = 2;
			remoteGlobalIDString = 07108AD01B4C95D100A28F80;
			remoteInfo = auracharguess_ios;
		};
		07108B281B4C970B00A28F80 /* PBXContainerItemProxy */ = {
			isa = PBXContainerItemProxy;
			containerPortal = 07108B231B4C970A00A28F80 /* aurasqlite.xcodeproj */;
			proxyType = 2;
			remoteGlobalIDString = 9AEEAD9819C4D7A900866C9E;
			remoteInfo = aurasqlite;
		};
		07108B2A1B4C970B00A28F80 /* PBXContainerItemProxy */ = {
			isa = PBXContainerItemProxy;
			containerPortal = 07108B231B4C970A00A28F80 /* aurasqlite.xcodeproj */;
			proxyType = 2;
			remoteGlobalIDString = 07108ADF1B4C95F600A28F80;
			remoteInfo = aurasqlite_ios;
		};
		07108B301B4C971700A28F80 /* PBXContainerItemProxy */ = {
			isa = PBXContainerItemProxy;
			containerPortal = 07108B2C1B4C971700A28F80 /* axisfreeimage.xcodeproj */;
			proxyType = 2;
			remoteGlobalIDString = 9AEEB48E19C5084900866C9E;
			remoteInfo = axisfreeimage;
		};
		07108B361B4C971F00A28F80 /* PBXContainerItemProxy */ = {
			isa = PBXContainerItemProxy;
			containerPortal = 07108B321B4C971F00A28F80 /* axisfreetype.xcodeproj */;
			proxyType = 2;
			remoteGlobalIDString = 9AEEB49119C5088600866C9E;
			remoteInfo = axisfreetype;
		};
		07108B3C1B4C973800A28F80 /* PBXContainerItemProxy */ = {
			isa = PBXContainerItemProxy;
			containerPortal = 07108B381B4C973800A28F80 /* axiszlib.xcodeproj */;
			proxyType = 2;
			remoteGlobalIDString = 9AA5E6D616F7C61B005C45CE;
			remoteInfo = axiszlib;
		};
		077A02461B4D5CFA001C85FF /* PBXContainerItemProxy */ = {
			isa = PBXContainerItemProxy;
			containerPortal = 07108AF01B4C96B500A28F80 /* aura.xcodeproj */;
			proxyType = 1;
			remoteGlobalIDString = 9AE24D331904CEFE001AEFFB;
			remoteInfo = aura_ios;
		};
		077A02481B4D5CFA001C85FF /* PBXContainerItemProxy */ = {
			isa = PBXContainerItemProxy;
			containerPortal = 07108B1A1B4C970100A28F80 /* auracharguess.xcodeproj */;
			proxyType = 1;
			remoteGlobalIDString = 07D6A8271B4CBB45004FEBC2;
			remoteInfo = auracharguess_ios;
		};
		077A024A1B4D5CFA001C85FF /* PBXContainerItemProxy */ = {
			isa = PBXContainerItemProxy;
			containerPortal = 07108B231B4C970A00A28F80 /* aurasqlite.xcodeproj */;
			proxyType = 1;
			remoteGlobalIDString = 07108AD51B4C95F600A28F80;
			remoteInfo = aurasqlite_ios;
		};
		077A024C1B4D5CFA001C85FF /* PBXContainerItemProxy */ = {
			isa = PBXContainerItemProxy;
			containerPortal = 07108B081B4C96DF00A28F80 /* axis.xcodeproj */;
			proxyType = 1;
			remoteGlobalIDString = 9AE24D331904CEFE001AEFFB;
			remoteInfo = axis_ios;
		};
		077A024E1B4D5CFA001C85FF /* PBXContainerItemProxy */ = {
			isa = PBXContainerItemProxy;
			containerPortal = 07108B231B4C970A00A28F80 /* aurasqlite.xcodeproj */;
			proxyType = 1;
			remoteGlobalIDString = 07108AD51B4C95F600A28F80;
			remoteInfo = aurasqlite_ios;
		};
		077A02501B4D5CFA001C85FF /* PBXContainerItemProxy */ = {
			isa = PBXContainerItemProxy;
			containerPortal = 07108B141B4C96F300A28F80 /* axisbzip2.xcodeproj */;
			proxyType = 1;
			remoteGlobalIDString = 07108B5C1B4C97C600A28F80;
			remoteInfo = axisbzip2_ios;
		};
		077A02521B4D5CFA001C85FF /* PBXContainerItemProxy */ = {
			isa = PBXContainerItemProxy;
			containerPortal = 07108B2C1B4C971700A28F80 /* axisfreeimage.xcodeproj */;
			proxyType = 1;
			remoteGlobalIDString = 07108B6F1B4C97D500A28F80;
			remoteInfo = axisfreeimage_ios;
		};
		077A02541B4D5CFA001C85FF /* PBXContainerItemProxy */ = {
			isa = PBXContainerItemProxy;
			containerPortal = 07108B141B4C96F300A28F80 /* axisbzip2.xcodeproj */;
			proxyType = 1;
			remoteGlobalIDString = 07108B5C1B4C97C600A28F80;
			remoteInfo = axisbzip2_ios;
		};
		077A02561B4D5CFA001C85FF /* PBXContainerItemProxy */ = {
			isa = PBXContainerItemProxy;
			containerPortal = 07108B381B4C973800A28F80 /* axiszlib.xcodeproj */;
			proxyType = 1;
			remoteGlobalIDString = 07108CE31B4C97EF00A28F80;
			remoteInfo = axiszlib_ios;
		};
		077A02581B4D5CFA001C85FF /* PBXContainerItemProxy */ = {
			isa = PBXContainerItemProxy;
			containerPortal = 07108B381B4C973800A28F80 /* axiszlib.xcodeproj */;
			proxyType = 1;
			remoteGlobalIDString = 07108CE31B4C97EF00A28F80;
			remoteInfo = axiszlib_ios;
		};
		077A025A1B4D5CFA001C85FF /* PBXContainerItemProxy */ = {
			isa = PBXContainerItemProxy;
			containerPortal = 07108B381B4C973800A28F80 /* axiszlib.xcodeproj */;
			proxyType = 1;
			remoteGlobalIDString = 07108CE31B4C97EF00A28F80;
			remoteInfo = axiszlib_ios;
		};
		077A025C1B4D5CFA001C85FF /* PBXContainerItemProxy */ = {
			isa = PBXContainerItemProxy;
			containerPortal = 07108B141B4C96F300A28F80 /* axisbzip2.xcodeproj */;
			proxyType = 1;
			remoteGlobalIDString = 07108B5C1B4C97C600A28F80;
			remoteInfo = axisbzip2_ios;
		};
		077A025E1B4D5CFA001C85FF /* PBXContainerItemProxy */ = {
			isa = PBXContainerItemProxy;
			containerPortal = 07108B381B4C973800A28F80 /* axiszlib.xcodeproj */;
			proxyType = 1;
			remoteGlobalIDString = 07108CE31B4C97EF00A28F80;
			remoteInfo = axiszlib_ios;
		};
		078C3595192175CA00354453 /* PBXContainerItemProxy */ = {
			isa = PBXContainerItemProxy;
			containerPortal = 9A5752A916AAE1D2000CC4EF /* Project object */;
			proxyType = 1;
			remoteGlobalIDString = 078C3583192175C900354453;
			remoteInfo = app;
		};
		078C35BE192176F300354453 /* PBXContainerItemProxy */ = {
			isa = PBXContainerItemProxy;
			containerPortal = 9AA6A4571907B5F0000A1F4A /* base.xcodeproj */;
			proxyType = 1;
			remoteGlobalIDString = 9AE24D331904CEFE001AEFFB;
			remoteInfo = base_ios;
		};
		078C35C6192176F300354453 /* PBXContainerItemProxy */ = {
			isa = PBXContainerItemProxy;
			containerPortal = 9AA6A4871907B628000A1F4A /* core.xcodeproj */;
			proxyType = 1;
			remoteGlobalIDString = 9AE24DDB1904CF6E001AEFFB;
			remoteInfo = core_ios;
		};
		07A6C9B9190C90C500859288 /* PBXContainerItemProxy */ = {
			isa = PBXContainerItemProxy;
			containerPortal = 9AA6A4871907B628000A1F4A /* core.xcodeproj */;
			proxyType = 2;
			remoteGlobalIDString = 9A8916841751D72100E531ED;
			remoteInfo = core;
		};
		07A6C9BB190C90C500859288 /* PBXContainerItemProxy */ = {
			isa = PBXContainerItemProxy;
			containerPortal = 9AA6A4871907B628000A1F4A /* core.xcodeproj */;
			proxyType = 2;
			remoteGlobalIDString = 9AE24DDC1904CF6E001AEFFB;
			remoteInfo = core_ios;
		};
		07A6C9BD190C90C500859288 /* PBXContainerItemProxy */ = {
			isa = PBXContainerItemProxy;
			containerPortal = 9AA6A4871907B628000A1F4A /* core.xcodeproj */;
			proxyType = 2;
			remoteGlobalIDString = 9AE24DEB1904CF6E001AEFFB;
			remoteInfo = core_iosTests;
		};
		07D6A78F1B4CB68A004FEBC2 /* PBXContainerItemProxy */ = {
			isa = PBXContainerItemProxy;
			containerPortal = 07108B141B4C96F300A28F80 /* axisbzip2.xcodeproj */;
			proxyType = 2;
			remoteGlobalIDString = 07108B6E1B4C97C600A28F80;
			remoteInfo = axisbzip2_ios;
		};
		07D6A7931B4CB68A004FEBC2 /* PBXContainerItemProxy */ = {
			isa = PBXContainerItemProxy;
			containerPortal = 07108B2C1B4C971700A28F80 /* axisfreeimage.xcodeproj */;
			proxyType = 2;
			remoteGlobalIDString = 07108BD71B4C97D500A28F80;
			remoteInfo = axisfreeimage_ios;
		};
		07D6A7971B4CB68A004FEBC2 /* PBXContainerItemProxy */ = {
			isa = PBXContainerItemProxy;
			containerPortal = 07108B321B4C971F00A28F80 /* axisfreetype.xcodeproj */;
			proxyType = 2;
			remoteGlobalIDString = 07108CDC1B4C97E300A28F80;
			remoteInfo = axisfreetype_ios;
		};
		07D6A79B1B4CB68A004FEBC2 /* PBXContainerItemProxy */ = {
			isa = PBXContainerItemProxy;
			containerPortal = 07108B381B4C973800A28F80 /* axiszlib.xcodeproj */;
			proxyType = 2;
			remoteGlobalIDString = 07108D041B4C97EF00A28F80;
			remoteInfo = axiszlib_ios;
		};
/* End PBXContainerItemProxy section */

/* Begin PBXCopyFilesBuildPhase section */
		078C3582192175C900354453 /* CopyFiles */ = {
			isa = PBXCopyFilesBuildPhase;
			buildActionMask = 2147483647;
			dstPath = "include/$(PRODUCT_NAME)";
			dstSubfolderSpec = 16;
			files = (
			);
			runOnlyForDeploymentPostprocessing = 0;
		};
/* End PBXCopyFilesBuildPhase section */

/* Begin PBXFileReference section */
		07108AF01B4C96B500A28F80 /* aura.xcodeproj */ = {isa = PBXFileReference; lastKnownFileType = "wrapper.pb-project"; name = aura.xcodeproj; path = ../../../../ca2/app/appseed/aura/aura.xcodeproj; sourceTree = "<group>"; };
		07108B081B4C96DF00A28F80 /* axis.xcodeproj */ = {isa = PBXFileReference; lastKnownFileType = "wrapper.pb-project"; name = axis.xcodeproj; path = ../../../../ca2/app/appseed/axis/axis.xcodeproj; sourceTree = "<group>"; };
		07108B141B4C96F300A28F80 /* axisbzip2.xcodeproj */ = {isa = PBXFileReference; lastKnownFileType = "wrapper.pb-project"; name = axisbzip2.xcodeproj; path = ../../../../ca2/app/axis/bzip2/axisbzip2.xcodeproj; sourceTree = "<group>"; };
		07108B1A1B4C970100A28F80 /* auracharguess.xcodeproj */ = {isa = PBXFileReference; lastKnownFileType = "wrapper.pb-project"; name = auracharguess.xcodeproj; path = ../../../../ca2/app/aura/charguess/auracharguess.xcodeproj; sourceTree = "<group>"; };
		07108B231B4C970A00A28F80 /* aurasqlite.xcodeproj */ = {isa = PBXFileReference; lastKnownFileType = "wrapper.pb-project"; name = aurasqlite.xcodeproj; path = ../../../../ca2/app/aura/sqlite/aurasqlite.xcodeproj; sourceTree = "<group>"; };
		07108B2C1B4C971700A28F80 /* axisfreeimage.xcodeproj */ = {isa = PBXFileReference; lastKnownFileType = "wrapper.pb-project"; name = axisfreeimage.xcodeproj; path = ../../../../ca2/app/axis/freeimage/axisfreeimage.xcodeproj; sourceTree = "<group>"; };
		07108B321B4C971F00A28F80 /* axisfreetype.xcodeproj */ = {isa = PBXFileReference; lastKnownFileType = "wrapper.pb-project"; name = axisfreetype.xcodeproj; path = ../../../../ca2/app/axis/freetype/axisfreetype.xcodeproj; sourceTree = "<group>"; };
		07108B381B4C973800A28F80 /* axiszlib.xcodeproj */ = {isa = PBXFileReference; lastKnownFileType = "wrapper.pb-project"; name = axiszlib.xcodeproj; path = ../../../../ca2/app/axis/zlib/axiszlib.xcodeproj; sourceTree = "<group>"; };
		078C3584192175C900354453 /* libapp.dylib */ = {isa = PBXFileReference; explicitFileType = archive.ar; includeInIndex = 0; path = libapp.dylib; sourceTree = BUILT_PRODUCTS_DIR; };
		078C3591192175CA00354453 /* appTests.xctest */ = {isa = PBXFileReference; explicitFileType = wrapper.cfbundle; includeInIndex = 0; path = appTests.xctest; sourceTree = BUILT_PRODUCTS_DIR; };
		078C359A192175CA00354453 /* appTests-Info.plist */ = {isa = PBXFileReference; lastKnownFileType = text.plist.xml; path = "appTests-Info.plist"; sourceTree = "<group>"; };
		078C359C192175CA00354453 /* en */ = {isa = PBXFileReference; lastKnownFileType = text.plist.strings; name = en; path = en.lproj/InfoPlist.strings; sourceTree = "<group>"; };
		078C359E192175CA00354453 /* appTests.m */ = {isa = PBXFileReference; lastKnownFileType = sourcecode.c.objc; path = appTests.m; sourceTree = "<group>"; };
		078C35CD1921772000354453 /* UIKit.framework */ = {isa = PBXFileReference; lastKnownFileType = wrapper.framework; name = UIKit.framework; path = System/Library/Frameworks/UIKit.framework; sourceTree = SDKROOT; };
		078C36C6192195A100354453 /* app.h */ = {isa = PBXFileReference; fileEncoding = 4; lastKnownFileType = sourcecode.c.h; path = app.h; sourceTree = SOURCE_ROOT; };
		078C36CA192195E700354453 /* AppDelegate.h */ = {isa = PBXFileReference; fileEncoding = 4; lastKnownFileType = sourcecode.c.h; path = AppDelegate.h; sourceTree = SOURCE_ROOT; };
		078C36CB192195E700354453 /* AppDelegate.mm */ = {isa = PBXFileReference; fileEncoding = 4; lastKnownFileType = sourcecode.cpp.objcpp; path = AppDelegate.mm; sourceTree = SOURCE_ROOT; };
		078C36CC192195E700354453 /* main.cpp */ = {isa = PBXFileReference; fileEncoding = 4; lastKnownFileType = sourcecode.cpp.cpp; path = main.cpp; sourceTree = SOURCE_ROOT; };
		078C36CD192195E700354453 /* system.cpp */ = {isa = PBXFileReference; fileEncoding = 4; lastKnownFileType = sourcecode.cpp.cpp; path = system.cpp; sourceTree = SOURCE_ROOT; };
		078C36CE192195E700354453 /* window.cpp */ = {isa = PBXFileReference; fileEncoding = 4; lastKnownFileType = sourcecode.cpp.cpp; path = window.cpp; sourceTree = SOURCE_ROOT; };
		078C36D7192199B100354453 /* main_mm.mm */ = {isa = PBXFileReference; fileEncoding = 4; lastKnownFileType = sourcecode.cpp.objcpp; path = main_mm.mm; sourceTree = SOURCE_ROOT; };
		07B5903518866047002C6FEC /* CoreFoundation.framework */ = {isa = PBXFileReference; lastKnownFileType = wrapper.framework; name = CoreFoundation.framework; path = System/Library/Frameworks/CoreFoundation.framework; sourceTree = SDKROOT; };
		9A5752B616AAE1D2000CC4EF /* Cocoa.framework */ = {isa = PBXFileReference; lastKnownFileType = wrapper.framework; name = Cocoa.framework; path = System/Library/Frameworks/Cocoa.framework; sourceTree = SDKROOT; };
		9A5752B916AAE1D2000CC4EF /* AppKit.framework */ = {isa = PBXFileReference; lastKnownFileType = wrapper.framework; name = AppKit.framework; path = System/Library/Frameworks/AppKit.framework; sourceTree = SDKROOT; };
		9A5752BA16AAE1D2000CC4EF /* CoreData.framework */ = {isa = PBXFileReference; lastKnownFileType = wrapper.framework; name = CoreData.framework; path = System/Library/Frameworks/CoreData.framework; sourceTree = SDKROOT; };
		9A5752BB16AAE1D2000CC4EF /* Foundation.framework */ = {isa = PBXFileReference; lastKnownFileType = wrapper.framework; name = Foundation.framework; path = System/Library/Frameworks/Foundation.framework; sourceTree = SDKROOT; };
		9AA6A2B0190721C7000A1F4A /* libbase_ios.dylib */ = {isa = PBXFileReference; lastKnownFileType = "compiled.mach-o.dylib"; name = libbase_ios.dylib; path = "../../../app/appseed/base/build/Debug-iphoneos/libbase_ios.dylib"; sourceTree = "<group>"; };
		9AA6A36F190759B1000A1F4A /* libbasefreeimage_ios.dylib */ = {isa = PBXFileReference; lastKnownFileType = "compiled.mach-o.dylib"; name = libbasefreeimage_ios.dylib; path = "../../../app/thirdparty/appseed/freeimage/build/Debug-iphoneos/libbasefreeimage_ios.dylib"; sourceTree = "<group>"; };
		9AA6A370190759B1000A1F4A /* libbasefreetype_ios.dylib */ = {isa = PBXFileReference; lastKnownFileType = "compiled.mach-o.dylib"; name = libbasefreetype_ios.dylib; path = "../../../app/thirdparty/appseed/freetype/build/Debug-iphoneos/libbasefreetype_ios.dylib"; sourceTree = "<group>"; };
		9AA6A371190759B1000A1F4A /* libbasemysql_ios.dylib */ = {isa = PBXFileReference; lastKnownFileType = "compiled.mach-o.dylib"; name = libbasemysql_ios.dylib; path = "../../../app/thirdparty/appseed/mysql/build/Debug-iphoneos/libbasemysql_ios.dylib"; sourceTree = "<group>"; };
		9AA6A372190759B1000A1F4A /* libcore_ios.dylib */ = {isa = PBXFileReference; lastKnownFileType = "compiled.mach-o.dylib"; name = libcore_ios.dylib; path = "../../../app/appseed/core/build/Debug-iphoneos/libcore_ios.dylib"; sourceTree = "<group>"; };
		9AA6A44D1907B5BD000A1F4A /* libbase.dylib */ = {isa = PBXFileReference; lastKnownFileType = "compiled.mach-o.dylib"; name = libbase.dylib; path = "../../../app/appseed/base/build/Release-iphoneos/libbase.dylib"; sourceTree = "<group>"; };
		9AA6A44E1907B5BD000A1F4A /* libbasefreeimage.dylib */ = {isa = PBXFileReference; lastKnownFileType = "compiled.mach-o.dylib"; name = libbasefreeimage.dylib; path = "../../../app/thirdparty/appseed/freeimage/build/Debug-iphoneos/libbasefreeimage.dylib"; sourceTree = "<group>"; };
		9AA6A44F1907B5BD000A1F4A /* libbasefreetype.dylib */ = {isa = PBXFileReference; lastKnownFileType = "compiled.mach-o.dylib"; name = libbasefreetype.dylib; path = "../../../app/thirdparty/appseed/freetype/build/Debug-iphoneos/libbasefreetype.dylib"; sourceTree = "<group>"; };
		9AA6A4501907B5BD000A1F4A /* libbasemysql.dylib */ = {isa = PBXFileReference; lastKnownFileType = "compiled.mach-o.dylib"; name = libbasemysql.dylib; path = "../../../app/thirdparty/appseed/mysql/build/Debug-iphoneos/libbasemysql.dylib"; sourceTree = "<group>"; };
		9AA6A4511907B5BD000A1F4A /* libcore.dylib */ = {isa = PBXFileReference; lastKnownFileType = "compiled.mach-o.dylib"; name = libcore.dylib; path = "../../../app/appseed/core/build/Debug-iphoneos/libcore.dylib"; sourceTree = "<group>"; };
		9AA6A4571907B5F0000A1F4A /* base.xcodeproj */ = {isa = PBXFileReference; lastKnownFileType = "wrapper.pb-project"; name = base.xcodeproj; path = ../../../app/appseed/base/base.xcodeproj; sourceTree = SOURCE_ROOT; };
		9AA6A4871907B628000A1F4A /* core.xcodeproj */ = {isa = PBXFileReference; lastKnownFileType = "wrapper.pb-project"; name = core.xcodeproj; path = ../../../app/appseed/core/core.xcodeproj; sourceTree = SOURCE_ROOT; };
		9AE24EC11904E95E001AEFFB /* Foundation.framework */ = {isa = PBXFileReference; lastKnownFileType = wrapper.framework; name = Foundation.framework; path = System/Library/Frameworks/Foundation.framework; sourceTree = SDKROOT; };
		9AE24EC31904E95E001AEFFB /* CoreGraphics.framework */ = {isa = PBXFileReference; lastKnownFileType = wrapper.framework; name = CoreGraphics.framework; path = System/Library/Frameworks/CoreGraphics.framework; sourceTree = SDKROOT; };
		9AE24EC51904E95E001AEFFB /* UIKit.framework */ = {isa = PBXFileReference; lastKnownFileType = wrapper.framework; name = UIKit.framework; path = Library/Frameworks/UIKit.framework; sourceTree = DEVELOPER_DIR; };
		9AE24EDA1904E95E001AEFFB /* XCTest.framework */ = {isa = PBXFileReference; lastKnownFileType = wrapper.framework; name = XCTest.framework; path = Library/Frameworks/XCTest.framework; sourceTree = DEVELOPER_DIR; };
/* End PBXFileReference section */

/* Begin PBXFrameworksBuildPhase section */
		078C3581192175C900354453 /* Frameworks */ = {
			isa = PBXFrameworksBuildPhase;
			buildActionMask = 2147483647;
			files = (
				07D6A7A21B4CB6A7004FEBC2 /* libcore.dylib in Frameworks */,
				07D6A7A11B4CB697004FEBC2 /* libbase.dylib in Frameworks */,
				078C35CE1921772000354453 /* UIKit.framework in Frameworks */,
			);
			runOnlyForDeploymentPostprocessing = 0;
		};
		078C358E192175CA00354453 /* Frameworks */ = {
			isa = PBXFrameworksBuildPhase;
			buildActionMask = 2147483647;
			files = (
				078C3592192175CA00354453 /* XCTest.framework in Frameworks */,
				078C3594192175CA00354453 /* UIKit.framework in Frameworks */,
				078C3593192175CA00354453 /* Foundation.framework in Frameworks */,
				078C3597192175CA00354453 /* libapp.dylib in Frameworks */,
			);
			runOnlyForDeploymentPostprocessing = 0;
		};
/* End PBXFrameworksBuildPhase section */

/* Begin PBXGroup section */
		07011F9C190CA30F00C08335 /* Products */ = {
			isa = PBXGroup;
			children = (
				07011FAD190CA31000C08335 /* libbase.dylib */,
				07011FAF190CA31000C08335 /* libbase.dylib */,
				07011FB1190CA31000C08335 /* base_iosTests.xctest */,
			);
			name = Products;
			sourceTree = "<group>";
		};
		07108AF11B4C96B500A28F80 /* Products */ = {
			isa = PBXGroup;
			children = (
				07108AF71B4C96B500A28F80 /* libaura.dylib */,
				07108AF91B4C96B500A28F80 /* libaura.dylib */,
				07108AFB1B4C96B500A28F80 /* aura_iosTests.xctest */,
			);
			name = Products;
			sourceTree = "<group>";
		};
		07108B091B4C96DF00A28F80 /* Products */ = {
			isa = PBXGroup;
			children = (
				07108B0F1B4C96DF00A28F80 /* libaxis.dylib */,
				07108B111B4C96DF00A28F80 /* libaxis.dylib */,
				07108B131B4C96DF00A28F80 /* axis_iosTests.xctest */,
			);
			name = Products;
			sourceTree = "<group>";
		};
		07108B151B4C96F300A28F80 /* Products */ = {
			isa = PBXGroup;
			children = (
				07108B191B4C96F300A28F80 /* libaxisbzip2.dylib */,
				07D6A7901B4CB68A004FEBC2 /* libaxisbzip2.dylib */,
			);
			name = Products;
			sourceTree = "<group>";
		};
		07108B1B1B4C970100A28F80 /* Products */ = {
			isa = PBXGroup;
			children = (
				07108B201B4C970100A28F80 /* libauracharguess.dylib */,
				07108B221B4C970100A28F80 /* libauracharguess.dylib */,
			);
			name = Products;
			sourceTree = "<group>";
		};
		07108B241B4C970A00A28F80 /* Products */ = {
			isa = PBXGroup;
			children = (
				07108B291B4C970B00A28F80 /* libaurasqlite.dylib */,
				07108B2B1B4C970B00A28F80 /* libaurasqlite.dylib */,
			);
			name = Products;
			sourceTree = "<group>";
		};
		07108B2D1B4C971700A28F80 /* Products */ = {
			isa = PBXGroup;
			children = (
				07108B311B4C971700A28F80 /* libaxisfreeimage.dylib */,
				07D6A7941B4CB68A004FEBC2 /* libaxisfreeimage.dylib */,
			);
			name = Products;
			sourceTree = "<group>";
		};
		07108B331B4C971F00A28F80 /* Products */ = {
			isa = PBXGroup;
			children = (
				07108B371B4C971F00A28F80 /* libaxisfreetype.dylib */,
				07D6A7981B4CB68A004FEBC2 /* libaxisfreetype.dylib */,
			);
			name = Products;
			sourceTree = "<group>";
		};
		07108B391B4C973800A28F80 /* Products */ = {
			isa = PBXGroup;
			children = (
				07108B3D1B4C973800A28F80 /* libaxiszlib.dylib */,
				07D6A79C1B4CB68A004FEBC2 /* libaxiszlib.dylib */,
			);
			name = Products;
			sourceTree = "<group>";
		};
		078C3586192175C900354453 /* app */ = {
			isa = PBXGroup;
			children = (
				078C36CA192195E700354453 /* AppDelegate.h */,
				078C36CB192195E700354453 /* AppDelegate.mm */,
				078C36CC192195E700354453 /* main.cpp */,
				078C36CD192195E700354453 /* system.cpp */,
				078C36CE192195E700354453 /* window.cpp */,
				078C36C6192195A100354453 /* app.h */,
				078C36D7192199B100354453 /* main_mm.mm */,
			);
			path = app;
			sourceTree = "<group>";
		};
		078C3598192175CA00354453 /* appTests */ = {
			isa = PBXGroup;
			children = (
				078C359E192175CA00354453 /* appTests.m */,
				078C3599192175CA00354453 /* Supporting Files */,
			);
			path = appTests;
			sourceTree = "<group>";
		};
		078C3599192175CA00354453 /* Supporting Files */ = {
			isa = PBXGroup;
			children = (
				078C359A192175CA00354453 /* appTests-Info.plist */,
				078C359B192175CA00354453 /* InfoPlist.strings */,
			);
			name = "Supporting Files";
			sourceTree = "<group>";
		};
		07A6C9A1190C90C400859288 /* Products */ = {
			isa = PBXGroup;
			children = (
				07A6C9BA190C90C500859288 /* libcore.dylib */,
				07A6C9BC190C90C500859288 /* libcore.dylib */,
				07A6C9BE190C90C500859288 /* core_iosTests.xctest */,
			);
			name = Products;
			sourceTree = "<group>";
		};
		9A5752A716AAE1D2000CC4EF = {
			isa = PBXGroup;
			children = (
				07108AF01B4C96B500A28F80 /* aura.xcodeproj */,
				07108B1A1B4C970100A28F80 /* auracharguess.xcodeproj */,
				07108B231B4C970A00A28F80 /* aurasqlite.xcodeproj */,
				07108B081B4C96DF00A28F80 /* axis.xcodeproj */,
				07108B141B4C96F300A28F80 /* axisbzip2.xcodeproj */,
				07108B2C1B4C971700A28F80 /* axisfreeimage.xcodeproj */,
				07108B321B4C971F00A28F80 /* axisfreetype.xcodeproj */,
				07108B381B4C973800A28F80 /* axiszlib.xcodeproj */,
				9AA6A4571907B5F0000A1F4A /* base.xcodeproj */,
				9AA6A4871907B628000A1F4A /* core.xcodeproj */,
				078C3586192175C900354453 /* app */,
				078C3598192175CA00354453 /* appTests */,
				9A5752B516AAE1D2000CC4EF /* Frameworks */,
				9A5752B316AAE1D2000CC4EF /* Products */,
			);
			sourceTree = "<group>";
		};
		9A5752B316AAE1D2000CC4EF /* Products */ = {
			isa = PBXGroup;
			children = (
				078C3584192175C900354453 /* libapp.dylib */,
				078C3591192175CA00354453 /* appTests.xctest */,
			);
			name = Products;
			sourceTree = "<group>";
		};
		9A5752B516AAE1D2000CC4EF /* Frameworks */ = {
			isa = PBXGroup;
			children = (
				078C35CD1921772000354453 /* UIKit.framework */,
				9AA6A44D1907B5BD000A1F4A /* libbase.dylib */,
				9AA6A44E1907B5BD000A1F4A /* libbasefreeimage.dylib */,
				9AA6A44F1907B5BD000A1F4A /* libbasefreetype.dylib */,
				9AA6A4501907B5BD000A1F4A /* libbasemysql.dylib */,
				9AA6A4511907B5BD000A1F4A /* libcore.dylib */,
				9AA6A36F190759B1000A1F4A /* libbasefreeimage_ios.dylib */,
				9AA6A370190759B1000A1F4A /* libbasefreetype_ios.dylib */,
				9AA6A371190759B1000A1F4A /* libbasemysql_ios.dylib */,
				9AA6A372190759B1000A1F4A /* libcore_ios.dylib */,
				9AA6A2B0190721C7000A1F4A /* libbase_ios.dylib */,
				9A5752B616AAE1D2000CC4EF /* Cocoa.framework */,
				07B5903518866047002C6FEC /* CoreFoundation.framework */,
				9AE24EC11904E95E001AEFFB /* Foundation.framework */,
				9AE24EC31904E95E001AEFFB /* CoreGraphics.framework */,
				9AE24EC51904E95E001AEFFB /* UIKit.framework */,
				9AE24EDA1904E95E001AEFFB /* XCTest.framework */,
				9A5752B816AAE1D2000CC4EF /* Other Frameworks */,
			);
			name = Frameworks;
			sourceTree = "<group>";
		};
		9A5752B816AAE1D2000CC4EF /* Other Frameworks */ = {
			isa = PBXGroup;
			children = (
				9A5752B916AAE1D2000CC4EF /* AppKit.framework */,
				9A5752BA16AAE1D2000CC4EF /* CoreData.framework */,
				9A5752BB16AAE1D2000CC4EF /* Foundation.framework */,
			);
			name = "Other Frameworks";
			sourceTree = "<group>";
		};
/* End PBXGroup section */

/* Begin PBXNativeTarget section */
		078C3583192175C900354453 /* app */ = {
			isa = PBXNativeTarget;
			buildConfigurationList = 078C35A0192175CA00354453 /* Build configuration list for PBXNativeTarget "app" */;
			buildPhases = (
				078C3580192175C900354453 /* Sources */,
				078C3581192175C900354453 /* Frameworks */,
				078C3582192175C900354453 /* CopyFiles */,
			);
			buildRules = (
			);
			dependencies = (
				077A02471B4D5CFA001C85FF /* PBXTargetDependency */,
				077A02491B4D5CFA001C85FF /* PBXTargetDependency */,
				077A024B1B4D5CFA001C85FF /* PBXTargetDependency */,
				077A024D1B4D5CFA001C85FF /* PBXTargetDependency */,
				077A024F1B4D5CFA001C85FF /* PBXTargetDependency */,
				077A02511B4D5CFA001C85FF /* PBXTargetDependency */,
				077A02531B4D5CFA001C85FF /* PBXTargetDependency */,
				077A02551B4D5CFA001C85FF /* PBXTargetDependency */,
				077A02571B4D5CFA001C85FF /* PBXTargetDependency */,
				077A02591B4D5CFA001C85FF /* PBXTargetDependency */,
				077A025B1B4D5CFA001C85FF /* PBXTargetDependency */,
				077A025D1B4D5CFA001C85FF /* PBXTargetDependency */,
				077A025F1B4D5CFA001C85FF /* PBXTargetDependency */,
				078C35BF192176F300354453 /* PBXTargetDependency */,
				078C35C7192176F300354453 /* PBXTargetDependency */,
			);
			name = app;
			productName = app;
			productReference = 078C3584192175C900354453 /* libapp.dylib */;
			productType = "com.apple.product-type.library.static";
		};
		078C3590192175CA00354453 /* appTests */ = {
			isa = PBXNativeTarget;
			buildConfigurationList = 078C35A3192175CA00354453 /* Build configuration list for PBXNativeTarget "appTests" */;
			buildPhases = (
				078C358D192175CA00354453 /* Sources */,
				078C358E192175CA00354453 /* Frameworks */,
				078C358F192175CA00354453 /* Resources */,
			);
			buildRules = (
			);
			dependencies = (
				078C3596192175CA00354453 /* PBXTargetDependency */,
			);
			name = appTests;
			productName = appTests;
			productReference = 078C3591192175CA00354453 /* appTests.xctest */;
			productType = "com.apple.product-type.bundle.unit-test";
		};
/* End PBXNativeTarget section */

/* Begin PBXProject section */
		9A5752A916AAE1D2000CC4EF /* Project object */ = {
			isa = PBXProject;
			attributes = {
				CLASSPREFIX = ca2;
				LastUpgradeCheck = 0500;
				ORGANIZATIONNAME = "Camilo Sasuke Tsumanuma";
			};
			buildConfigurationList = 9A5752AC16AAE1D2000CC4EF /* Build configuration list for PBXProject "app" */;
			compatibilityVersion = "Xcode 3.2";
			developmentRegion = English;
			hasScannedForEncodings = 0;
			knownRegions = (
				en,
			);
			mainGroup = 9A5752A716AAE1D2000CC4EF;
			productRefGroup = 9A5752B316AAE1D2000CC4EF /* Products */;
			projectDirPath = "";
			projectReferences = (
				{
					ProductGroup = 07108AF11B4C96B500A28F80 /* Products */;
					ProjectRef = 07108AF01B4C96B500A28F80 /* aura.xcodeproj */;
				},
				{
					ProductGroup = 07108B1B1B4C970100A28F80 /* Products */;
					ProjectRef = 07108B1A1B4C970100A28F80 /* auracharguess.xcodeproj */;
				},
				{
					ProductGroup = 07108B241B4C970A00A28F80 /* Products */;
					ProjectRef = 07108B231B4C970A00A28F80 /* aurasqlite.xcodeproj */;
				},
				{
					ProductGroup = 07108B091B4C96DF00A28F80 /* Products */;
					ProjectRef = 07108B081B4C96DF00A28F80 /* axis.xcodeproj */;
				},
				{
					ProductGroup = 07108B151B4C96F300A28F80 /* Products */;
					ProjectRef = 07108B141B4C96F300A28F80 /* axisbzip2.xcodeproj */;
				},
				{
					ProductGroup = 07108B2D1B4C971700A28F80 /* Products */;
					ProjectRef = 07108B2C1B4C971700A28F80 /* axisfreeimage.xcodeproj */;
				},
				{
					ProductGroup = 07108B331B4C971F00A28F80 /* Products */;
					ProjectRef = 07108B321B4C971F00A28F80 /* axisfreetype.xcodeproj */;
				},
				{
					ProductGroup = 07108B391B4C973800A28F80 /* Products */;
					ProjectRef = 07108B381B4C973800A28F80 /* axiszlib.xcodeproj */;
				},
				{
					ProductGroup = 07011F9C190CA30F00C08335 /* Products */;
					ProjectRef = 9AA6A4571907B5F0000A1F4A /* base.xcodeproj */;
				},
				{
					ProductGroup = 07A6C9A1190C90C400859288 /* Products */;
					ProjectRef = 9AA6A4871907B628000A1F4A /* core.xcodeproj */;
				},
			);
			projectRoot = "";
			targets = (
				078C3583192175C900354453 /* app */,
				078C3590192175CA00354453 /* appTests */,
			);
		};
/* End PBXProject section */

/* Begin PBXReferenceProxy section */
		07011FAD190CA31000C08335 /* libbase.dylib */ = {
			isa = PBXReferenceProxy;
			fileType = "compiled.mach-o.dylib";
			path = libbase.dylib;
			remoteRef = 07011FAC190CA31000C08335 /* PBXContainerItemProxy */;
			sourceTree = BUILT_PRODUCTS_DIR;
		};
		07011FAF190CA31000C08335 /* libbase.dylib */ = {
			isa = PBXReferenceProxy;
			fileType = archive.ar;
			path = libbase.dylib;
			remoteRef = 07011FAE190CA31000C08335 /* PBXContainerItemProxy */;
			sourceTree = BUILT_PRODUCTS_DIR;
		};
		07011FB1190CA31000C08335 /* base_iosTests.xctest */ = {
			isa = PBXReferenceProxy;
			fileType = wrapper.cfbundle;
			path = base_iosTests.xctest;
			remoteRef = 07011FB0190CA31000C08335 /* PBXContainerItemProxy */;
			sourceTree = BUILT_PRODUCTS_DIR;
		};
		07108AF71B4C96B500A28F80 /* libaura.dylib */ = {
			isa = PBXReferenceProxy;
			fileType = "compiled.mach-o.dylib";
			path = libaura.dylib;
			remoteRef = 07108AF61B4C96B500A28F80 /* PBXContainerItemProxy */;
			sourceTree = BUILT_PRODUCTS_DIR;
		};
		07108AF91B4C96B500A28F80 /* libaura.dylib */ = {
			isa = PBXReferenceProxy;
			fileType = archive.ar;
			path = libaura.dylib;
			remoteRef = 07108AF81B4C96B500A28F80 /* PBXContainerItemProxy */;
			sourceTree = BUILT_PRODUCTS_DIR;
		};
		07108AFB1B4C96B500A28F80 /* aura_iosTests.xctest */ = {
			isa = PBXReferenceProxy;
			fileType = wrapper.cfbundle;
			path = aura_iosTests.xctest;
			remoteRef = 07108AFA1B4C96B500A28F80 /* PBXContainerItemProxy */;
			sourceTree = BUILT_PRODUCTS_DIR;
		};
		07108B0F1B4C96DF00A28F80 /* libaxis.dylib */ = {
			isa = PBXReferenceProxy;
			fileType = "compiled.mach-o.dylib";
			path = libaxis.dylib;
			remoteRef = 07108B0E1B4C96DF00A28F80 /* PBXContainerItemProxy */;
			sourceTree = BUILT_PRODUCTS_DIR;
		};
		07108B111B4C96DF00A28F80 /* libaxis.dylib */ = {
			isa = PBXReferenceProxy;
			fileType = archive.ar;
			path = libaxis.dylib;
			remoteRef = 07108B101B4C96DF00A28F80 /* PBXContainerItemProxy */;
			sourceTree = BUILT_PRODUCTS_DIR;
		};
		07108B131B4C96DF00A28F80 /* axis_iosTests.xctest */ = {
			isa = PBXReferenceProxy;
			fileType = wrapper.cfbundle;
			path = axis_iosTests.xctest;
			remoteRef = 07108B121B4C96DF00A28F80 /* PBXContainerItemProxy */;
			sourceTree = BUILT_PRODUCTS_DIR;
		};
		07108B191B4C96F300A28F80 /* libaxisbzip2.dylib */ = {
			isa = PBXReferenceProxy;
			fileType = "compiled.mach-o.dylib";
			path = libaxisbzip2.dylib;
			remoteRef = 07108B181B4C96F300A28F80 /* PBXContainerItemProxy */;
			sourceTree = BUILT_PRODUCTS_DIR;
		};
		07108B201B4C970100A28F80 /* libauracharguess.dylib */ = {
			isa = PBXReferenceProxy;
			fileType = "compiled.mach-o.dylib";
			path = libauracharguess.dylib;
			remoteRef = 07108B1F1B4C970100A28F80 /* PBXContainerItemProxy */;
			sourceTree = BUILT_PRODUCTS_DIR;
		};
		07108B221B4C970100A28F80 /* libauracharguess.dylib */ = {
			isa = PBXReferenceProxy;
			fileType = "compiled.mach-o.dylib";
			path = libauracharguess.dylib;
			remoteRef = 07108B211B4C970100A28F80 /* PBXContainerItemProxy */;
			sourceTree = BUILT_PRODUCTS_DIR;
		};
		07108B291B4C970B00A28F80 /* libaurasqlite.dylib */ = {
			isa = PBXReferenceProxy;
			fileType = "compiled.mach-o.dylib";
			path = libaurasqlite.dylib;
			remoteRef = 07108B281B4C970B00A28F80 /* PBXContainerItemProxy */;
			sourceTree = BUILT_PRODUCTS_DIR;
		};
		07108B2B1B4C970B00A28F80 /* libaurasqlite.dylib */ = {
			isa = PBXReferenceProxy;
			fileType = "compiled.mach-o.dylib";
			path = libaurasqlite.dylib;
			remoteRef = 07108B2A1B4C970B00A28F80 /* PBXContainerItemProxy */;
			sourceTree = BUILT_PRODUCTS_DIR;
		};
		07108B311B4C971700A28F80 /* libaxisfreeimage.dylib */ = {
			isa = PBXReferenceProxy;
			fileType = "compiled.mach-o.dylib";
			path = libaxisfreeimage.dylib;
			remoteRef = 07108B301B4C971700A28F80 /* PBXContainerItemProxy */;
			sourceTree = BUILT_PRODUCTS_DIR;
		};
		07108B371B4C971F00A28F80 /* libaxisfreetype.dylib */ = {
			isa = PBXReferenceProxy;
			fileType = "compiled.mach-o.dylib";
			path = libaxisfreetype.dylib;
			remoteRef = 07108B361B4C971F00A28F80 /* PBXContainerItemProxy */;
			sourceTree = BUILT_PRODUCTS_DIR;
		};
		07108B3D1B4C973800A28F80 /* libaxiszlib.dylib */ = {
			isa = PBXReferenceProxy;
			fileType = "compiled.mach-o.dylib";
			path = libaxiszlib.dylib;
			remoteRef = 07108B3C1B4C973800A28F80 /* PBXContainerItemProxy */;
			sourceTree = BUILT_PRODUCTS_DIR;
		};
		07A6C9BA190C90C500859288 /* libcore.dylib */ = {
			isa = PBXReferenceProxy;
			fileType = "compiled.mach-o.dylib";
			path = libcore.dylib;
			remoteRef = 07A6C9B9190C90C500859288 /* PBXContainerItemProxy */;
			sourceTree = BUILT_PRODUCTS_DIR;
		};
		07A6C9BC190C90C500859288 /* libcore.dylib */ = {
			isa = PBXReferenceProxy;
			fileType = archive.ar;
			path = libcore.dylib;
			remoteRef = 07A6C9BB190C90C500859288 /* PBXContainerItemProxy */;
			sourceTree = BUILT_PRODUCTS_DIR;
		};
		07A6C9BE190C90C500859288 /* core_iosTests.xctest */ = {
			isa = PBXReferenceProxy;
			fileType = wrapper.cfbundle;
			path = core_iosTests.xctest;
			remoteRef = 07A6C9BD190C90C500859288 /* PBXContainerItemProxy */;
			sourceTree = BUILT_PRODUCTS_DIR;
		};
		07D6A7901B4CB68A004FEBC2 /* libaxisbzip2.dylib */ = {
			isa = PBXReferenceProxy;
			fileType = "compiled.mach-o.dylib";
			path = libaxisbzip2.dylib;
			remoteRef = 07D6A78F1B4CB68A004FEBC2 /* PBXContainerItemProxy */;
			sourceTree = BUILT_PRODUCTS_DIR;
		};
		07D6A7941B4CB68A004FEBC2 /* libaxisfreeimage.dylib */ = {
			isa = PBXReferenceProxy;
			fileType = "compiled.mach-o.dylib";
			path = libaxisfreeimage.dylib;
			remoteRef = 07D6A7931B4CB68A004FEBC2 /* PBXContainerItemProxy */;
			sourceTree = BUILT_PRODUCTS_DIR;
		};
		07D6A7981B4CB68A004FEBC2 /* libaxisfreetype.dylib */ = {
			isa = PBXReferenceProxy;
			fileType = "compiled.mach-o.dylib";
			path = libaxisfreetype.dylib;
			remoteRef = 07D6A7971B4CB68A004FEBC2 /* PBXContainerItemProxy */;
			sourceTree = BUILT_PRODUCTS_DIR;
		};
		07D6A79C1B4CB68A004FEBC2 /* libaxiszlib.dylib */ = {
			isa = PBXReferenceProxy;
			fileType = "compiled.mach-o.dylib";
			path = libaxiszlib.dylib;
			remoteRef = 07D6A79B1B4CB68A004FEBC2 /* PBXContainerItemProxy */;
			sourceTree = BUILT_PRODUCTS_DIR;
		};
/* End PBXReferenceProxy section */

/* Begin PBXResourcesBuildPhase section */
		078C358F192175CA00354453 /* Resources */ = {
			isa = PBXResourcesBuildPhase;
			buildActionMask = 2147483647;
			files = (
				078C359D192175CA00354453 /* InfoPlist.strings in Resources */,
			);
			runOnlyForDeploymentPostprocessing = 0;
		};
/* End PBXResourcesBuildPhase section */

/* Begin PBXSourcesBuildPhase section */
		078C3580192175C900354453 /* Sources */ = {
			isa = PBXSourcesBuildPhase;
			buildActionMask = 2147483647;
			files = (
				078C36D3192195E700354453 /* system.cpp in Sources */,
				078C36D8192199B100354453 /* main_mm.mm in Sources */,
				078C36CF192195E700354453 /* AppDelegate.mm in Sources */,
				078C36D5192195E700354453 /* window.cpp in Sources */,
				078C36D1192195E700354453 /* main.cpp in Sources */,
			);
			runOnlyForDeploymentPostprocessing = 0;
		};
		078C358D192175CA00354453 /* Sources */ = {
			isa = PBXSourcesBuildPhase;
			buildActionMask = 2147483647;
			files = (
				078C36D9192199B100354453 /* main_mm.mm in Sources */,
				078C359F192175CA00354453 /* appTests.m in Sources */,
				078C36D4192195E700354453 /* system.cpp in Sources */,
				078C36D0192195E700354453 /* AppDelegate.mm in Sources */,
				078C36D6192195E700354453 /* window.cpp in Sources */,
				078C36D2192195E700354453 /* main.cpp in Sources */,
			);
			runOnlyForDeploymentPostprocessing = 0;
		};
/* End PBXSourcesBuildPhase section */

/* Begin PBXTargetDependency section */
		077A02471B4D5CFA001C85FF /* PBXTargetDependency */ = {
			isa = PBXTargetDependency;
			name = aura_ios;
			targetProxy = 077A02461B4D5CFA001C85FF /* PBXContainerItemProxy */;
		};
		077A02491B4D5CFA001C85FF /* PBXTargetDependency */ = {
			isa = PBXTargetDependency;
			name = auracharguess_ios;
			targetProxy = 077A02481B4D5CFA001C85FF /* PBXContainerItemProxy */;
		};
		077A024B1B4D5CFA001C85FF /* PBXTargetDependency */ = {
			isa = PBXTargetDependency;
			name = aurasqlite_ios;
			targetProxy = 077A024A1B4D5CFA001C85FF /* PBXContainerItemProxy */;
		};
		077A024D1B4D5CFA001C85FF /* PBXTargetDependency */ = {
			isa = PBXTargetDependency;
			name = axis_ios;
			targetProxy = 077A024C1B4D5CFA001C85FF /* PBXContainerItemProxy */;
		};
		077A024F1B4D5CFA001C85FF /* PBXTargetDependency */ = {
			isa = PBXTargetDependency;
			name = aurasqlite_ios;
			targetProxy = 077A024E1B4D5CFA001C85FF /* PBXContainerItemProxy */;
		};
		077A02511B4D5CFA001C85FF /* PBXTargetDependency */ = {
			isa = PBXTargetDependency;
			name = axisbzip2_ios;
			targetProxy = 077A02501B4D5CFA001C85FF /* PBXContainerItemProxy */;
		};
		077A02531B4D5CFA001C85FF /* PBXTargetDependency */ = {
			isa = PBXTargetDependency;
			name = axisfreeimage_ios;
			targetProxy = 077A02521B4D5CFA001C85FF /* PBXContainerItemProxy */;
		};
		077A02551B4D5CFA001C85FF /* PBXTargetDependency */ = {
			isa = PBXTargetDependency;
			name = axisbzip2_ios;
			targetProxy = 077A02541B4D5CFA001C85FF /* PBXContainerItemProxy */;
		};
		077A02571B4D5CFA001C85FF /* PBXTargetDependency */ = {
			isa = PBXTargetDependency;
			name = axiszlib_ios;
			targetProxy = 077A02561B4D5CFA001C85FF /* PBXContainerItemProxy */;
		};
		077A02591B4D5CFA001C85FF /* PBXTargetDependency */ = {
			isa = PBXTargetDependency;
			name = axiszlib_ios;
			targetProxy = 077A02581B4D5CFA001C85FF /* PBXContainerItemProxy */;
		};
		077A025B1B4D5CFA001C85FF /* PBXTargetDependency */ = {
			isa = PBXTargetDependency;
			name = axiszlib_ios;
			targetProxy = 077A025A1B4D5CFA001C85FF /* PBXContainerItemProxy */;
		};
		077A025D1B4D5CFA001C85FF /* PBXTargetDependency */ = {
			isa = PBXTargetDependency;
			name = axisbzip2_ios;
			targetProxy = 077A025C1B4D5CFA001C85FF /* PBXContainerItemProxy */;
		};
		077A025F1B4D5CFA001C85FF /* PBXTargetDependency */ = {
			isa = PBXTargetDependency;
			name = axiszlib_ios;
			targetProxy = 077A025E1B4D5CFA001C85FF /* PBXContainerItemProxy */;
		};
		078C3596192175CA00354453 /* PBXTargetDependency */ = {
			isa = PBXTargetDependency;
			target = 078C3583192175C900354453 /* app */;
			targetProxy = 078C3595192175CA00354453 /* PBXContainerItemProxy */;
		};
		078C35BF192176F300354453 /* PBXTargetDependency */ = {
			isa = PBXTargetDependency;
			name = base_ios;
			targetProxy = 078C35BE192176F300354453 /* PBXContainerItemProxy */;
		};
		078C35C7192176F300354453 /* PBXTargetDependency */ = {
			isa = PBXTargetDependency;
			name = core_ios;
			targetProxy = 078C35C6192176F300354453 /* PBXContainerItemProxy */;
		};
/* End PBXTargetDependency section */

/* Begin PBXVariantGroup section */
		078C359B192175CA00354453 /* InfoPlist.strings */ = {
			isa = PBXVariantGroup;
			children = (
				078C359C192175CA00354453 /* en */,
			);
			name = InfoPlist.strings;
			sourceTree = "<group>";
		};
/* End PBXVariantGroup section */

/* Begin XCBuildConfiguration section */
		078C35A1192175CA00354453 /* Debug */ = {
			isa = XCBuildConfiguration;
			buildSettings = {
				ALWAYS_SEARCH_USER_PATHS = YES;
				CLANG_CXX_LANGUAGE_STANDARD = "gnu++0x";
				CLANG_ENABLE_MODULES = YES;
				CLANG_ENABLE_OBJC_ARC = YES;
				DSTROOT = /tmp/app.dst;
				EXECUTABLE_EXTENSION = dylib;
				GCC_C_LANGUAGE_STANDARD = gnu99;
				GCC_PRECOMPILE_PREFIX_HEADER = NO;
				GCC_PREPROCESSOR_DEFINITIONS = (
					"DEBUG=1",
					"$(inherited)",
				);
				IPHONEOS_DEPLOYMENT_TARGET = 7.1;
				MACH_O_TYPE = mh_dylib;
				PRODUCT_NAME = "$(TARGET_NAME)";
				SKIP_INSTALL = YES;
			};
			name = Debug;
		};
		078C35A2192175CA00354453 /* Release */ = {
			isa = XCBuildConfiguration;
			buildSettings = {
				ALWAYS_SEARCH_USER_PATHS = YES;
				CLANG_CXX_LANGUAGE_STANDARD = "gnu++0x";
				CLANG_ENABLE_MODULES = YES;
				CLANG_ENABLE_OBJC_ARC = YES;
				DSTROOT = /tmp/app.dst;
				ENABLE_NS_ASSERTIONS = NO;
				EXECUTABLE_EXTENSION = dylib;
				GCC_C_LANGUAGE_STANDARD = gnu99;
				GCC_PRECOMPILE_PREFIX_HEADER = NO;
				IPHONEOS_DEPLOYMENT_TARGET = 7.1;
				MACH_O_TYPE = mh_dylib;
				PRODUCT_NAME = "$(TARGET_NAME)";
				SKIP_INSTALL = YES;
			};
			name = Release;
		};
		078C35A4192175CA00354453 /* Debug */ = {
			isa = XCBuildConfiguration;
			buildSettings = {
				ALWAYS_SEARCH_USER_PATHS = NO;
				CLANG_CXX_LANGUAGE_STANDARD = "gnu++0x";
				CLANG_ENABLE_MODULES = YES;
				CLANG_ENABLE_OBJC_ARC = YES;
				FRAMEWORK_SEARCH_PATHS = (
					"$(SDKROOT)/Developer/Library/Frameworks",
					"$(inherited)",
					"$(DEVELOPER_FRAMEWORKS_DIR)",
				);
				GCC_C_LANGUAGE_STANDARD = gnu99;
				GCC_PRECOMPILE_PREFIX_HEADER = YES;
				GCC_PREFIX_HEADER = "app/app-Prefix.pch";
				GCC_PREPROCESSOR_DEFINITIONS = (
					"DEBUG=1",
					"$(inherited)",
				);
				INFOPLIST_FILE = "appTests/appTests-Info.plist";
				IPHONEOS_DEPLOYMENT_TARGET = 7.1;
				PRODUCT_NAME = "$(TARGET_NAME)";
				WRAPPER_EXTENSION = xctest;
			};
			name = Debug;
		};
		078C35A5192175CA00354453 /* Release */ = {
			isa = XCBuildConfiguration;
			buildSettings = {
				ALWAYS_SEARCH_USER_PATHS = NO;
				CLANG_CXX_LANGUAGE_STANDARD = "gnu++0x";
				CLANG_ENABLE_MODULES = YES;
				CLANG_ENABLE_OBJC_ARC = YES;
				ENABLE_NS_ASSERTIONS = NO;
				FRAMEWORK_SEARCH_PATHS = (
					"$(SDKROOT)/Developer/Library/Frameworks",
					"$(inherited)",
					"$(DEVELOPER_FRAMEWORKS_DIR)",
				);
				GCC_C_LANGUAGE_STANDARD = gnu99;
				GCC_PRECOMPILE_PREFIX_HEADER = YES;
				GCC_PREFIX_HEADER = "app/app-Prefix.pch";
				INFOPLIST_FILE = "appTests/appTests-Info.plist";
				IPHONEOS_DEPLOYMENT_TARGET = 7.1;
				PRODUCT_NAME = "$(TARGET_NAME)";
				WRAPPER_EXTENSION = xctest;
			};
			name = Release;
		};
		9A5752CE16AAE1D3000CC4EF /* Debug */ = {
			isa = XCBuildConfiguration;
			buildSettings = {
				ALWAYS_SEARCH_USER_PATHS = YES;
				CLANG_ANALYZER_DEADCODE_DEADSTORES = NO;
				CLANG_ANALYZER_MEMORY_MANAGEMENT = YES;
				CLANG_CXX_LANGUAGE_STANDARD = "c++0x";
				CLANG_CXX_LIBRARY = "libc++";
				CLANG_ENABLE_OBJC_ARC = NO;
				CLANG_WARN_BOOL_CONVERSION = YES;
				CLANG_WARN_CONSTANT_CONVERSION = YES;
				CLANG_WARN_DIRECT_OBJC_ISA_USAGE = YES_ERROR;
				CLANG_WARN_EMPTY_BODY = YES;
				CLANG_WARN_ENUM_CONVERSION = YES;
				CLANG_WARN_INT_CONVERSION = YES;
				CLANG_WARN_OBJC_ROOT_CLASS = YES_ERROR;
				CLANG_WARN__DUPLICATE_METHOD_MATCH = YES;
				COPY_PHASE_STRIP = NO;
				GCC_C_LANGUAGE_STANDARD = c99;
				GCC_DYNAMIC_NO_PIC = NO;
				GCC_ENABLE_OBJC_EXCEPTIONS = YES;
				GCC_OPTIMIZATION_LEVEL = 0;
				GCC_PREPROCESSOR_DEFINITIONS = (
					"DEBUG=1",
					"$(inherited)",
				);
				GCC_SYMBOLS_PRIVATE_EXTERN = NO;
				GCC_WARN_64_TO_32_BIT_CONVERSION = YES;
				GCC_WARN_ABOUT_RETURN_TYPE = YES_ERROR;
				GCC_WARN_UNDECLARED_SELECTOR = YES;
				GCC_WARN_UNINITIALIZED_AUTOS = YES_AGGRESSIVE;
				GCC_WARN_UNUSED_FUNCTION = YES;
				GCC_WARN_UNUSED_VARIABLE = YES;
				HEADER_SEARCH_PATHS = (
					"$(WorkspaceDir)/../../../app/thirdparty/include",
					"$(WorkspaceDir)/../../../nodeapp/thirdparty/include",
				);
				INSTALL_PATH = /Applications;
				LIBRARY_SEARCH_PATHS = (
					"$(inherited)",
					"\"$(TARGET_BUILD_DIR)\"",
				);
				MACOSX_DEPLOYMENT_TARGET = 10.8;
				ONLY_ACTIVE_ARCH = YES;
				PRODUCT_NAME = "$(PROJECT_NAME)";
				SDKROOT = iphoneos;
				SUPPORTED_PLATFORMS = "iphonesimulator iphoneos";
				TARGETED_DEVICE_FAMILY = "1,2";
				USER_HEADER_SEARCH_PATHS = "$(WorkspaceDir)/../../../include $(WorkspaceDir)/../../../app/include . .. $(WorkspaceDir)/../../.. $(WorkspaceDir)/../../../app $(WorkspaceDir)/../../../app/appseed $(WorkspaceDir)/../../../app/appseed/core $(WorkspaceDir)/../../../app/appseed/base $(WorkspaceDir)/../.. $(WorkspaceDir)/../../thirdparty/include $(WorkspaceDir)/../../../app/thirdparty/include $(WorkspaceDir)/../../appseed $(WorkspaceDir)/../../../app/thirdparty/appseed";
				WorkspaceDir = "$(SRCROOT)/../../../nodeapp/seed/metaseed";
			};
			name = Debug;
		};
		9A5752CF16AAE1D3000CC4EF /* Release */ = {
			isa = XCBuildConfiguration;
			buildSettings = {
				ALWAYS_SEARCH_USER_PATHS = YES;
				CLANG_ANALYZER_DEADCODE_DEADSTORES = NO;
				CLANG_ANALYZER_MEMORY_MANAGEMENT = YES;
				CLANG_CXX_LANGUAGE_STANDARD = "c++0x";
				CLANG_CXX_LIBRARY = "libc++";
				CLANG_ENABLE_OBJC_ARC = NO;
				CLANG_WARN_BOOL_CONVERSION = YES;
				CLANG_WARN_CONSTANT_CONVERSION = YES;
				CLANG_WARN_DIRECT_OBJC_ISA_USAGE = YES_ERROR;
				CLANG_WARN_EMPTY_BODY = YES;
				CLANG_WARN_ENUM_CONVERSION = YES;
				CLANG_WARN_INT_CONVERSION = YES;
				CLANG_WARN_OBJC_ROOT_CLASS = YES_ERROR;
				CLANG_WARN__DUPLICATE_METHOD_MATCH = YES;
				COPY_PHASE_STRIP = YES;
				DEBUG_INFORMATION_FORMAT = "dwarf-with-dsym";
				GCC_C_LANGUAGE_STANDARD = c99;
				GCC_ENABLE_OBJC_EXCEPTIONS = YES;
				GCC_WARN_64_TO_32_BIT_CONVERSION = YES;
				GCC_WARN_ABOUT_RETURN_TYPE = YES_ERROR;
				GCC_WARN_UNDECLARED_SELECTOR = YES;
				GCC_WARN_UNINITIALIZED_AUTOS = YES_AGGRESSIVE;
				GCC_WARN_UNUSED_FUNCTION = YES;
				GCC_WARN_UNUSED_VARIABLE = YES;
				HEADER_SEARCH_PATHS = (
					"$(WorkspaceDir)/../../../app/thirdparty/include",
					"$(WorkspaceDir)/../../../nodeapp/thirdparty/include",
				);
				INSTALL_PATH = /Applications;
				LIBRARY_SEARCH_PATHS = (
					"$(inherited)",
					"\"$(TARGET_BUILD_DIR)\"",
				);
				MACOSX_DEPLOYMENT_TARGET = 10.8;
				PRODUCT_NAME = "$(PROJECT_NAME)";
				SDKROOT = iphoneos;
				SUPPORTED_PLATFORMS = "iphonesimulator iphoneos";
				TARGETED_DEVICE_FAMILY = "1,2";
				USER_HEADER_SEARCH_PATHS = "$(WorkspaceDir)/../../../include $(WorkspaceDir)/../../../app/include . .. $(WorkspaceDir)/../../.. $(WorkspaceDir)/../../../app $(WorkspaceDir)/../../../app/appseed $(WorkspaceDir)/../../../app/appseed/core $(WorkspaceDir)/../../../app/appseed/base $(WorkspaceDir)/../.. $(WorkspaceDir)/../../thirdparty/include $(WorkspaceDir)/../../../app/thirdparty/include $(WorkspaceDir)/../../appseed $(WorkspaceDir)/../../../app/thirdparty/appseed";
				VALIDATE_PRODUCT = YES;
				WorkspaceDir = "$(SRCROOT)/../../../nodeapp/seed/metaseed";
			};
			name = Release;
		};
/* End XCBuildConfiguration section */

/* Begin XCConfigurationList section */
		078C35A0192175CA00354453 /* Build configuration list for PBXNativeTarget "app" */ = {
			isa = XCConfigurationList;
			buildConfigurations = (
				078C35A1192175CA00354453 /* Debug */,
				078C35A2192175CA00354453 /* Release */,
			);
			defaultConfigurationIsVisible = 0;
			defaultConfigurationName = Release;
		};
		078C35A3192175CA00354453 /* Build configuration list for PBXNativeTarget "appTests" */ = {
			isa = XCConfigurationList;
			buildConfigurations = (
				078C35A4192175CA00354453 /* Debug */,
				078C35A5192175CA00354453 /* Release */,
			);
			defaultConfigurationIsVisible = 0;
			defaultConfigurationName = Release;
		};
		9A5752AC16AAE1D2000CC4EF /* Build configuration list for PBXProject "app" */ = {
			isa = XCConfigurationList;
			buildConfigurations = (
				9A5752CE16AAE1D3000CC4EF /* Debug */,
				9A5752CF16AAE1D3000CC4EF /* Release */,
			);
			defaultConfigurationIsVisible = 0;
			defaultConfigurationName = Release;
		};
/* End XCConfigurationList section */
	};
	rootObject = 9A5752A916AAE1D2000CC4EF /* Project object */;
}
