// !$*UTF8*$!
{
	archiveVersion = 1;
	classes = {
	};
	objectVersion = 46;
	objects = {

/* Begin PBXBuildFile section */
		078C3592192175CA00354453 /* XCTest.framework in Frameworks */ = {isa = PBXBuildFile; fileRef = 9AE24EDA1904E95E001AEFFB /* XCTest.framework */; };
		078C3593192175CA00354453 /* Foundation.framework in Frameworks */ = {isa = PBXBuildFile; fileRef = 9AE24EC11904E95E001AEFFB /* Foundation.framework */; };
		078C3594192175CA00354453 /* UIKit.framework in Frameworks */ = {isa = PBXBuildFile; fileRef = 9AE24EC51904E95E001AEFFB /* UIKit.framework */; };
		078C3597192175CA00354453 /* libapp.dylib in Frameworks */ = {isa = PBXBuildFile; fileRef = 078C3584192175C900354453 /* libapp.dylib */; };
		078C359D192175CA00354453 /* InfoPlist.strings in Resources */ = {isa = PBXBuildFile; fileRef = 078C359B192175CA00354453 /* InfoPlist.strings */; };
		078C359F192175CA00354453 /* appTests.m in Sources */ = {isa = PBXBuildFile; fileRef = 078C359E192175CA00354453 /* appTests.m */; };
		078C35CE1921772000354453 /* UIKit.framework in Frameworks */ = {isa = PBXBuildFile; fileRef = 078C35CD1921772000354453 /* UIKit.framework */; };
		078C36D1192195E700354453 /* main.cpp in Sources */ = {isa = PBXBuildFile; fileRef = 078C36CC192195E700354453 /* main.cpp */; };
		078C36D2192195E700354453 /* main.cpp in Sources */ = {isa = PBXBuildFile; fileRef = 078C36CC192195E700354453 /* main.cpp */; };
		07D742CC1B50368400821238 /* libios_aura.dylib in Frameworks */ = {isa = PBXBuildFile; fileRef = 07557B2A1B4D879D0065594B /* libios_aura.dylib */; };
		07D742CD1B50368C00821238 /* libios_base.dylib in Frameworks */ = {isa = PBXBuildFile; fileRef = 07557B961B4D88BC0065594B /* libios_base.dylib */; };
		07D742CE1B50369D00821238 /* libios_core.dylib in Frameworks */ = {isa = PBXBuildFile; fileRef = 07EDC3C51B4ED5DA00AF8928 /* libios_core.dylib */; };
/* End PBXBuildFile section */

/* Begin PBXContainerItemProxy section */
		07557B271B4D879D0065594B /* PBXContainerItemProxy */ = {
			isa = PBXContainerItemProxy;
			containerPortal = 07557B211B4D879D0065594B /* aura.xcodeproj */;
			proxyType = 2;
			remoteGlobalIDString = 9A98A6151771D67E000AE16E;
			remoteInfo = aura;
		};
		07557B291B4D879D0065594B /* PBXContainerItemProxy */ = {
			isa = PBXContainerItemProxy;
			containerPortal = 07557B211B4D879D0065594B /* aura.xcodeproj */;
			proxyType = 2;
			remoteGlobalIDString = 077A080B1B4D7403001C85FF;
			remoteInfo = aura_ios;
		};
		07557B2B1B4D879D0065594B /* PBXContainerItemProxy */ = {
			isa = PBXContainerItemProxy;
			containerPortal = 07557B211B4D879D0065594B /* aura.xcodeproj */;
			proxyType = 2;
			remoteGlobalIDString = 9AE24D431904CEFE001AEFFB;
			remoteInfo = aura_iosTests;
		};
		07557B3B1B4D87FD0065594B /* PBXContainerItemProxy */ = {
			isa = PBXContainerItemProxy;
			containerPortal = 07557B361B4D87FD0065594B /* auracharguess.xcodeproj */;
			proxyType = 2;
			remoteGlobalIDString = 9AA539B119B763C400B9F861;
			remoteInfo = auracharguess;
		};
		07557B3D1B4D87FD0065594B /* PBXContainerItemProxy */ = {
			isa = PBXContainerItemProxy;
			containerPortal = 07557B361B4D87FD0065594B /* auracharguess.xcodeproj */;
			proxyType = 2;
			remoteGlobalIDString = 07D6A8471B4CBB45004FEBC2;
			remoteInfo = auracharguess_ios;
		};
		07557B441B4D880F0065594B /* PBXContainerItemProxy */ = {
			isa = PBXContainerItemProxy;
			containerPortal = 07557B3F1B4D880F0065594B /* aurasqlite.xcodeproj */;
			proxyType = 2;
			remoteGlobalIDString = 9AEEAD9819C4D7A900866C9E;
			remoteInfo = aurasqlite;
		};
		07557B461B4D880F0065594B /* PBXContainerItemProxy */ = {
			isa = PBXContainerItemProxy;
			containerPortal = 07557B3F1B4D880F0065594B /* aurasqlite.xcodeproj */;
			proxyType = 2;
			remoteGlobalIDString = 07108ADF1B4C95F600A28F80;
			remoteInfo = aurasqlite_ios;
		};
		07557B5A1B4D88400065594B /* PBXContainerItemProxy */ = {
			isa = PBXContainerItemProxy;
			containerPortal = 07557B541B4D88400065594B /* axis.xcodeproj */;
			proxyType = 2;
			remoteGlobalIDString = 9A98A6151771D67E000AE16E;
			remoteInfo = axis;
		};
		07557B5C1B4D88400065594B /* PBXContainerItemProxy */ = {
			isa = PBXContainerItemProxy;
			containerPortal = 07557B541B4D88400065594B /* axis.xcodeproj */;
			proxyType = 2;
			remoteGlobalIDString = 9AE24D341904CEFE001AEFFB;
			remoteInfo = axis_ios;
		};
		07557B5E1B4D88400065594B /* PBXContainerItemProxy */ = {
			isa = PBXContainerItemProxy;
			containerPortal = 07557B541B4D88400065594B /* axis.xcodeproj */;
			proxyType = 2;
			remoteGlobalIDString = 9AE24D431904CEFE001AEFFB;
			remoteInfo = axis_iosTests;
		};
		07557B6E1B4D88750065594B /* PBXContainerItemProxy */ = {
			isa = PBXContainerItemProxy;
			containerPortal = 07557B691B4D88750065594B /* axisbzip2.xcodeproj */;
			proxyType = 2;
			remoteGlobalIDString = 9AEEADFD19C4FBC700866C9E;
			remoteInfo = axisbzip2;
		};
		07557B701B4D88750065594B /* PBXContainerItemProxy */ = {
			isa = PBXContainerItemProxy;
			containerPortal = 07557B691B4D88750065594B /* axisbzip2.xcodeproj */;
			proxyType = 2;
			remoteGlobalIDString = 07108B6E1B4C97C600A28F80;
			remoteInfo = axisbzip2_ios;
		};
		07557B771B4D88800065594B /* PBXContainerItemProxy */ = {
			isa = PBXContainerItemProxy;
			containerPortal = 07557B721B4D88800065594B /* axisfreeimage.xcodeproj */;
			proxyType = 2;
			remoteGlobalIDString = 9AEEB48E19C5084900866C9E;
			remoteInfo = axisfreeimage;
		};
		07557B791B4D88800065594B /* PBXContainerItemProxy */ = {
			isa = PBXContainerItemProxy;
			containerPortal = 07557B721B4D88800065594B /* axisfreeimage.xcodeproj */;
			proxyType = 2;
			remoteGlobalIDString = 07108BD71B4C97D500A28F80;
			remoteInfo = axisfreeimage_ios;
		};
		07557B801B4D88900065594B /* PBXContainerItemProxy */ = {
			isa = PBXContainerItemProxy;
			containerPortal = 07557B7B1B4D88900065594B /* axisfreetype.xcodeproj */;
			proxyType = 2;
			remoteGlobalIDString = 9AEEB49119C5088600866C9E;
			remoteInfo = axisfreetype;
		};
		07557B821B4D88900065594B /* PBXContainerItemProxy */ = {
			isa = PBXContainerItemProxy;
			containerPortal = 07557B7B1B4D88900065594B /* axisfreetype.xcodeproj */;
			proxyType = 2;
			remoteGlobalIDString = 07108CDC1B4C97E300A28F80;
			remoteInfo = axisfreetype_ios;
		};
		07557B891B4D88A30065594B /* PBXContainerItemProxy */ = {
			isa = PBXContainerItemProxy;
			containerPortal = 07557B841B4D88A30065594B /* axiszlib.xcodeproj */;
			proxyType = 2;
			remoteGlobalIDString = 9AA5E6D616F7C61B005C45CE;
			remoteInfo = axiszlib;
		};
		07557B8B1B4D88A30065594B /* PBXContainerItemProxy */ = {
			isa = PBXContainerItemProxy;
			containerPortal = 07557B841B4D88A30065594B /* axiszlib.xcodeproj */;
			proxyType = 2;
			remoteGlobalIDString = 07108D041B4C97EF00A28F80;
			remoteInfo = axiszlib_ios;
		};
		07557B931B4D88BC0065594B /* PBXContainerItemProxy */ = {
			isa = PBXContainerItemProxy;
			containerPortal = 07557B8D1B4D88BC0065594B /* base.xcodeproj */;
			proxyType = 2;
			remoteGlobalIDString = 9A98A6151771D67E000AE16E;
			remoteInfo = base;
		};
		07557B951B4D88BC0065594B /* PBXContainerItemProxy */ = {
			isa = PBXContainerItemProxy;
			containerPortal = 07557B8D1B4D88BC0065594B /* base.xcodeproj */;
			proxyType = 2;
			remoteGlobalIDString = 9AE24D341904CEFE001AEFFB;
			remoteInfo = base_ios;
		};
		07557B971B4D88BC0065594B /* PBXContainerItemProxy */ = {
			isa = PBXContainerItemProxy;
			containerPortal = 07557B8D1B4D88BC0065594B /* base.xcodeproj */;
			proxyType = 2;
			remoteGlobalIDString = 9AE24D431904CEFE001AEFFB;
			remoteInfo = base_iosTests;
		};
		07557C0E1B4D8E4B0065594B /* PBXContainerItemProxy */ = {
			isa = PBXContainerItemProxy;
			containerPortal = 07557B211B4D879D0065594B /* aura.xcodeproj */;
			proxyType = 1;
			remoteGlobalIDString = 077A05B41B4D7403001C85FF;
			remoteInfo = aura_ios;
		};
		07557C101B4D8E4B0065594B /* PBXContainerItemProxy */ = {
			isa = PBXContainerItemProxy;
			containerPortal = 07557B361B4D87FD0065594B /* auracharguess.xcodeproj */;
			proxyType = 1;
			remoteGlobalIDString = 07D6A8271B4CBB45004FEBC2;
			remoteInfo = auracharguess_ios;
		};
		07557C121B4D8E4B0065594B /* PBXContainerItemProxy */ = {
			isa = PBXContainerItemProxy;
			containerPortal = 07557B3F1B4D880F0065594B /* aurasqlite.xcodeproj */;
			proxyType = 1;
			remoteGlobalIDString = 07108AD51B4C95F600A28F80;
			remoteInfo = aurasqlite_ios;
		};
		07557C141B4D8E4B0065594B /* PBXContainerItemProxy */ = {
			isa = PBXContainerItemProxy;
			containerPortal = 07557B541B4D88400065594B /* axis.xcodeproj */;
			proxyType = 1;
			remoteGlobalIDString = 9AE24D331904CEFE001AEFFB;
			remoteInfo = axis_ios;
		};
		07557C161B4D8E4B0065594B /* PBXContainerItemProxy */ = {
			isa = PBXContainerItemProxy;
			containerPortal = 07557B691B4D88750065594B /* axisbzip2.xcodeproj */;
			proxyType = 1;
			remoteGlobalIDString = 07108B5C1B4C97C600A28F80;
			remoteInfo = axisbzip2_ios;
		};
		07557C181B4D8E4B0065594B /* PBXContainerItemProxy */ = {
			isa = PBXContainerItemProxy;
			containerPortal = 07557B3F1B4D880F0065594B /* aurasqlite.xcodeproj */;
			proxyType = 1;
			remoteGlobalIDString = 07108AD51B4C95F600A28F80;
			remoteInfo = aurasqlite_ios;
		};
		07557C1A1B4D8E4B0065594B /* PBXContainerItemProxy */ = {
			isa = PBXContainerItemProxy;
			containerPortal = 07557B691B4D88750065594B /* axisbzip2.xcodeproj */;
			proxyType = 1;
			remoteGlobalIDString = 07108B5C1B4C97C600A28F80;
			remoteInfo = axisbzip2_ios;
		};
		07557C1C1B4D8E4B0065594B /* PBXContainerItemProxy */ = {
			isa = PBXContainerItemProxy;
			containerPortal = 07557B721B4D88800065594B /* axisfreeimage.xcodeproj */;
			proxyType = 1;
			remoteGlobalIDString = 07108B6F1B4C97D500A28F80;
			remoteInfo = axisfreeimage_ios;
		};
		07557C1E1B4D8E540065594B /* PBXContainerItemProxy */ = {
			isa = PBXContainerItemProxy;
			containerPortal = 07557B841B4D88A30065594B /* axiszlib.xcodeproj */;
			proxyType = 1;
			remoteGlobalIDString = 07108CE31B4C97EF00A28F80;
			remoteInfo = axiszlib_ios;
		};
		07557C201B4D8E540065594B /* PBXContainerItemProxy */ = {
			isa = PBXContainerItemProxy;
			containerPortal = 07557B7B1B4D88900065594B /* axisfreetype.xcodeproj */;
			proxyType = 1;
			remoteGlobalIDString = 07108BDA1B4C97E300A28F80;
			remoteInfo = axisfreetype_ios;
		};
		07557C221B4D8E540065594B /* PBXContainerItemProxy */ = {
			isa = PBXContainerItemProxy;
			containerPortal = 07557B841B4D88A30065594B /* axiszlib.xcodeproj */;
			proxyType = 1;
			remoteGlobalIDString = 07108CE31B4C97EF00A28F80;
			remoteInfo = axiszlib_ios;
		};
		07557C241B4D8E5B0065594B /* PBXContainerItemProxy */ = {
			isa = PBXContainerItemProxy;
			containerPortal = 07557B8D1B4D88BC0065594B /* base.xcodeproj */;
			proxyType = 1;
			remoteGlobalIDString = 9AE24D331904CEFE001AEFFB;
			remoteInfo = base_ios;
		};
		078C3595192175CA00354453 /* PBXContainerItemProxy */ = {
			isa = PBXContainerItemProxy;
			containerPortal = 9A5752A916AAE1D2000CC4EF /* Project object */;
			proxyType = 1;
			remoteGlobalIDString = 078C3583192175C900354453;
			remoteInfo = app;
		};
		07EDC3C21B4ED5DA00AF8928 /* PBXContainerItemProxy */ = {
			isa = PBXContainerItemProxy;
			containerPortal = 9AA6A4871907B628000A1F4A /* core.xcodeproj */;
			proxyType = 2;
			remoteGlobalIDString = 9A19A1A519C6F50B0018DF7D;
			remoteInfo = core;
		};
		07EDC3C41B4ED5DA00AF8928 /* PBXContainerItemProxy */ = {
			isa = PBXContainerItemProxy;
			containerPortal = 9AA6A4871907B628000A1F4A /* core.xcodeproj */;
			proxyType = 2;
			remoteGlobalIDString = 9AE24DDC1904CF6E001AEFFB;
			remoteInfo = core_ios;
		};
		07EDC3C61B4ED5DA00AF8928 /* PBXContainerItemProxy */ = {
			isa = PBXContainerItemProxy;
			containerPortal = 9AA6A4871907B628000A1F4A /* core.xcodeproj */;
			proxyType = 2;
			remoteGlobalIDString = 9AE24DEB1904CF6E001AEFFB;
			remoteInfo = core_iosTests;
		};
		07EDC5C71B4FEB8200AF8928 /* PBXContainerItemProxy */ = {
			isa = PBXContainerItemProxy;
			containerPortal = 9AA6A4871907B628000A1F4A /* core.xcodeproj */;
			proxyType = 1;
			remoteGlobalIDString = 9AE24DDB1904CF6E001AEFFB;
			remoteInfo = core_ios;
		};
/* End PBXContainerItemProxy section */

/* Begin PBXCopyFilesBuildPhase section */
		078C3582192175C900354453 /* CopyFiles */ = {
			isa = PBXCopyFilesBuildPhase;
			buildActionMask = 2147483647;
			dstPath = "include/$(PRODUCT_NAME)";
			dstSubfolderSpec = 16;
			files = (
			);
			runOnlyForDeploymentPostprocessing = 0;
		};
/* End PBXCopyFilesBuildPhase section */

/* Begin PBXFileReference section */
		07557B211B4D879D0065594B /* aura.xcodeproj */ = {isa = PBXFileReference; lastKnownFileType = "wrapper.pb-project"; name = aura.xcodeproj; path = ../../../app/appseed/aura/aura.xcodeproj; sourceTree = "<group>"; };
		07557B361B4D87FD0065594B /* auracharguess.xcodeproj */ = {isa = PBXFileReference; lastKnownFileType = "wrapper.pb-project"; name = auracharguess.xcodeproj; path = ../../../app/aura/charguess/auracharguess.xcodeproj; sourceTree = "<group>"; };
		07557B3F1B4D880F0065594B /* aurasqlite.xcodeproj */ = {isa = PBXFileReference; lastKnownFileType = "wrapper.pb-project"; name = aurasqlite.xcodeproj; path = ../../../app/aura/sqlite/aurasqlite.xcodeproj; sourceTree = "<group>"; };
		07557B541B4D88400065594B /* axis.xcodeproj */ = {isa = PBXFileReference; lastKnownFileType = "wrapper.pb-project"; name = axis.xcodeproj; path = ../../../app/appseed/axis/axis.xcodeproj; sourceTree = "<group>"; };
		07557B691B4D88750065594B /* axisbzip2.xcodeproj */ = {isa = PBXFileReference; lastKnownFileType = "wrapper.pb-project"; name = axisbzip2.xcodeproj; path = ../../../app/axis/bzip2/axisbzip2.xcodeproj; sourceTree = "<group>"; };
		07557B721B4D88800065594B /* axisfreeimage.xcodeproj */ = {isa = PBXFileReference; lastKnownFileType = "wrapper.pb-project"; name = axisfreeimage.xcodeproj; path = ../../../app/axis/freeimage/axisfreeimage.xcodeproj; sourceTree = "<group>"; };
		07557B7B1B4D88900065594B /* axisfreetype.xcodeproj */ = {isa = PBXFileReference; lastKnownFileType = "wrapper.pb-project"; name = axisfreetype.xcodeproj; path = ../../../app/axis/freetype/axisfreetype.xcodeproj; sourceTree = "<group>"; };
		07557B841B4D88A30065594B /* axiszlib.xcodeproj */ = {isa = PBXFileReference; lastKnownFileType = "wrapper.pb-project"; name = axiszlib.xcodeproj; path = ../../../app/axis/zlib/axiszlib.xcodeproj; sourceTree = "<group>"; };
		07557B8D1B4D88BC0065594B /* base.xcodeproj */ = {isa = PBXFileReference; lastKnownFileType = "wrapper.pb-project"; name = base.xcodeproj; path = ../../../app/appseed/base/base.xcodeproj; sourceTree = "<group>"; };
		078C3584192175C900354453 /* libapp.dylib */ = {isa = PBXFileReference; explicitFileType = archive.ar; includeInIndex = 0; path = libapp.dylib; sourceTree = BUILT_PRODUCTS_DIR; };
		078C3591192175CA00354453 /* appTests.xctest */ = {isa = PBXFileReference; explicitFileType = wrapper.cfbundle; includeInIndex = 0; path = appTests.xctest; sourceTree = BUILT_PRODUCTS_DIR; };
		078C359A192175CA00354453 /* appTests-Info.plist */ = {isa = PBXFileReference; lastKnownFileType = text.plist.xml; path = "appTests-Info.plist"; sourceTree = "<group>"; };
		078C359C192175CA00354453 /* en */ = {isa = PBXFileReference; lastKnownFileType = text.plist.strings; name = en; path = en.lproj/InfoPlist.strings; sourceTree = "<group>"; };
		078C359E192175CA00354453 /* appTests.m */ = {isa = PBXFileReference; lastKnownFileType = sourcecode.c.objc; path = appTests.m; sourceTree = "<group>"; };
		078C35CD1921772000354453 /* UIKit.framework */ = {isa = PBXFileReference; lastKnownFileType = wrapper.framework; name = UIKit.framework; path = System/Library/Frameworks/UIKit.framework; sourceTree = SDKROOT; };
		078C36C6192195A100354453 /* app.h */ = {isa = PBXFileReference; fileEncoding = 4; lastKnownFileType = sourcecode.c.h; path = app.h; sourceTree = SOURCE_ROOT; };
		078C36CC192195E700354453 /* main.cpp */ = {isa = PBXFileReference; fileEncoding = 4; lastKnownFileType = sourcecode.cpp.cpp; path = main.cpp; sourceTree = SOURCE_ROOT; };
		07B5903518866047002C6FEC /* CoreFoundation.framework */ = {isa = PBXFileReference; lastKnownFileType = wrapper.framework; name = CoreFoundation.framework; path = System/Library/Frameworks/CoreFoundation.framework; sourceTree = SDKROOT; };
		9A5752B616AAE1D2000CC4EF /* Cocoa.framework */ = {isa = PBXFileReference; lastKnownFileType = wrapper.framework; name = Cocoa.framework; path = System/Library/Frameworks/Cocoa.framework; sourceTree = SDKROOT; };
		9A5752B916AAE1D2000CC4EF /* AppKit.framework */ = {isa = PBXFileReference; lastKnownFileType = wrapper.framework; name = AppKit.framework; path = System/Library/Frameworks/AppKit.framework; sourceTree = SDKROOT; };
		9A5752BA16AAE1D2000CC4EF /* CoreData.framework */ = {isa = PBXFileReference; lastKnownFileType = wrapper.framework; name = CoreData.framework; path = System/Library/Frameworks/CoreData.framework; sourceTree = SDKROOT; };
		9A5752BB16AAE1D2000CC4EF /* Foundation.framework */ = {isa = PBXFileReference; lastKnownFileType = wrapper.framework; name = Foundation.framework; path = System/Library/Frameworks/Foundation.framework; sourceTree = SDKROOT; };
		9AA6A2B0190721C7000A1F4A /* libbase_ios.dylib */ = {isa = PBXFileReference; lastKnownFileType = "compiled.mach-o.dylib"; name = libbase_ios.dylib; path = "../../../app/appseed/base/build/Debug-iphoneos/libbase_ios.dylib"; sourceTree = "<group>"; };
		9AA6A36F190759B1000A1F4A /* libbasefreeimage_ios.dylib */ = {isa = PBXFileReference; lastKnownFileType = "compiled.mach-o.dylib"; name = libbasefreeimage_ios.dylib; path = "../../../app/thirdparty/appseed/freeimage/build/Debug-iphoneos/libbasefreeimage_ios.dylib"; sourceTree = "<group>"; };
		9AA6A370190759B1000A1F4A /* libbasefreetype_ios.dylib */ = {isa = PBXFileReference; lastKnownFileType = "compiled.mach-o.dylib"; name = libbasefreetype_ios.dylib; path = "../../../app/thirdparty/appseed/freetype/build/Debug-iphoneos/libbasefreetype_ios.dylib"; sourceTree = "<group>"; };
		9AA6A371190759B1000A1F4A /* libbasemysql_ios.dylib */ = {isa = PBXFileReference; lastKnownFileType = "compiled.mach-o.dylib"; name = libbasemysql_ios.dylib; path = "../../../app/thirdparty/appseed/mysql/build/Debug-iphoneos/libbasemysql_ios.dylib"; sourceTree = "<group>"; };
		9AA6A372190759B1000A1F4A /* libcore_ios.dylib */ = {isa = PBXFileReference; lastKnownFileType = "compiled.mach-o.dylib"; name = libcore_ios.dylib; path = "../../../app/appseed/core/build/Debug-iphoneos/libcore_ios.dylib"; sourceTree = "<group>"; };
		9AA6A44D1907B5BD000A1F4A /* libbase.dylib */ = {isa = PBXFileReference; lastKnownFileType = "compiled.mach-o.dylib"; name = libbase.dylib; path = "../../../app/appseed/base/build/Release-iphoneos/libbase.dylib"; sourceTree = "<group>"; };
		9AA6A44E1907B5BD000A1F4A /* libbasefreeimage.dylib */ = {isa = PBXFileReference; lastKnownFileType = "compiled.mach-o.dylib"; name = libbasefreeimage.dylib; path = "../../../app/thirdparty/appseed/freeimage/build/Debug-iphoneos/libbasefreeimage.dylib"; sourceTree = "<group>"; };
		9AA6A44F1907B5BD000A1F4A /* libbasefreetype.dylib */ = {isa = PBXFileReference; lastKnownFileType = "compiled.mach-o.dylib"; name = libbasefreetype.dylib; path = "../../../app/thirdparty/appseed/freetype/build/Debug-iphoneos/libbasefreetype.dylib"; sourceTree = "<group>"; };
		9AA6A4501907B5BD000A1F4A /* libbasemysql.dylib */ = {isa = PBXFileReference; lastKnownFileType = "compiled.mach-o.dylib"; name = libbasemysql.dylib; path = "../../../app/thirdparty/appseed/mysql/build/Debug-iphoneos/libbasemysql.dylib"; sourceTree = "<group>"; };
		9AA6A4511907B5BD000A1F4A /* libcore.dylib */ = {isa = PBXFileReference; lastKnownFileType = "compiled.mach-o.dylib"; name = libcore.dylib; path = "../../../app/appseed/core/build/Debug-iphoneos/libcore.dylib"; sourceTree = "<group>"; };
		9AA6A4871907B628000A1F4A /* core.xcodeproj */ = {isa = PBXFileReference; lastKnownFileType = "wrapper.pb-project"; name = core.xcodeproj; path = ../../../app/appseed/core/core.xcodeproj; sourceTree = "<group>"; };
		9AE24EC11904E95E001AEFFB /* Foundation.framework */ = {isa = PBXFileReference; lastKnownFileType = wrapper.framework; name = Foundation.framework; path = System/Library/Frameworks/Foundation.framework; sourceTree = SDKROOT; };
		9AE24EC31904E95E001AEFFB /* CoreGraphics.framework */ = {isa = PBXFileReference; lastKnownFileType = wrapper.framework; name = CoreGraphics.framework; path = System/Library/Frameworks/CoreGraphics.framework; sourceTree = SDKROOT; };
		9AE24EC51904E95E001AEFFB /* UIKit.framework */ = {isa = PBXFileReference; lastKnownFileType = wrapper.framework; name = UIKit.framework; path = Library/Frameworks/UIKit.framework; sourceTree = DEVELOPER_DIR; };
		9AE24EDA1904E95E001AEFFB /* XCTest.framework */ = {isa = PBXFileReference; lastKnownFileType = wrapper.framework; name = XCTest.framework; path = Library/Frameworks/XCTest.framework; sourceTree = DEVELOPER_DIR; };
/* End PBXFileReference section */

/* Begin PBXFrameworksBuildPhase section */
		078C3581192175C900354453 /* Frameworks */ = {
			isa = PBXFrameworksBuildPhase;
			buildActionMask = 2147483647;
			files = (
				078C35CE1921772000354453 /* UIKit.framework in Frameworks */,
				07D742CE1B50369D00821238 /* libios_core.dylib in Frameworks */,
				07D742CD1B50368C00821238 /* libios_base.dylib in Frameworks */,
				07D742CC1B50368400821238 /* libios_aura.dylib in Frameworks */,
			);
			runOnlyForDeploymentPostprocessing = 0;
		};
		078C358E192175CA00354453 /* Frameworks */ = {
			isa = PBXFrameworksBuildPhase;
			buildActionMask = 2147483647;
			files = (
				078C3592192175CA00354453 /* XCTest.framework in Frameworks */,
				078C3594192175CA00354453 /* UIKit.framework in Frameworks */,
				078C3593192175CA00354453 /* Foundation.framework in Frameworks */,
				078C3597192175CA00354453 /* libapp.dylib in Frameworks */,
			);
			runOnlyForDeploymentPostprocessing = 0;
		};
/* End PBXFrameworksBuildPhase section */

/* Begin PBXGroup section */
		07557B221B4D879D0065594B /* Products */ = {
			isa = PBXGroup;
			children = (
				07557B281B4D879D0065594B /* libaura.dylib */,
				07557B2A1B4D879D0065594B /* libios_aura.dylib */,
				07557B2C1B4D879D0065594B /* aura_iosTests.xctest */,
			);
			name = Products;
			sourceTree = "<group>";
		};
		07557B371B4D87FD0065594B /* Products */ = {
			isa = PBXGroup;
			children = (
				07557B3C1B4D87FD0065594B /* libauracharguess.dylib */,
				07557B3E1B4D87FD0065594B /* libios_auracharguess.dylib */,
			);
			name = Products;
			sourceTree = "<group>";
		};
		07557B401B4D880F0065594B /* Products */ = {
			isa = PBXGroup;
			children = (
				07557B451B4D880F0065594B /* libaurasqlite.dylib */,
				07557B471B4D880F0065594B /* libios_aurasqlite.dylib */,
			);
			name = Products;
			sourceTree = "<group>";
		};
		07557B551B4D88400065594B /* Products */ = {
			isa = PBXGroup;
			children = (
				07557B5B1B4D88400065594B /* libaxis.dylib */,
				07557B5D1B4D88400065594B /* libios_axis.dylib */,
				07557B5F1B4D88400065594B /* axis_iosTests.xctest */,
			);
			name = Products;
			sourceTree = "<group>";
		};
		07557B6A1B4D88750065594B /* Products */ = {
			isa = PBXGroup;
			children = (
				07557B6F1B4D88750065594B /* libaxisbzip2.dylib */,
				07557B711B4D88750065594B /* libios_axisbzip2.dylib */,
			);
			name = Products;
			sourceTree = "<group>";
		};
		07557B731B4D88800065594B /* Products */ = {
			isa = PBXGroup;
			children = (
				07557B781B4D88800065594B /* libaxisfreeimage.dylib */,
				07557B7A1B4D88800065594B /* libios_axisfreeimage.dylib */,
			);
			name = Products;
			sourceTree = "<group>";
		};
		07557B7C1B4D88900065594B /* Products */ = {
			isa = PBXGroup;
			children = (
				07557B811B4D88900065594B /* libaxisfreetype.dylib */,
				07557B831B4D88900065594B /* libios_axisfreetype.dylib */,
			);
			name = Products;
			sourceTree = "<group>";
		};
		07557B851B4D88A30065594B /* Products */ = {
			isa = PBXGroup;
			children = (
				07557B8A1B4D88A30065594B /* libaxiszlib.dylib */,
				07557B8C1B4D88A30065594B /* libios_axiszlib.dylib */,
			);
			name = Products;
			sourceTree = "<group>";
		};
		07557B8E1B4D88BC0065594B /* Products */ = {
			isa = PBXGroup;
			children = (
				07557B941B4D88BC0065594B /* libbase.dylib */,
				07557B961B4D88BC0065594B /* libios_base.dylib */,
				07557B981B4D88BC0065594B /* base_iosTests.xctest */,
			);
			name = Products;
			sourceTree = "<group>";
		};
		078C3586192175C900354453 /* app */ = {
			isa = PBXGroup;
			children = (
				078C36CC192195E700354453 /* main.cpp */,
				078C36C6192195A100354453 /* app.h */,
			);
			path = app;
			sourceTree = "<group>";
		};
		078C3598192175CA00354453 /* appTests */ = {
			isa = PBXGroup;
			children = (
				078C359E192175CA00354453 /* appTests.m */,
				078C3599192175CA00354453 /* Supporting Files */,
			);
			path = appTests;
			sourceTree = "<group>";
		};
		078C3599192175CA00354453 /* Supporting Files */ = {
			isa = PBXGroup;
			children = (
				078C359A192175CA00354453 /* appTests-Info.plist */,
				078C359B192175CA00354453 /* InfoPlist.strings */,
			);
			name = "Supporting Files";
			sourceTree = "<group>";
		};
		07EDC39A1B4ED5DA00AF8928 /* Products */ = {
			isa = PBXGroup;
			children = (
				07EDC3C31B4ED5DA00AF8928 /* libcore.dylib */,
				07EDC3C51B4ED5DA00AF8928 /* libios_core.dylib */,
				07EDC3C71B4ED5DA00AF8928 /* core_iosTests.xctest */,
			);
			name = Products;
			sourceTree = "<group>";
		};
		9A5752A716AAE1D2000CC4EF = {
			isa = PBXGroup;
			children = (
				07557B211B4D879D0065594B /* aura.xcodeproj */,
				07557B361B4D87FD0065594B /* auracharguess.xcodeproj */,
				07557B3F1B4D880F0065594B /* aurasqlite.xcodeproj */,
				07557B541B4D88400065594B /* axis.xcodeproj */,
				07557B691B4D88750065594B /* axisbzip2.xcodeproj */,
				07557B721B4D88800065594B /* axisfreeimage.xcodeproj */,
				07557B7B1B4D88900065594B /* axisfreetype.xcodeproj */,
				07557B841B4D88A30065594B /* axiszlib.xcodeproj */,
				07557B8D1B4D88BC0065594B /* base.xcodeproj */,
				9AA6A4871907B628000A1F4A /* core.xcodeproj */,
				078C3586192175C900354453 /* app */,
				078C3598192175CA00354453 /* appTests */,
				9A5752B516AAE1D2000CC4EF /* Frameworks */,
				9A5752B316AAE1D2000CC4EF /* Products */,
			);
			sourceTree = "<group>";
		};
		9A5752B316AAE1D2000CC4EF /* Products */ = {
			isa = PBXGroup;
			children = (
				078C3584192175C900354453 /* libapp.dylib */,
				078C3591192175CA00354453 /* appTests.xctest */,
			);
			name = Products;
			sourceTree = "<group>";
		};
		9A5752B516AAE1D2000CC4EF /* Frameworks */ = {
			isa = PBXGroup;
			children = (
				078C35CD1921772000354453 /* UIKit.framework */,
				9AA6A44D1907B5BD000A1F4A /* libbase.dylib */,
				9AA6A44E1907B5BD000A1F4A /* libbasefreeimage.dylib */,
				9AA6A44F1907B5BD000A1F4A /* libbasefreetype.dylib */,
				9AA6A4501907B5BD000A1F4A /* libbasemysql.dylib */,
				9AA6A4511907B5BD000A1F4A /* libcore.dylib */,
				9AA6A36F190759B1000A1F4A /* libbasefreeimage_ios.dylib */,
				9AA6A370190759B1000A1F4A /* libbasefreetype_ios.dylib */,
				9AA6A371190759B1000A1F4A /* libbasemysql_ios.dylib */,
				9AA6A372190759B1000A1F4A /* libcore_ios.dylib */,
				9AA6A2B0190721C7000A1F4A /* libbase_ios.dylib */,
				9A5752B616AAE1D2000CC4EF /* Cocoa.framework */,
				07B5903518866047002C6FEC /* CoreFoundation.framework */,
				9AE24EC11904E95E001AEFFB /* Foundation.framework */,
				9AE24EC31904E95E001AEFFB /* CoreGraphics.framework */,
				9AE24EC51904E95E001AEFFB /* UIKit.framework */,
				9AE24EDA1904E95E001AEFFB /* XCTest.framework */,
				9A5752B816AAE1D2000CC4EF /* Other Frameworks */,
			);
			name = Frameworks;
			sourceTree = "<group>";
		};
		9A5752B816AAE1D2000CC4EF /* Other Frameworks */ = {
			isa = PBXGroup;
			children = (
				9A5752B916AAE1D2000CC4EF /* AppKit.framework */,
				9A5752BA16AAE1D2000CC4EF /* CoreData.framework */,
				9A5752BB16AAE1D2000CC4EF /* Foundation.framework */,
			);
			name = "Other Frameworks";
			sourceTree = "<group>";
		};
/* End PBXGroup section */

/* Begin PBXNativeTarget section */
		078C3583192175C900354453 /* app */ = {
			isa = PBXNativeTarget;
			buildConfigurationList = 078C35A0192175CA00354453 /* Build configuration list for PBXNativeTarget "app" */;
			buildPhases = (
				078C3580192175C900354453 /* Sources */,
				078C3581192175C900354453 /* Frameworks */,
				078C3582192175C900354453 /* CopyFiles */,
			);
			buildRules = (
			);
			dependencies = (
				07557C0F1B4D8E4B0065594B /* PBXTargetDependency */,
				07557C131B4D8E4B0065594B /* PBXTargetDependency */,
				07557C111B4D8E4B0065594B /* PBXTargetDependency */,
				07557C1F1B4D8E540065594B /* PBXTargetDependency */,
				07557C171B4D8E4B0065594B /* PBXTargetDependency */,
				07557C231B4D8E540065594B /* PBXTargetDependency */,
				07557C211B4D8E540065594B /* PBXTargetDependency */,
				07557C1D1B4D8E4B0065594B /* PBXTargetDependency */,
				07557C251B4D8E5B0065594B /* PBXTargetDependency */,
				07557C151B4D8E4B0065594B /* PBXTargetDependency */,
				07EDC5C81B4FEB8200AF8928 /* PBXTargetDependency */,
				07557C191B4D8E4B0065594B /* PBXTargetDependency */,
				07557C1B1B4D8E4B0065594B /* PBXTargetDependency */,
			);
			name = app;
			productName = app;
			productReference = 078C3584192175C900354453 /* libapp.dylib */;
			productType = "com.apple.product-type.library.static";
		};
		078C3590192175CA00354453 /* appTests */ = {
			isa = PBXNativeTarget;
			buildConfigurationList = 078C35A3192175CA00354453 /* Build configuration list for PBXNativeTarget "appTests" */;
			buildPhases = (
				078C358D192175CA00354453 /* Sources */,
				078C358E192175CA00354453 /* Frameworks */,
				078C358F192175CA00354453 /* Resources */,
			);
			buildRules = (
			);
			dependencies = (
				078C3596192175CA00354453 /* PBXTargetDependency */,
			);
			name = appTests;
			productName = appTests;
			productReference = 078C3591192175CA00354453 /* appTests.xctest */;
			productType = "com.apple.product-type.bundle.unit-test";
		};
/* End PBXNativeTarget section */

/* Begin PBXProject section */
		9A5752A916AAE1D2000CC4EF /* Project object */ = {
			isa = PBXProject;
			attributes = {
				CLASSPREFIX = ca2;
				LastUpgradeCheck = 0720;
				ORGANIZATIONNAME = "Camilo Sasuke Tsumanuma";
			};
			buildConfigurationList = 9A5752AC16AAE1D2000CC4EF /* Build configuration list for PBXProject "app" */;
			compatibilityVersion = "Xcode 3.2";
			developmentRegion = English;
			hasScannedForEncodings = 0;
			knownRegions = (
				en,
			);
			mainGroup = 9A5752A716AAE1D2000CC4EF;
			productRefGroup = 9A5752B316AAE1D2000CC4EF /* Products */;
			projectDirPath = "";
			projectReferences = (
				{
					ProductGroup = 07557B221B4D879D0065594B /* Products */;
					ProjectRef = 07557B211B4D879D0065594B /* aura.xcodeproj */;
				},
				{
					ProductGroup = 07557B371B4D87FD0065594B /* Products */;
					ProjectRef = 07557B361B4D87FD0065594B /* auracharguess.xcodeproj */;
				},
				{
					ProductGroup = 07557B401B4D880F0065594B /* Products */;
					ProjectRef = 07557B3F1B4D880F0065594B /* aurasqlite.xcodeproj */;
				},
				{
					ProductGroup = 07557B551B4D88400065594B /* Products */;
					ProjectRef = 07557B541B4D88400065594B /* axis.xcodeproj */;
				},
				{
					ProductGroup = 07557B6A1B4D88750065594B /* Products */;
					ProjectRef = 07557B691B4D88750065594B /* axisbzip2.xcodeproj */;
				},
				{
					ProductGroup = 07557B731B4D88800065594B /* Products */;
					ProjectRef = 07557B721B4D88800065594B /* axisfreeimage.xcodeproj */;
				},
				{
					ProductGroup = 07557B7C1B4D88900065594B /* Products */;
					ProjectRef = 07557B7B1B4D88900065594B /* axisfreetype.xcodeproj */;
				},
				{
					ProductGroup = 07557B851B4D88A30065594B /* Products */;
					ProjectRef = 07557B841B4D88A30065594B /* axiszlib.xcodeproj */;
				},
				{
					ProductGroup = 07557B8E1B4D88BC0065594B /* Products */;
					ProjectRef = 07557B8D1B4D88BC0065594B /* base.xcodeproj */;
				},
				{
					ProductGroup = 07EDC39A1B4ED5DA00AF8928 /* Products */;
					ProjectRef = 9AA6A4871907B628000A1F4A /* core.xcodeproj */;
				},
			);
			projectRoot = "";
			targets = (
				078C3583192175C900354453 /* app */,
				078C3590192175CA00354453 /* appTests */,
			);
		};
/* End PBXProject section */

/* Begin PBXReferenceProxy section */
		07557B281B4D879D0065594B /* libaura.dylib */ = {
			isa = PBXReferenceProxy;
			fileType = "compiled.mach-o.dylib";
			path = libaura.dylib;
			remoteRef = 07557B271B4D879D0065594B /* PBXContainerItemProxy */;
			sourceTree = BUILT_PRODUCTS_DIR;
		};
		07557B2A1B4D879D0065594B /* libios_aura.dylib */ = {
			isa = PBXReferenceProxy;
			fileType = "compiled.mach-o.dylib";
			path = libios_aura.dylib;
			remoteRef = 07557B291B4D879D0065594B /* PBXContainerItemProxy */;
			sourceTree = BUILT_PRODUCTS_DIR;
		};
		07557B2C1B4D879D0065594B /* aura_iosTests.xctest */ = {
			isa = PBXReferenceProxy;
			fileType = wrapper.cfbundle;
			path = aura_iosTests.xctest;
			remoteRef = 07557B2B1B4D879D0065594B /* PBXContainerItemProxy */;
			sourceTree = BUILT_PRODUCTS_DIR;
		};
		07557B3C1B4D87FD0065594B /* libauracharguess.dylib */ = {
			isa = PBXReferenceProxy;
			fileType = "compiled.mach-o.dylib";
			path = libauracharguess.dylib;
			remoteRef = 07557B3B1B4D87FD0065594B /* PBXContainerItemProxy */;
			sourceTree = BUILT_PRODUCTS_DIR;
		};
		07557B3E1B4D87FD0065594B /* libios_auracharguess.dylib */ = {
			isa = PBXReferenceProxy;
			fileType = "compiled.mach-o.dylib";
			path = libios_auracharguess.dylib;
			remoteRef = 07557B3D1B4D87FD0065594B /* PBXContainerItemProxy */;
			sourceTree = BUILT_PRODUCTS_DIR;
		};
		07557B451B4D880F0065594B /* libaurasqlite.dylib */ = {
			isa = PBXReferenceProxy;
			fileType = "compiled.mach-o.dylib";
			path = libaurasqlite.dylib;
			remoteRef = 07557B441B4D880F0065594B /* PBXContainerItemProxy */;
			sourceTree = BUILT_PRODUCTS_DIR;
		};
		07557B471B4D880F0065594B /* libios_aurasqlite.dylib */ = {
			isa = PBXReferenceProxy;
			fileType = "compiled.mach-o.dylib";
			path = libios_aurasqlite.dylib;
			remoteRef = 07557B461B4D880F0065594B /* PBXContainerItemProxy */;
			sourceTree = BUILT_PRODUCTS_DIR;
		};
		07557B5B1B4D88400065594B /* libaxis.dylib */ = {
			isa = PBXReferenceProxy;
			fileType = "compiled.mach-o.dylib";
			path = libaxis.dylib;
			remoteRef = 07557B5A1B4D88400065594B /* PBXContainerItemProxy */;
			sourceTree = BUILT_PRODUCTS_DIR;
		};
		07557B5D1B4D88400065594B /* libios_axis.dylib */ = {
			isa = PBXReferenceProxy;
			fileType = archive.ar;
			path = libios_axis.dylib;
			remoteRef = 07557B5C1B4D88400065594B /* PBXContainerItemProxy */;
			sourceTree = BUILT_PRODUCTS_DIR;
		};
		07557B5F1B4D88400065594B /* axis_iosTests.xctest */ = {
			isa = PBXReferenceProxy;
			fileType = wrapper.cfbundle;
			path = axis_iosTests.xctest;
			remoteRef = 07557B5E1B4D88400065594B /* PBXContainerItemProxy */;
			sourceTree = BUILT_PRODUCTS_DIR;
		};
		07557B6F1B4D88750065594B /* libaxisbzip2.dylib */ = {
			isa = PBXReferenceProxy;
			fileType = "compiled.mach-o.dylib";
			path = libaxisbzip2.dylib;
			remoteRef = 07557B6E1B4D88750065594B /* PBXContainerItemProxy */;
			sourceTree = BUILT_PRODUCTS_DIR;
		};
		07557B711B4D88750065594B /* libios_axisbzip2.dylib */ = {
			isa = PBXReferenceProxy;
			fileType = "compiled.mach-o.dylib";
			path = libios_axisbzip2.dylib;
			remoteRef = 07557B701B4D88750065594B /* PBXContainerItemProxy */;
			sourceTree = BUILT_PRODUCTS_DIR;
		};
		07557B781B4D88800065594B /* libaxisfreeimage.dylib */ = {
			isa = PBXReferenceProxy;
			fileType = "compiled.mach-o.dylib";
			path = libaxisfreeimage.dylib;
			remoteRef = 07557B771B4D88800065594B /* PBXContainerItemProxy */;
			sourceTree = BUILT_PRODUCTS_DIR;
		};
		07557B7A1B4D88800065594B /* libios_axisfreeimage.dylib */ = {
			isa = PBXReferenceProxy;
			fileType = "compiled.mach-o.dylib";
			path = libios_axisfreeimage.dylib;
			remoteRef = 07557B791B4D88800065594B /* PBXContainerItemProxy */;
			sourceTree = BUILT_PRODUCTS_DIR;
		};
		07557B811B4D88900065594B /* libaxisfreetype.dylib */ = {
			isa = PBXReferenceProxy;
			fileType = "compiled.mach-o.dylib";
			path = libaxisfreetype.dylib;
			remoteRef = 07557B801B4D88900065594B /* PBXContainerItemProxy */;
			sourceTree = BUILT_PRODUCTS_DIR;
		};
		07557B831B4D88900065594B /* libios_axisfreetype.dylib */ = {
			isa = PBXReferenceProxy;
			fileType = "compiled.mach-o.dylib";
			path = libios_axisfreetype.dylib;
			remoteRef = 07557B821B4D88900065594B /* PBXContainerItemProxy */;
			sourceTree = BUILT_PRODUCTS_DIR;
		};
		07557B8A1B4D88A30065594B /* libaxiszlib.dylib */ = {
			isa = PBXReferenceProxy;
			fileType = "compiled.mach-o.dylib";
			path = libaxiszlib.dylib;
			remoteRef = 07557B891B4D88A30065594B /* PBXContainerItemProxy */;
			sourceTree = BUILT_PRODUCTS_DIR;
		};
		07557B8C1B4D88A30065594B /* libios_axiszlib.dylib */ = {
			isa = PBXReferenceProxy;
			fileType = "compiled.mach-o.dylib";
			path = libios_axiszlib.dylib;
			remoteRef = 07557B8B1B4D88A30065594B /* PBXContainerItemProxy */;
			sourceTree = BUILT_PRODUCTS_DIR;
		};
		07557B941B4D88BC0065594B /* libbase.dylib */ = {
			isa = PBXReferenceProxy;
			fileType = "compiled.mach-o.dylib";
			path = libbase.dylib;
			remoteRef = 07557B931B4D88BC0065594B /* PBXContainerItemProxy */;
			sourceTree = BUILT_PRODUCTS_DIR;
		};
		07557B961B4D88BC0065594B /* libios_base.dylib */ = {
			isa = PBXReferenceProxy;
			fileType = archive.ar;
			path = libios_base.dylib;
			remoteRef = 07557B951B4D88BC0065594B /* PBXContainerItemProxy */;
			sourceTree = BUILT_PRODUCTS_DIR;
		};
		07557B981B4D88BC0065594B /* base_iosTests.xctest */ = {
			isa = PBXReferenceProxy;
			fileType = wrapper.cfbundle;
			path = base_iosTests.xctest;
			remoteRef = 07557B971B4D88BC0065594B /* PBXContainerItemProxy */;
			sourceTree = BUILT_PRODUCTS_DIR;
		};
		07EDC3C31B4ED5DA00AF8928 /* libcore.dylib */ = {
			isa = PBXReferenceProxy;
			fileType = "compiled.mach-o.dylib";
			path = libcore.dylib;
			remoteRef = 07EDC3C21B4ED5DA00AF8928 /* PBXContainerItemProxy */;
			sourceTree = BUILT_PRODUCTS_DIR;
		};
		07EDC3C51B4ED5DA00AF8928 /* libios_core.dylib */ = {
			isa = PBXReferenceProxy;
			fileType = archive.ar;
			path = libios_core.dylib;
			remoteRef = 07EDC3C41B4ED5DA00AF8928 /* PBXContainerItemProxy */;
			sourceTree = BUILT_PRODUCTS_DIR;
		};
		07EDC3C71B4ED5DA00AF8928 /* core_iosTests.xctest */ = {
			isa = PBXReferenceProxy;
			fileType = wrapper.cfbundle;
			path = core_iosTests.xctest;
			remoteRef = 07EDC3C61B4ED5DA00AF8928 /* PBXContainerItemProxy */;
			sourceTree = BUILT_PRODUCTS_DIR;
		};
/* End PBXReferenceProxy section */

/* Begin PBXResourcesBuildPhase section */
		078C358F192175CA00354453 /* Resources */ = {
			isa = PBXResourcesBuildPhase;
			buildActionMask = 2147483647;
			files = (
				078C359D192175CA00354453 /* InfoPlist.strings in Resources */,
			);
			runOnlyForDeploymentPostprocessing = 0;
		};
/* End PBXResourcesBuildPhase section */

/* Begin PBXSourcesBuildPhase section */
		078C3580192175C900354453 /* Sources */ = {
			isa = PBXSourcesBuildPhase;
			buildActionMask = 2147483647;
			files = (
				078C36D1192195E700354453 /* main.cpp in Sources */,
			);
			runOnlyForDeploymentPostprocessing = 0;
		};
		078C358D192175CA00354453 /* Sources */ = {
			isa = PBXSourcesBuildPhase;
			buildActionMask = 2147483647;
			files = (
				078C359F192175CA00354453 /* appTests.m in Sources */,
				078C36D2192195E700354453 /* main.cpp in Sources */,
			);
			runOnlyForDeploymentPostprocessing = 0;
		};
/* End PBXSourcesBuildPhase section */

/* Begin PBXTargetDependency section */
		07557C0F1B4D8E4B0065594B /* PBXTargetDependency */ = {
			isa = PBXTargetDependency;
			name = aura_ios;
			targetProxy = 07557C0E1B4D8E4B0065594B /* PBXContainerItemProxy */;
		};
		07557C111B4D8E4B0065594B /* PBXTargetDependency */ = {
			isa = PBXTargetDependency;
			name = auracharguess_ios;
			targetProxy = 07557C101B4D8E4B0065594B /* PBXContainerItemProxy */;
		};
		07557C131B4D8E4B0065594B /* PBXTargetDependency */ = {
			isa = PBXTargetDependency;
			name = aurasqlite_ios;
			targetProxy = 07557C121B4D8E4B0065594B /* PBXContainerItemProxy */;
		};
		07557C151B4D8E4B0065594B /* PBXTargetDependency */ = {
			isa = PBXTargetDependency;
			name = axis_ios;
			targetProxy = 07557C141B4D8E4B0065594B /* PBXContainerItemProxy */;
		};
		07557C171B4D8E4B0065594B /* PBXTargetDependency */ = {
			isa = PBXTargetDependency;
			name = axisbzip2_ios;
			targetProxy = 07557C161B4D8E4B0065594B /* PBXContainerItemProxy */;
		};
		07557C191B4D8E4B0065594B /* PBXTargetDependency */ = {
			isa = PBXTargetDependency;
			name = aurasqlite_ios;
			targetProxy = 07557C181B4D8E4B0065594B /* PBXContainerItemProxy */;
		};
		07557C1B1B4D8E4B0065594B /* PBXTargetDependency */ = {
			isa = PBXTargetDependency;
			name = axisbzip2_ios;
			targetProxy = 07557C1A1B4D8E4B0065594B /* PBXContainerItemProxy */;
		};
		07557C1D1B4D8E4B0065594B /* PBXTargetDependency */ = {
			isa = PBXTargetDependency;
			name = axisfreeimage_ios;
			targetProxy = 07557C1C1B4D8E4B0065594B /* PBXContainerItemProxy */;
		};
		07557C1F1B4D8E540065594B /* PBXTargetDependency */ = {
			isa = PBXTargetDependency;
			name = axiszlib_ios;
			targetProxy = 07557C1E1B4D8E540065594B /* PBXContainerItemProxy */;
		};
		07557C211B4D8E540065594B /* PBXTargetDependency */ = {
			isa = PBXTargetDependency;
			name = axisfreetype_ios;
			targetProxy = 07557C201B4D8E540065594B /* PBXContainerItemProxy */;
		};
		07557C231B4D8E540065594B /* PBXTargetDependency */ = {
			isa = PBXTargetDependency;
			name = axiszlib_ios;
			targetProxy = 07557C221B4D8E540065594B /* PBXContainerItemProxy */;
		};
		07557C251B4D8E5B0065594B /* PBXTargetDependency */ = {
			isa = PBXTargetDependency;
			name = base_ios;
			targetProxy = 07557C241B4D8E5B0065594B /* PBXContainerItemProxy */;
		};
		078C3596192175CA00354453 /* PBXTargetDependency */ = {
			isa = PBXTargetDependency;
			target = 078C3583192175C900354453 /* app */;
			targetProxy = 078C3595192175CA00354453 /* PBXContainerItemProxy */;
		};
		07EDC5C81B4FEB8200AF8928 /* PBXTargetDependency */ = {
			isa = PBXTargetDependency;
			name = core_ios;
			targetProxy = 07EDC5C71B4FEB8200AF8928 /* PBXContainerItemProxy */;
		};
/* End PBXTargetDependency section */

/* Begin PBXVariantGroup section */
		078C359B192175CA00354453 /* InfoPlist.strings */ = {
			isa = PBXVariantGroup;
			children = (
				078C359C192175CA00354453 /* en */,
			);
			name = InfoPlist.strings;
			sourceTree = "<group>";
		};
/* End PBXVariantGroup section */

/* Begin XCBuildConfiguration section */
		078C35A1192175CA00354453 /* Debug */ = {
			isa = XCBuildConfiguration;
			buildSettings = {
				ALWAYS_SEARCH_USER_PATHS = YES;
				CLANG_CXX_LANGUAGE_STANDARD = "gnu++0x";
				CLANG_ENABLE_MODULES = YES;
				CLANG_ENABLE_OBJC_ARC = YES;
				EXECUTABLE_EXTENSION = dylib;
				GCC_C_LANGUAGE_STANDARD = gnu99;
				GCC_PRECOMPILE_PREFIX_HEADER = NO;
				GCC_PREPROCESSOR_DEFINITIONS = (
					"DEBUG=1",
					"$(inherited)",
				);
				PRODUCT_NAME = "$(TARGET_NAME)";
			};
			name = Debug;
		};
		078C35A2192175CA00354453 /* Release */ = {
			isa = XCBuildConfiguration;
			buildSettings = {
				ALWAYS_SEARCH_USER_PATHS = YES;
				CLANG_CXX_LANGUAGE_STANDARD = "gnu++0x";
				CLANG_ENABLE_MODULES = YES;
				CLANG_ENABLE_OBJC_ARC = YES;
				ENABLE_NS_ASSERTIONS = NO;
				EXECUTABLE_EXTENSION = dylib;
				GCC_C_LANGUAGE_STANDARD = gnu99;
				GCC_PRECOMPILE_PREFIX_HEADER = NO;
				PRODUCT_NAME = "$(TARGET_NAME)";
			};
			name = Release;
		};
		078C35A4192175CA00354453 /* Debug */ = {
			isa = XCBuildConfiguration;
			buildSettings = {
				ALWAYS_SEARCH_USER_PATHS = NO;
				CLANG_CXX_LANGUAGE_STANDARD = "gnu++0x";
				CLANG_ENABLE_MODULES = YES;
				CLANG_ENABLE_OBJC_ARC = YES;
				FRAMEWORK_SEARCH_PATHS = (
					"$(SDKROOT)/Developer/Library/Frameworks",
					"$(inherited)",
					"$(DEVELOPER_FRAMEWORKS_DIR)",
				);
				GCC_C_LANGUAGE_STANDARD = gnu99;
				GCC_PRECOMPILE_PREFIX_HEADER = YES;
				GCC_PREFIX_HEADER = "app/app-Prefix.pch";
				GCC_PREPROCESSOR_DEFINITIONS = (
					"DEBUG=1",
					"$(inherited)",
				);
				INFOPLIST_FILE = "appTests/appTests-Info.plist";
				IPHONEOS_DEPLOYMENT_TARGET = 7.1;
				PRODUCT_BUNDLE_IDENTIFIER = "ca2.${PRODUCT_NAME:rfc1034identifier}";
				PRODUCT_NAME = "$(TARGET_NAME)";
				WRAPPER_EXTENSION = xctest;
			};
			name = Debug;
		};
		078C35A5192175CA00354453 /* Release */ = {
			isa = XCBuildConfiguration;
			buildSettings = {
				ALWAYS_SEARCH_USER_PATHS = NO;
				CLANG_CXX_LANGUAGE_STANDARD = "gnu++0x";
				CLANG_ENABLE_MODULES = YES;
				CLANG_ENABLE_OBJC_ARC = YES;
				ENABLE_NS_ASSERTIONS = NO;
				FRAMEWORK_SEARCH_PATHS = (
					"$(SDKROOT)/Developer/Library/Frameworks",
					"$(inherited)",
					"$(DEVELOPER_FRAMEWORKS_DIR)",
				);
				GCC_C_LANGUAGE_STANDARD = gnu99;
				GCC_PRECOMPILE_PREFIX_HEADER = YES;
				GCC_PREFIX_HEADER = "app/app-Prefix.pch";
				INFOPLIST_FILE = "appTests/appTests-Info.plist";
				IPHONEOS_DEPLOYMENT_TARGET = 7.1;
				PRODUCT_BUNDLE_IDENTIFIER = "ca2.${PRODUCT_NAME:rfc1034identifier}";
				PRODUCT_NAME = "$(TARGET_NAME)";
				WRAPPER_EXTENSION = xctest;
			};
			name = Release;
		};
		9A5752CE16AAE1D3000CC4EF /* Debug */ = {
			isa = XCBuildConfiguration;
			buildSettings = {
				ALWAYS_SEARCH_USER_PATHS = YES;
				CLANG_ANALYZER_DEADCODE_DEADSTORES = NO;
				CLANG_ANALYZER_MEMORY_MANAGEMENT = YES;
				CLANG_CXX_LANGUAGE_STANDARD = "c++0x";
				CLANG_CXX_LIBRARY = "libc++";
				CLANG_WARN_BOOL_CONVERSION = YES;
				CLANG_WARN_CONSTANT_CONVERSION = YES;
				CLANG_WARN_DIRECT_OBJC_ISA_USAGE = YES_ERROR;
				CLANG_WARN_EMPTY_BODY = YES;
				CLANG_WARN_ENUM_CONVERSION = YES;
				CLANG_WARN_INT_CONVERSION = YES;
				CLANG_WARN_OBJC_ROOT_CLASS = YES_ERROR;
				CLANG_WARN__DUPLICATE_METHOD_MATCH = YES;
				COPY_PHASE_STRIP = NO;
				DEPLOYMENT_POSTPROCESSING = YES;
				ENABLE_TESTABILITY = YES;
				GCC_C_LANGUAGE_STANDARD = c99;
				GCC_DYNAMIC_NO_PIC = NO;
				GCC_OPTIMIZATION_LEVEL = 0;
				GCC_PREPROCESSOR_DEFINITIONS = (
					"DEBUG=1",
					"$(inherited)",
				);
				GCC_SYMBOLS_PRIVATE_EXTERN = NO;
				GCC_WARN_64_TO_32_BIT_CONVERSION = YES;
				GCC_WARN_ABOUT_RETURN_TYPE = YES_ERROR;
				GCC_WARN_UNDECLARED_SELECTOR = YES;
				GCC_WARN_UNINITIALIZED_AUTOS = YES_AGGRESSIVE;
				GCC_WARN_UNUSED_FUNCTION = YES;
				GCC_WARN_UNUSED_VARIABLE = YES;
				HEADER_SEARCH_PATHS = (
					"$(WorkspaceDir)/../../../app/thirdparty/include",
					"$(WorkspaceDir)/../../../nodeapp/thirdparty/include",
				);
				INSTALL_PATH = "@executable_path";
				LIBRARY_SEARCH_PATHS = (
					"$(inherited)",
					"\"$(TARGET_BUILD_DIR)\"",
				);
				MACH_O_TYPE = mh_dylib;
				MACOSX_DEPLOYMENT_TARGET = 10.8;
				ONLY_ACTIVE_ARCH = YES;
				PRODUCT_NAME = "$(PROJECT_NAME)";
				SDKROOT = iphoneos;
				SUPPORTED_PLATFORMS = "iphonesimulator iphoneos";
				TARGETED_DEVICE_FAMILY = "1,2";
				USER_HEADER_SEARCH_PATHS = "$(WorkspaceDir)/../../../include $(WorkspaceDir)/../../../app/include framework . .. $(WorkspaceDir)/../../.. $(WorkspaceDir)/../../../app $(WorkspaceDir)/../../../app/appseed $(WorkspaceDir)/../../../app/appseed/core $(WorkspaceDir)/../../../app/appseed/base $(WorkspaceDir)/../../../app/appseed/axis $(WorkspaceDir)/../../../app/appseed/aura $(WorkspaceDir)/../../../app/axis $(WorkspaceDir)/../.. $(WorkspaceDir)/../../base/include $(WorkspaceDir)/../../../app/base/include $(WorkspaceDir)/../../appseed $(WorkspaceDir)/../../../app/base";
				WorkspaceDir = "$(SRCROOT)/../../../nodeapp/seed/metaseed";
			};
			name = Debug;
		};
		9A5752CF16AAE1D3000CC4EF /* Release */ = {
			isa = XCBuildConfiguration;
			buildSettings = {
				ALWAYS_SEARCH_USER_PATHS = YES;
				CLANG_ANALYZER_DEADCODE_DEADSTORES = NO;
				CLANG_ANALYZER_MEMORY_MANAGEMENT = YES;
				CLANG_CXX_LANGUAGE_STANDARD = "c++0x";
				CLANG_CXX_LIBRARY = "libc++";
				CLANG_WARN_BOOL_CONVERSION = YES;
				CLANG_WARN_CONSTANT_CONVERSION = YES;
				CLANG_WARN_DIRECT_OBJC_ISA_USAGE = YES_ERROR;
				CLANG_WARN_EMPTY_BODY = YES;
				CLANG_WARN_ENUM_CONVERSION = YES;
				CLANG_WARN_INT_CONVERSION = YES;
				CLANG_WARN_OBJC_ROOT_CLASS = YES_ERROR;
				CLANG_WARN__DUPLICATE_METHOD_MATCH = YES;
				COPY_PHASE_STRIP = YES;
				DEBUG_INFORMATION_FORMAT = "dwarf-with-dsym";
				DEPLOYMENT_POSTPROCESSING = YES;
				GCC_C_LANGUAGE_STANDARD = c99;
				GCC_WARN_64_TO_32_BIT_CONVERSION = YES;
				GCC_WARN_ABOUT_RETURN_TYPE = YES_ERROR;
				GCC_WARN_UNDECLARED_SELECTOR = YES;
				GCC_WARN_UNINITIALIZED_AUTOS = YES_AGGRESSIVE;
				GCC_WARN_UNUSED_FUNCTION = YES;
				GCC_WARN_UNUSED_VARIABLE = YES;
				HEADER_SEARCH_PATHS = (
					"$(WorkspaceDir)/../../../app/thirdparty/include",
					"$(WorkspaceDir)/../../../nodeapp/thirdparty/include",
				);
				INSTALL_PATH = "@executable_path";
				LIBRARY_SEARCH_PATHS = (
					"$(inherited)",
					"\"$(TARGET_BUILD_DIR)\"",
				);
				MACH_O_TYPE = mh_dylib;
				MACOSX_DEPLOYMENT_TARGET = 10.8;
				PRODUCT_NAME = "$(PROJECT_NAME)";
				SDKROOT = iphoneos;
				SUPPORTED_PLATFORMS = "iphonesimulator iphoneos";
				TARGETED_DEVICE_FAMILY = "1,2";
				USER_HEADER_SEARCH_PATHS = "$(WorkspaceDir)/../../../include $(WorkspaceDir)/../../../app/include framework . .. $(WorkspaceDir)/../../.. $(WorkspaceDir)/../../../app $(WorkspaceDir)/../../../app/appseed $(WorkspaceDir)/../../../app/appseed/core $(WorkspaceDir)/../../../app/appseed/base $(WorkspaceDir)/../../../app/appseed/axis $(WorkspaceDir)/../../../app/appseed/aura $(WorkspaceDir)/../../../app/axis $(WorkspaceDir)/../.. $(WorkspaceDir)/../../base/include $(WorkspaceDir)/../../../app/base/include $(WorkspaceDir)/../../appseed $(WorkspaceDir)/../../../app/base";
				VALIDATE_PRODUCT = YES;
				WorkspaceDir = "$(SRCROOT)/../../../nodeapp/seed/metaseed";
			};
			name = Release;
		};
/* End XCBuildConfiguration section */

/* Begin XCConfigurationList section */
		078C35A0192175CA00354453 /* Build configuration list for PBXNativeTarget "app" */ = {
			isa = XCConfigurationList;
			buildConfigurations = (
				078C35A1192175CA00354453 /* Debug */,
				078C35A2192175CA00354453 /* Release */,
			);
			defaultConfigurationIsVisible = 0;
			defaultConfigurationName = Release;
		};
		078C35A3192175CA00354453 /* Build configuration list for PBXNativeTarget "appTests" */ = {
			isa = XCConfigurationList;
			buildConfigurations = (
				078C35A4192175CA00354453 /* Debug */,
				078C35A5192175CA00354453 /* Release */,
			);
			defaultConfigurationIsVisible = 0;
			defaultConfigurationName = Release;
		};
		9A5752AC16AAE1D2000CC4EF /* Build configuration list for PBXProject "app" */ = {
			isa = XCConfigurationList;
			buildConfigurations = (
				9A5752CE16AAE1D3000CC4EF /* Debug */,
				9A5752CF16AAE1D3000CC4EF /* Release */,
			);
			defaultConfigurationIsVisible = 0;
			defaultConfigurationName = Release;
		};
/* End XCConfigurationList section */
	};
	rootObject = 9A5752A916AAE1D2000CC4EF /* Project object */;
}
