// !$*UTF8*$!
{
	archiveVersion = 1;
	classes = {
	};
	objectVersion = 46;
	objects = {

/* Begin PBXBuildFile section */
		9AA6A4521907B5BD000A1F4A /* libbase.dylib in Frameworks */ = {isa = PBXBuildFile; fileRef = 9AA6A44D1907B5BD000A1F4A /* libbase.dylib */; };
		9AA6A4531907B5BD000A1F4A /* libbasefreeimage.dylib in Frameworks */ = {isa = PBXBuildFile; fileRef = 9AA6A44E1907B5BD000A1F4A /* libbasefreeimage.dylib */; };
		9AA6A4541907B5BD000A1F4A /* libbasefreetype.dylib in Frameworks */ = {isa = PBXBuildFile; fileRef = 9AA6A44F1907B5BD000A1F4A /* libbasefreetype.dylib */; };
		9AA6A4551907B5BD000A1F4A /* libbasemysql.dylib in Frameworks */ = {isa = PBXBuildFile; fileRef = 9AA6A4501907B5BD000A1F4A /* libbasemysql.dylib */; };
		9AA6A4561907B5BD000A1F4A /* libcore.dylib in Frameworks */ = {isa = PBXBuildFile; fileRef = 9AA6A4511907B5BD000A1F4A /* libcore.dylib */; };
		9AE24EC21904E95E001AEFFB /* Foundation.framework in Frameworks */ = {isa = PBXBuildFile; fileRef = 9AE24EC11904E95E001AEFFB /* Foundation.framework */; };
		9AE24EC41904E95E001AEFFB /* CoreGraphics.framework in Frameworks */ = {isa = PBXBuildFile; fileRef = 9AE24EC31904E95E001AEFFB /* CoreGraphics.framework */; };
		9AE24EC61904E95E001AEFFB /* UIKit.framework in Frameworks */ = {isa = PBXBuildFile; fileRef = 9AE24EC51904E95E001AEFFB /* UIKit.framework */; };
		9AE24ECC1904E95E001AEFFB /* InfoPlist.strings in Resources */ = {isa = PBXBuildFile; fileRef = 9AE24ECA1904E95E001AEFFB /* InfoPlist.strings */; };
		9AE24ECE1904E95E001AEFFB /* main.m in Sources */ = {isa = PBXBuildFile; fileRef = 9AE24ECD1904E95E001AEFFB /* main.m */; };
		9AE24ED41904E95E001AEFFB /* Images.xcassets in Resources */ = {isa = PBXBuildFile; fileRef = 9AE24ED31904E95E001AEFFB /* Images.xcassets */; };
		9AE24EDB1904E95F001AEFFB /* XCTest.framework in Frameworks */ = {isa = PBXBuildFile; fileRef = 9AE24EDA1904E95E001AEFFB /* XCTest.framework */; };
		9AE24EDC1904E95F001AEFFB /* Foundation.framework in Frameworks */ = {isa = PBXBuildFile; fileRef = 9AE24EC11904E95E001AEFFB /* Foundation.framework */; };
		9AE24EDD1904E95F001AEFFB /* UIKit.framework in Frameworks */ = {isa = PBXBuildFile; fileRef = 9AE24EC51904E95E001AEFFB /* UIKit.framework */; };
		9AE24EE51904E95F001AEFFB /* InfoPlist.strings in Resources */ = {isa = PBXBuildFile; fileRef = 9AE24EE31904E95F001AEFFB /* InfoPlist.strings */; };
		9AE24EE71904E95F001AEFFB /* app_iosTests.m in Sources */ = {isa = PBXBuildFile; fileRef = 9AE24EE61904E95F001AEFFB /* app_iosTests.m */; };
/* End PBXBuildFile section */

/* Begin PBXContainerItemProxy section */
		9AE24EDE1904E95F001AEFFB /* PBXContainerItemProxy */ = {
			isa = PBXContainerItemProxy;
			containerPortal = 9A5752A916AAE1D2000CC4EF /* Project object */;
			proxyType = 1;
			remoteGlobalIDString = 9AE24EBF1904E95E001AEFFB;
			remoteInfo = app_ios;
		};
/* End PBXContainerItemProxy section */

/* Begin PBXFileReference section */
		07B5903518866047002C6FEC /* CoreFoundation.framework */ = {isa = PBXFileReference; lastKnownFileType = wrapper.framework; name = CoreFoundation.framework; path = System/Library/Frameworks/CoreFoundation.framework; sourceTree = SDKROOT; };
		9A5752B616AAE1D2000CC4EF /* Cocoa.framework */ = {isa = PBXFileReference; lastKnownFileType = wrapper.framework; name = Cocoa.framework; path = System/Library/Frameworks/Cocoa.framework; sourceTree = SDKROOT; };
		9A5752B916AAE1D2000CC4EF /* AppKit.framework */ = {isa = PBXFileReference; lastKnownFileType = wrapper.framework; name = AppKit.framework; path = System/Library/Frameworks/AppKit.framework; sourceTree = SDKROOT; };
		9A5752BA16AAE1D2000CC4EF /* CoreData.framework */ = {isa = PBXFileReference; lastKnownFileType = wrapper.framework; name = CoreData.framework; path = System/Library/Frameworks/CoreData.framework; sourceTree = SDKROOT; };
		9A5752BB16AAE1D2000CC4EF /* Foundation.framework */ = {isa = PBXFileReference; lastKnownFileType = wrapper.framework; name = Foundation.framework; path = System/Library/Frameworks/Foundation.framework; sourceTree = SDKROOT; };
		9AA6A2B0190721C7000A1F4A /* libbase_ios.dylib */ = {isa = PBXFileReference; lastKnownFileType = "compiled.mach-o.dylib"; name = libbase_ios.dylib; path = "../../../app/appseed/base/build/Debug-iphoneos/libbase_ios.dylib"; sourceTree = "<group>"; };
		9AA6A2CE19072359000A1F4A /* os.xcodeproj */ = {isa = PBXFileReference; lastKnownFileType = "wrapper.pb-project"; name = os.xcodeproj; path = ../../os/os.xcodeproj; sourceTree = SOURCE_ROOT; };
		9AA6A36F190759B1000A1F4A /* libbasefreeimage_ios.dylib */ = {isa = PBXFileReference; lastKnownFileType = "compiled.mach-o.dylib"; name = libbasefreeimage_ios.dylib; path = "../../../app/thirdparty/appseed/freeimage/build/Debug-iphoneos/libbasefreeimage_ios.dylib"; sourceTree = "<group>"; };
		9AA6A370190759B1000A1F4A /* libbasefreetype_ios.dylib */ = {isa = PBXFileReference; lastKnownFileType = "compiled.mach-o.dylib"; name = libbasefreetype_ios.dylib; path = "../../../app/thirdparty/appseed/freetype/build/Debug-iphoneos/libbasefreetype_ios.dylib"; sourceTree = "<group>"; };
		9AA6A371190759B1000A1F4A /* libbasemysql_ios.dylib */ = {isa = PBXFileReference; lastKnownFileType = "compiled.mach-o.dylib"; name = libbasemysql_ios.dylib; path = "../../../app/thirdparty/appseed/mysql/build/Debug-iphoneos/libbasemysql_ios.dylib"; sourceTree = "<group>"; };
		9AA6A372190759B1000A1F4A /* libcore_ios.dylib */ = {isa = PBXFileReference; lastKnownFileType = "compiled.mach-o.dylib"; name = libcore_ios.dylib; path = "../../../app/appseed/core/build/Debug-iphoneos/libcore_ios.dylib"; sourceTree = "<group>"; };
		9AA6A44D1907B5BD000A1F4A /* libbase.dylib */ = {isa = PBXFileReference; lastKnownFileType = "compiled.mach-o.dylib"; name = libbase.dylib; path = "../../../app/appseed/base/build/Release-iphoneos/libbase.dylib"; sourceTree = "<group>"; };
		9AA6A44E1907B5BD000A1F4A /* libbasefreeimage.dylib */ = {isa = PBXFileReference; lastKnownFileType = "compiled.mach-o.dylib"; name = libbasefreeimage.dylib; path = "../../../app/thirdparty/appseed/freeimage/build/Debug-iphoneos/libbasefreeimage.dylib"; sourceTree = "<group>"; };
		9AA6A44F1907B5BD000A1F4A /* libbasefreetype.dylib */ = {isa = PBXFileReference; lastKnownFileType = "compiled.mach-o.dylib"; name = libbasefreetype.dylib; path = "../../../app/thirdparty/appseed/freetype/build/Debug-iphoneos/libbasefreetype.dylib"; sourceTree = "<group>"; };
		9AA6A4501907B5BD000A1F4A /* libbasemysql.dylib */ = {isa = PBXFileReference; lastKnownFileType = "compiled.mach-o.dylib"; name = libbasemysql.dylib; path = "../../../app/thirdparty/appseed/mysql/build/Debug-iphoneos/libbasemysql.dylib"; sourceTree = "<group>"; };
		9AA6A4511907B5BD000A1F4A /* libcore.dylib */ = {isa = PBXFileReference; lastKnownFileType = "compiled.mach-o.dylib"; name = libcore.dylib; path = "../../../app/appseed/core/build/Debug-iphoneos/libcore.dylib"; sourceTree = "<group>"; };
		9AA6A4571907B5F0000A1F4A /* base.xcodeproj */ = {isa = PBXFileReference; lastKnownFileType = "wrapper.pb-project"; name = base.xcodeproj; path = ../../../app/appseed/base/base.xcodeproj; sourceTree = SOURCE_ROOT; };
		9AA6A4631907B608000A1F4A /* basefreetype.xcodeproj */ = {isa = PBXFileReference; lastKnownFileType = "wrapper.pb-project"; name = basefreetype.xcodeproj; path = ../../../app/thirdparty/appseed/freetype/basefreetype.xcodeproj; sourceTree = SOURCE_ROOT; };
		9AA6A46F1907B615000A1F4A /* basefreeimage.xcodeproj */ = {isa = PBXFileReference; lastKnownFileType = "wrapper.pb-project"; name = basefreeimage.xcodeproj; path = ../../../app/thirdparty/appseed/freeimage/basefreeimage.xcodeproj; sourceTree = SOURCE_ROOT; };
		9AA6A47B1907B61C000A1F4A /* basemysql.xcodeproj */ = {isa = PBXFileReference; lastKnownFileType = "wrapper.pb-project"; name = basemysql.xcodeproj; path = ../../../app/thirdparty/appseed/mysql/basemysql.xcodeproj; sourceTree = SOURCE_ROOT; };
		9AA6A4871907B628000A1F4A /* core.xcodeproj */ = {isa = PBXFileReference; lastKnownFileType = "wrapper.pb-project"; name = core.xcodeproj; path = ../../../app/appseed/core/core.xcodeproj; sourceTree = SOURCE_ROOT; };
		9AB3522516AC11540084BFE8 /* app.entitlements */ = {isa = PBXFileReference; lastKnownFileType = text.xml; path = app.entitlements; sourceTree = SOURCE_ROOT; };
		9AE24EC01904E95E001AEFFB /* app.app */ = {isa = PBXFileReference; explicitFileType = wrapper.application; includeInIndex = 0; path = app.app; sourceTree = BUILT_PRODUCTS_DIR; };
		9AE24EC11904E95E001AEFFB /* Foundation.framework */ = {isa = PBXFileReference; lastKnownFileType = wrapper.framework; name = Foundation.framework; path = System/Library/Frameworks/Foundation.framework; sourceTree = SDKROOT; };
		9AE24EC31904E95E001AEFFB /* CoreGraphics.framework */ = {isa = PBXFileReference; lastKnownFileType = wrapper.framework; name = CoreGraphics.framework; path = System/Library/Frameworks/CoreGraphics.framework; sourceTree = SDKROOT; };
		9AE24EC51904E95E001AEFFB /* UIKit.framework */ = {isa = PBXFileReference; lastKnownFileType = wrapper.framework; name = UIKit.framework; path = Library/Frameworks/UIKit.framework; sourceTree = DEVELOPER_DIR; };
		9AE24EC91904E95E001AEFFB /* app_ios-Info.plist */ = {isa = PBXFileReference; lastKnownFileType = text.plist.xml; name = "app_ios-Info.plist"; path = "app_ios/app_ios-Info.plist"; sourceTree = SOURCE_ROOT; };
		9AE24ECB1904E95E001AEFFB /* en */ = {isa = PBXFileReference; lastKnownFileType = text.plist.strings; name = en; path = en.lproj/InfoPlist.strings; sourceTree = "<group>"; };
		9AE24ECD1904E95E001AEFFB /* main.m */ = {isa = PBXFileReference; lastKnownFileType = sourcecode.c.objc; name = main.m; path = app_ios/main.m; sourceTree = SOURCE_ROOT; };
		9AE24ED31904E95E001AEFFB /* Images.xcassets */ = {isa = PBXFileReference; lastKnownFileType = folder.assetcatalog; name = Images.xcassets; path = app_ios/Images.xcassets; sourceTree = SOURCE_ROOT; };
		9AE24ED91904E95E001AEFFB /* app_iosTests.xctest */ = {isa = PBXFileReference; explicitFileType = wrapper.cfbundle; includeInIndex = 0; path = app_iosTests.xctest; sourceTree = BUILT_PRODUCTS_DIR; };
		9AE24EDA1904E95E001AEFFB /* XCTest.framework */ = {isa = PBXFileReference; lastKnownFileType = wrapper.framework; name = XCTest.framework; path = Library/Frameworks/XCTest.framework; sourceTree = DEVELOPER_DIR; };
		9AE24EE21904E95F001AEFFB /* app_iosTests-Info.plist */ = {isa = PBXFileReference; lastKnownFileType = text.plist.xml; path = "app_iosTests-Info.plist"; sourceTree = "<group>"; };
		9AE24EE41904E95F001AEFFB /* en */ = {isa = PBXFileReference; lastKnownFileType = text.plist.strings; name = en; path = en.lproj/InfoPlist.strings; sourceTree = "<group>"; };
		9AE24EE61904E95F001AEFFB /* app_iosTests.m */ = {isa = PBXFileReference; lastKnownFileType = sourcecode.c.objc; path = app_iosTests.m; sourceTree = "<group>"; };
/* End PBXFileReference section */

/* Begin PBXFrameworksBuildPhase section */
		9AE24EBD1904E95E001AEFFB /* Frameworks */ = {
			isa = PBXFrameworksBuildPhase;
			buildActionMask = 2147483647;
			files = (
				9AE24EC41904E95E001AEFFB /* CoreGraphics.framework in Frameworks */,
				9AE24EC61904E95E001AEFFB /* UIKit.framework in Frameworks */,
				9AE24EC21904E95E001AEFFB /* Foundation.framework in Frameworks */,
				9AA6A4561907B5BD000A1F4A /* libcore.dylib in Frameworks */,
				9AA6A4551907B5BD000A1F4A /* libbasemysql.dylib in Frameworks */,
				9AA6A4531907B5BD000A1F4A /* libbasefreeimage.dylib in Frameworks */,
				9AA6A4541907B5BD000A1F4A /* libbasefreetype.dylib in Frameworks */,
				9AA6A4521907B5BD000A1F4A /* libbase.dylib in Frameworks */,
			);
			runOnlyForDeploymentPostprocessing = 0;
		};
		9AE24ED61904E95E001AEFFB /* Frameworks */ = {
			isa = PBXFrameworksBuildPhase;
			buildActionMask = 2147483647;
			files = (
				9AE24EDB1904E95F001AEFFB /* XCTest.framework in Frameworks */,
				9AE24EDD1904E95F001AEFFB /* UIKit.framework in Frameworks */,
				9AE24EDC1904E95F001AEFFB /* Foundation.framework in Frameworks */,
			);
			runOnlyForDeploymentPostprocessing = 0;
		};
/* End PBXFrameworksBuildPhase section */

/* Begin PBXGroup section */
		9A5752A716AAE1D2000CC4EF = {
			isa = PBXGroup;
			children = (
				9AA6A4571907B5F0000A1F4A /* base.xcodeproj */,
				9AA6A4631907B608000A1F4A /* basefreetype.xcodeproj */,
				9AA6A46F1907B615000A1F4A /* basefreeimage.xcodeproj */,
				9AA6A47B1907B61C000A1F4A /* basemysql.xcodeproj */,
				9AA6A4871907B628000A1F4A /* core.xcodeproj */,
				9AA6A2CE19072359000A1F4A /* os.xcodeproj */,
				9A5752BC16AAE1D2000CC4EF /* app */,
				9AE24EE01904E95F001AEFFB /* app_iosTests */,
				9A5752B516AAE1D2000CC4EF /* Frameworks */,
				9A5752B316AAE1D2000CC4EF /* Products */,
			);
			sourceTree = "<group>";
		};
		9A5752B316AAE1D2000CC4EF /* Products */ = {
			isa = PBXGroup;
			children = (
				9AE24EC01904E95E001AEFFB /* app.app */,
				9AE24ED91904E95E001AEFFB /* app_iosTests.xctest */,
			);
			name = Products;
			sourceTree = "<group>";
		};
		9A5752B516AAE1D2000CC4EF /* Frameworks */ = {
			isa = PBXGroup;
			children = (
				9AA6A44D1907B5BD000A1F4A /* libbase.dylib */,
				9AA6A44E1907B5BD000A1F4A /* libbasefreeimage.dylib */,
				9AA6A44F1907B5BD000A1F4A /* libbasefreetype.dylib */,
				9AA6A4501907B5BD000A1F4A /* libbasemysql.dylib */,
				9AA6A4511907B5BD000A1F4A /* libcore.dylib */,
				9AA6A36F190759B1000A1F4A /* libbasefreeimage_ios.dylib */,
				9AA6A370190759B1000A1F4A /* libbasefreetype_ios.dylib */,
				9AA6A371190759B1000A1F4A /* libbasemysql_ios.dylib */,
				9AA6A372190759B1000A1F4A /* libcore_ios.dylib */,
				9AA6A2B0190721C7000A1F4A /* libbase_ios.dylib */,
				9A5752B616AAE1D2000CC4EF /* Cocoa.framework */,
				07B5903518866047002C6FEC /* CoreFoundation.framework */,
				9AE24EC11904E95E001AEFFB /* Foundation.framework */,
				9AE24EC31904E95E001AEFFB /* CoreGraphics.framework */,
				9AE24EC51904E95E001AEFFB /* UIKit.framework */,
				9AE24EDA1904E95E001AEFFB /* XCTest.framework */,
				9A5752B816AAE1D2000CC4EF /* Other Frameworks */,
			);
			name = Frameworks;
			sourceTree = "<group>";
		};
		9A5752B816AAE1D2000CC4EF /* Other Frameworks */ = {
			isa = PBXGroup;
			children = (
				9A5752B916AAE1D2000CC4EF /* AppKit.framework */,
				9A5752BA16AAE1D2000CC4EF /* CoreData.framework */,
				9A5752BB16AAE1D2000CC4EF /* Foundation.framework */,
			);
			name = "Other Frameworks";
			sourceTree = "<group>";
		};
		9A5752BC16AAE1D2000CC4EF /* app */ = {
			isa = PBXGroup;
			children = (
				9AE24ED31904E95E001AEFFB /* Images.xcassets */,
				9AB3522516AC11540084BFE8 /* app.entitlements */,
				9AE24EC91904E95E001AEFFB /* app_ios-Info.plist */,
				9AE24ECA1904E95E001AEFFB /* InfoPlist.strings */,
				9AE24ECD1904E95E001AEFFB /* main.m */,
			);
			path = app;
			sourceTree = "<group>";
		};
		9AE24EE01904E95F001AEFFB /* app_iosTests */ = {
			isa = PBXGroup;
			children = (
				9AE24EE61904E95F001AEFFB /* app_iosTests.m */,
				9AE24EE11904E95F001AEFFB /* Supporting Files */,
			);
			path = app_iosTests;
			sourceTree = "<group>";
		};
		9AE24EE11904E95F001AEFFB /* Supporting Files */ = {
			isa = PBXGroup;
			children = (
				9AE24EE21904E95F001AEFFB /* app_iosTests-Info.plist */,
				9AE24EE31904E95F001AEFFB /* InfoPlist.strings */,
			);
			name = "Supporting Files";
			sourceTree = "<group>";
		};
/* End PBXGroup section */

/* Begin PBXNativeTarget section */
		9AE24EBF1904E95E001AEFFB /* app_ios */ = {
			isa = PBXNativeTarget;
			buildConfigurationList = 9AE24EEC1904E95F001AEFFB /* Build configuration list for PBXNativeTarget "app_ios" */;
			buildPhases = (
				9AE24EBC1904E95E001AEFFB /* Sources */,
				9AE24EBD1904E95E001AEFFB /* Frameworks */,
				9AE24EBE1904E95E001AEFFB /* Resources */,
			);
			buildRules = (
			);
			dependencies = (
			);
			name = app_ios;
			productName = app_ios;
			productReference = 9AE24EC01904E95E001AEFFB /* app.app */;
			productType = "com.apple.product-type.application";
		};
		9AE24ED81904E95E001AEFFB /* app_iosTests */ = {
			isa = PBXNativeTarget;
			buildConfigurationList = 9AE24EED1904E95F001AEFFB /* Build configuration list for PBXNativeTarget "app_iosTests" */;
			buildPhases = (
				9AE24ED51904E95E001AEFFB /* Sources */,
				9AE24ED61904E95E001AEFFB /* Frameworks */,
				9AE24ED71904E95E001AEFFB /* Resources */,
			);
			buildRules = (
			);
			dependencies = (
				9AE24EDF1904E95F001AEFFB /* PBXTargetDependency */,
			);
			name = app_iosTests;
			productName = app_iosTests;
			productReference = 9AE24ED91904E95E001AEFFB /* app_iosTests.xctest */;
			productType = "com.apple.product-type.bundle.unit-test";
		};
/* End PBXNativeTarget section */

/* Begin PBXProject section */
		9A5752A916AAE1D2000CC4EF /* Project object */ = {
			isa = PBXProject;
			attributes = {
				CLASSPREFIX = ca2;
				LastUpgradeCheck = 0500;
				ORGANIZATIONNAME = "Camilo Sasuke Tsumanuma";
				TargetAttributes = {
					9AE24ED81904E95E001AEFFB = {
						TestTargetID = 9A5752B116AAE1D2000CC4EF;
					};
				};
			};
			buildConfigurationList = 9A5752AC16AAE1D2000CC4EF /* Build configuration list for PBXProject "app" */;
			compatibilityVersion = "Xcode 3.2";
			developmentRegion = English;
			hasScannedForEncodings = 0;
			knownRegions = (
				en,
			);
			mainGroup = 9A5752A716AAE1D2000CC4EF;
			productRefGroup = 9A5752B316AAE1D2000CC4EF /* Products */;
			projectDirPath = "";
			projectRoot = "";
			targets = (
				9AE24EBF1904E95E001AEFFB /* app_ios */,
				9AE24ED81904E95E001AEFFB /* app_iosTests */,
			);
		};
/* End PBXProject section */

/* Begin PBXResourcesBuildPhase section */
		9AE24EBE1904E95E001AEFFB /* Resources */ = {
			isa = PBXResourcesBuildPhase;
			buildActionMask = 2147483647;
			files = (
				9AE24ECC1904E95E001AEFFB /* InfoPlist.strings in Resources */,
				9AE24ED41904E95E001AEFFB /* Images.xcassets in Resources */,
			);
			runOnlyForDeploymentPostprocessing = 0;
		};
		9AE24ED71904E95E001AEFFB /* Resources */ = {
			isa = PBXResourcesBuildPhase;
			buildActionMask = 2147483647;
			files = (
				9AE24EE51904E95F001AEFFB /* InfoPlist.strings in Resources */,
			);
			runOnlyForDeploymentPostprocessing = 0;
		};
/* End PBXResourcesBuildPhase section */

/* Begin PBXSourcesBuildPhase section */
		9AE24EBC1904E95E001AEFFB /* Sources */ = {
			isa = PBXSourcesBuildPhase;
			buildActionMask = 2147483647;
			files = (
				9AE24ECE1904E95E001AEFFB /* main.m in Sources */,
			);
			runOnlyForDeploymentPostprocessing = 0;
		};
		9AE24ED51904E95E001AEFFB /* Sources */ = {
			isa = PBXSourcesBuildPhase;
			buildActionMask = 2147483647;
			files = (
				9AE24EE71904E95F001AEFFB /* app_iosTests.m in Sources */,
			);
			runOnlyForDeploymentPostprocessing = 0;
		};
/* End PBXSourcesBuildPhase section */

/* Begin PBXTargetDependency section */
		9AE24EDF1904E95F001AEFFB /* PBXTargetDependency */ = {
			isa = PBXTargetDependency;
			target = 9AE24EBF1904E95E001AEFFB /* app_ios */;
			targetProxy = 9AE24EDE1904E95F001AEFFB /* PBXContainerItemProxy */;
		};
/* End PBXTargetDependency section */

/* Begin PBXVariantGroup section */
		9AE24ECA1904E95E001AEFFB /* InfoPlist.strings */ = {
			isa = PBXVariantGroup;
			children = (
				9AE24ECB1904E95E001AEFFB /* en */,
			);
			name = InfoPlist.strings;
			path = app_ios;
			sourceTree = SOURCE_ROOT;
		};
		9AE24EE31904E95F001AEFFB /* InfoPlist.strings */ = {
			isa = PBXVariantGroup;
			children = (
				9AE24EE41904E95F001AEFFB /* en */,
			);
			name = InfoPlist.strings;
			sourceTree = "<group>";
		};
/* End PBXVariantGroup section */

/* Begin XCBuildConfiguration section */
		9A5752CE16AAE1D3000CC4EF /* Debug */ = {
			isa = XCBuildConfiguration;
			buildSettings = {
				ALWAYS_SEARCH_USER_PATHS = YES;
				CLANG_ANALYZER_DEADCODE_DEADSTORES = NO;
				CLANG_ANALYZER_MEMORY_MANAGEMENT = YES;
				CLANG_CXX_LANGUAGE_STANDARD = "c++0x";
				CLANG_CXX_LIBRARY = "libc++";
				CLANG_ENABLE_OBJC_ARC = NO;
				CLANG_WARN_BOOL_CONVERSION = YES;
				CLANG_WARN_CONSTANT_CONVERSION = YES;
				CLANG_WARN_DIRECT_OBJC_ISA_USAGE = YES_ERROR;
				CLANG_WARN_EMPTY_BODY = YES;
				CLANG_WARN_ENUM_CONVERSION = YES;
				CLANG_WARN_INT_CONVERSION = YES;
				CLANG_WARN_OBJC_ROOT_CLASS = YES_ERROR;
				CLANG_WARN__DUPLICATE_METHOD_MATCH = YES;
				COPY_PHASE_STRIP = NO;
				GCC_C_LANGUAGE_STANDARD = c99;
				GCC_DYNAMIC_NO_PIC = NO;
				GCC_ENABLE_OBJC_EXCEPTIONS = YES;
				GCC_OPTIMIZATION_LEVEL = 0;
				GCC_PREPROCESSOR_DEFINITIONS = (
					"DEBUG=1",
					"$(inherited)",
				);
				GCC_SYMBOLS_PRIVATE_EXTERN = NO;
				GCC_WARN_64_TO_32_BIT_CONVERSION = YES;
				GCC_WARN_ABOUT_RETURN_TYPE = YES_ERROR;
				GCC_WARN_UNDECLARED_SELECTOR = YES;
				GCC_WARN_UNINITIALIZED_AUTOS = YES_AGGRESSIVE;
				GCC_WARN_UNUSED_FUNCTION = YES;
				GCC_WARN_UNUSED_VARIABLE = YES;
				HEADER_SEARCH_PATHS = (
					"$(WorkspaceDir)/../../../app/thirdparty/include",
					"$(WorkspaceDir)/../../../nodeapp/thirdparty/include",
				);
				INSTALL_PATH = /Applications;
				LIBRARY_SEARCH_PATHS = (
					"$(inherited)",
					"\"$(TARGET_BUILD_DIR)\"",
				);
				MACOSX_DEPLOYMENT_TARGET = 10.8;
				ONLY_ACTIVE_ARCH = YES;
				PRODUCT_NAME = "$(PROJECT_NAME)";
				SDKROOT = iphoneos;
				SUPPORTED_PLATFORMS = "iphonesimulator iphoneos";
				TARGETED_DEVICE_FAMILY = "1,2";
				USER_HEADER_SEARCH_PATHS = "$(WorkspaceDir)/../../../include $(WorkspaceDir)/../../../app/include . .. $(WorkspaceDir)/../../.. $(WorkspaceDir)/../../../app $(WorkspaceDir)/../../../app/appseed $(WorkspaceDir)/../../../app/appseed/core $(WorkspaceDir)/../../../app/appseed/base $(WorkspaceDir)/../.. $(WorkspaceDir)/../../thirdparty/include $(WorkspaceDir)/../../../app/thirdparty/include $(WorkspaceDir)/../../appseed $(WorkspaceDir)/../../../app/thirdparty/appseed";
				WorkspaceDir = "$(SRCROOT)/../../../nodeapp/seed/metaseed";
			};
			name = Debug;
		};
		9A5752CF16AAE1D3000CC4EF /* Release */ = {
			isa = XCBuildConfiguration;
			buildSettings = {
				ALWAYS_SEARCH_USER_PATHS = YES;
				CLANG_ANALYZER_DEADCODE_DEADSTORES = NO;
				CLANG_ANALYZER_MEMORY_MANAGEMENT = YES;
				CLANG_CXX_LANGUAGE_STANDARD = "c++0x";
				CLANG_CXX_LIBRARY = "libc++";
				CLANG_ENABLE_OBJC_ARC = NO;
				CLANG_WARN_BOOL_CONVERSION = YES;
				CLANG_WARN_CONSTANT_CONVERSION = YES;
				CLANG_WARN_DIRECT_OBJC_ISA_USAGE = YES_ERROR;
				CLANG_WARN_EMPTY_BODY = YES;
				CLANG_WARN_ENUM_CONVERSION = YES;
				CLANG_WARN_INT_CONVERSION = YES;
				CLANG_WARN_OBJC_ROOT_CLASS = YES_ERROR;
				CLANG_WARN__DUPLICATE_METHOD_MATCH = YES;
				COPY_PHASE_STRIP = YES;
				DEBUG_INFORMATION_FORMAT = "dwarf-with-dsym";
				GCC_C_LANGUAGE_STANDARD = c99;
				GCC_ENABLE_OBJC_EXCEPTIONS = YES;
				GCC_WARN_64_TO_32_BIT_CONVERSION = YES;
				GCC_WARN_ABOUT_RETURN_TYPE = YES_ERROR;
				GCC_WARN_UNDECLARED_SELECTOR = YES;
				GCC_WARN_UNINITIALIZED_AUTOS = YES_AGGRESSIVE;
				GCC_WARN_UNUSED_FUNCTION = YES;
				GCC_WARN_UNUSED_VARIABLE = YES;
				HEADER_SEARCH_PATHS = (
					"$(WorkspaceDir)/../../../app/thirdparty/include",
					"$(WorkspaceDir)/../../../nodeapp/thirdparty/include",
				);
				INSTALL_PATH = /Applications;
				LIBRARY_SEARCH_PATHS = (
					"$(inherited)",
					"\"$(TARGET_BUILD_DIR)\"",
				);
				MACOSX_DEPLOYMENT_TARGET = 10.8;
				PRODUCT_NAME = "$(PROJECT_NAME)";
				SDKROOT = iphoneos;
				SUPPORTED_PLATFORMS = "iphonesimulator iphoneos";
				TARGETED_DEVICE_FAMILY = "1,2";
				USER_HEADER_SEARCH_PATHS = "$(WorkspaceDir)/../../../include $(WorkspaceDir)/../../../app/include . .. $(WorkspaceDir)/../../.. $(WorkspaceDir)/../../../app $(WorkspaceDir)/../../../app/appseed $(WorkspaceDir)/../../../app/appseed/core $(WorkspaceDir)/../../../app/appseed/base $(WorkspaceDir)/../.. $(WorkspaceDir)/../../thirdparty/include $(WorkspaceDir)/../../../app/thirdparty/include $(WorkspaceDir)/../../appseed $(WorkspaceDir)/../../../app/thirdparty/appseed";
				VALIDATE_PRODUCT = YES;
				WorkspaceDir = "$(SRCROOT)/../../../nodeapp/seed/metaseed";
			};
			name = Release;
		};
		9AE24EE81904E95F001AEFFB /* Debug */ = {
			isa = XCBuildConfiguration;
			buildSettings = {
				ASSETCATALOG_COMPILER_APPICON_NAME = AppIcon;
				ASSETCATALOG_COMPILER_LAUNCHIMAGE_NAME = LaunchImage;
				"CODE_SIGN_IDENTITY[sdk=iphoneos*]" = "iPhone Developer";
				INFOPLIST_FILE = "app_ios/app_ios-Info.plist";
				SDKROOT = iphoneos;
				WRAPPER_EXTENSION = app;
			};
			name = Debug;
		};
		9AE24EE91904E95F001AEFFB /* Release */ = {
			isa = XCBuildConfiguration;
			buildSettings = {
				ASSETCATALOG_COMPILER_APPICON_NAME = AppIcon;
				ASSETCATALOG_COMPILER_LAUNCHIMAGE_NAME = LaunchImage;
				"CODE_SIGN_IDENTITY[sdk=iphoneos*]" = "iPhone Developer";
				INFOPLIST_FILE = "app_ios/app_ios-Info.plist";
				SDKROOT = iphoneos;
				WRAPPER_EXTENSION = app;
			};
			name = Release;
		};
		9AE24EEA1904E95F001AEFFB /* Debug */ = {
			isa = XCBuildConfiguration;
			buildSettings = {
				BUNDLE_LOADER = "$(BUILT_PRODUCTS_DIR)/app.app/Contents/MacOS/app";
				CLANG_CXX_LANGUAGE_STANDARD = "gnu++0x";
				CLANG_ENABLE_MODULES = YES;
				CLANG_WARN_BOOL_CONVERSION = YES;
				CLANG_WARN_CONSTANT_CONVERSION = YES;
				CLANG_WARN_DIRECT_OBJC_ISA_USAGE = YES_ERROR;
				CLANG_WARN_ENUM_CONVERSION = YES;
				CLANG_WARN_INT_CONVERSION = YES;
				CLANG_WARN_OBJC_ROOT_CLASS = YES_ERROR;
				FRAMEWORK_SEARCH_PATHS = (
					"$(SDKROOT)/Developer/Library/Frameworks",
					"$(inherited)",
					"$(DEVELOPER_FRAMEWORKS_DIR)",
				);
				GCC_C_LANGUAGE_STANDARD = gnu99;
				GCC_PRECOMPILE_PREFIX_HEADER = YES;
				GCC_PREFIX_HEADER = "app_ios/app_ios-Prefix.pch";
				GCC_PREPROCESSOR_DEFINITIONS = (
					"DEBUG=1",
					"$(inherited)",
				);
				GCC_WARN_ABOUT_RETURN_TYPE = YES_ERROR;
				GCC_WARN_UNDECLARED_SELECTOR = YES;
				GCC_WARN_UNINITIALIZED_AUTOS = YES_AGGRESSIVE;
				GCC_WARN_UNUSED_FUNCTION = YES;
				INFOPLIST_FILE = "app_iosTests/app_iosTests-Info.plist";
				IPHONEOS_DEPLOYMENT_TARGET = 7.1;
				PRODUCT_NAME = "$(TARGET_NAME)";
				SDKROOT = iphoneos;
				TEST_HOST = "$(BUNDLE_LOADER)";
				WRAPPER_EXTENSION = xctest;
			};
			name = Debug;
		};
		9AE24EEB1904E95F001AEFFB /* Release */ = {
			isa = XCBuildConfiguration;
			buildSettings = {
				BUNDLE_LOADER = "$(BUILT_PRODUCTS_DIR)/app.app/Contents/MacOS/app";
				CLANG_CXX_LANGUAGE_STANDARD = "gnu++0x";
				CLANG_ENABLE_MODULES = YES;
				CLANG_WARN_BOOL_CONVERSION = YES;
				CLANG_WARN_CONSTANT_CONVERSION = YES;
				CLANG_WARN_DIRECT_OBJC_ISA_USAGE = YES_ERROR;
				CLANG_WARN_ENUM_CONVERSION = YES;
				CLANG_WARN_INT_CONVERSION = YES;
				CLANG_WARN_OBJC_ROOT_CLASS = YES_ERROR;
				ENABLE_NS_ASSERTIONS = NO;
				FRAMEWORK_SEARCH_PATHS = (
					"$(SDKROOT)/Developer/Library/Frameworks",
					"$(inherited)",
					"$(DEVELOPER_FRAMEWORKS_DIR)",
				);
				GCC_C_LANGUAGE_STANDARD = gnu99;
				GCC_PRECOMPILE_PREFIX_HEADER = YES;
				GCC_PREFIX_HEADER = "app_ios/app_ios-Prefix.pch";
				GCC_WARN_ABOUT_RETURN_TYPE = YES_ERROR;
				GCC_WARN_UNDECLARED_SELECTOR = YES;
				GCC_WARN_UNINITIALIZED_AUTOS = YES_AGGRESSIVE;
				GCC_WARN_UNUSED_FUNCTION = YES;
				INFOPLIST_FILE = "app_iosTests/app_iosTests-Info.plist";
				IPHONEOS_DEPLOYMENT_TARGET = 7.1;
				PRODUCT_NAME = "$(TARGET_NAME)";
				SDKROOT = iphoneos;
				TEST_HOST = "$(BUNDLE_LOADER)";
				VALIDATE_PRODUCT = YES;
				WRAPPER_EXTENSION = xctest;
			};
			name = Release;
		};
/* End XCBuildConfiguration section */

/* Begin XCConfigurationList section */
		9A5752AC16AAE1D2000CC4EF /* Build configuration list for PBXProject "app" */ = {
			isa = XCConfigurationList;
			buildConfigurations = (
				9A5752CE16AAE1D3000CC4EF /* Debug */,
				9A5752CF16AAE1D3000CC4EF /* Release */,
			);
			defaultConfigurationIsVisible = 0;
			defaultConfigurationName = Release;
		};
		9AE24EEC1904E95F001AEFFB /* Build configuration list for PBXNativeTarget "app_ios" */ = {
			isa = XCConfigurationList;
			buildConfigurations = (
				9AE24EE81904E95F001AEFFB /* Debug */,
				9AE24EE91904E95F001AEFFB /* Release */,
			);
			defaultConfigurationIsVisible = 0;
			defaultConfigurationName = Release;
		};
		9AE24EED1904E95F001AEFFB /* Build configuration list for PBXNativeTarget "app_iosTests" */ = {
			isa = XCConfigurationList;
			buildConfigurations = (
				9AE24EEA1904E95F001AEFFB /* Debug */,
				9AE24EEB1904E95F001AEFFB /* Release */,
			);
			defaultConfigurationIsVisible = 0;
			defaultConfigurationName = Release;
		};
/* End XCConfigurationList section */
	};
	rootObject = 9A5752A916AAE1D2000CC4EF /* Project object */;
}
